
Microsoft Visual Studio Solution File, Format Version 12.00
# Visual Studio 2010
Project("{FAE04EC0-301F-11D3-BF4B-00C04F79EFBC}") = "NbtConfig", "NbtConfig\NbtConfig.csproj", "{DABF9D08-70E8-4D42-AF7A-577335A7129F}"
EndProject
Project("{FAE04EC0-301F-11D3-BF4B-00C04F79EFBC}") = "CswCommon", "..\..\Common\CswCommon\CswCommon.csproj", "{434091FB-F487-4787-8BDB-58C2336B73C2}"
EndProject
Project("{FAE04EC0-301F-11D3-BF4B-00C04F79EFBC}") = "CswConfigUI", "..\..\Common\CswConfigUI\CswConfigUI.csproj", "{98F36404-A146-4D04-9320-51076E4E21DC}"
EndProject
Project("{FAE04EC0-301F-11D3-BF4B-00C04F79EFBC}") = "CswFormsControls", "..\..\Common\CswFormsControls\CswFormsControls.csproj", "{02F17B0F-5A95-4A99-81F4-456B8589008A}"
EndProject
Project("{FAE04EC0-301F-11D3-BF4B-00C04F79EFBC}") = "CswWebControls", "..\..\Common\CswWebControls\CswWebControls.csproj", "{1617E93A-A9DD-46D5-A607-7A36DF91C2D1}"
EndProject
Project("{FAE04EC0-301F-11D3-BF4B-00C04F79EFBC}") = "NbtLogic", "NbtLogic\NbtLogic.csproj", "{7E8253CA-37B0-4CE1-AA9C-8C3086AFD974}"
EndProject
Project("{FAE04EC0-301F-11D3-BF4B-00C04F79EFBC}") = "NbtSchedService", "NbtSchedService\NbtSchedService.csproj", "{BEB21D68-DED7-43B7-8BAB-70F95B98F58A}"
EndProject
Project("{FAE04EC0-301F-11D3-BF4B-00C04F79EFBC}") = "NbtSchemaImporter", "NbtSchemaImporter\NbtSchemaImporter.csproj", "{3FA9370E-D49B-4BA8-940B-16981057B6E1}"
EndProject
Project("{FAE04EC0-301F-11D3-BF4B-00C04F79EFBC}") = "NbtSchemaUpdater", "NbtSchemaUpdater\NbtSchemaUpdater.csproj", "{56F308C4-CDF7-4382-BF14-05C1636677CB}"
EndProject
Project("{FAE04EC0-301F-11D3-BF4B-00C04F79EFBC}") = "NbtWebControls", "NbtWebControls\NbtWebControls.csproj", "{987AE13B-8118-48E7-9A2A-7D52AB5C1ED3}"
EndProject
Project("{FAE04EC0-301F-11D3-BF4B-00C04F79EFBC}") = "CswLogService", "..\..\Common\CswLogService\CswLogService\CswLogService.csproj", "{799B613A-C722-43C2-8D3F-61CE81384C74}"
EndProject
Project("{FAE04EC0-301F-11D3-BF4B-00C04F79EFBC}") = "NbtSchemaUpdaterCmdLn", "NbtSchemaUpdaterCmdLn\NbtSchemaUpdaterCmdLn.csproj", "{5467EB28-23EE-481B-87BB-FC8C795AFDE2}"
EndProject
Project("{FAE04EC0-301F-11D3-BF4B-00C04F79EFBC}") = "NbtWebApp", "NbtWebApp\NbtWebApp.csproj", "{DB33D180-B7CC-407B-8611-52DEB49363A8}"
EndProject
Project("{FAE04EC0-301F-11D3-BF4B-00C04F79EFBC}") = "NbtWebAppJavaScript", "NbtWebApp\NbtWebAppJavaScript.csproj", "{C8FE3288-E809-4CA1-BBA0-225D0E10DB9F}"
EndProject
Project("{FAE04EC0-301F-11D3-BF4B-00C04F79EFBC}") = "NbtWcfServices", "NbtWcfServices\NbtWcfServices.csproj", "{22B27336-428C-4A59-9909-38BE803C9161}"
EndProject
Project("{FAE04EC0-301F-11D3-BF4B-00C04F79EFBC}") = "StructureSearch", "..\..\Common\StructureSearch\StructureSearch\StructureSearch.csproj", "{E9156C9A-605E-4F21-8BB1-0970DA055FF0}"
EndProject
Project("{FAE04EC0-301F-11D3-BF4B-00C04F79EFBC}") = "NbtPrintClient", "NbtPrintClient\NbtPrintClient.csproj", "{6D195BB6-1566-46C7-A500-1C55EB9ACD99}"
EndProject
Project("{54435603-DBB4-11D2-8724-00A0C9A8B90C}") = "NbtPrintClientInstall", "NbtPrintClientInstall\NbtPrintClientInstall.vdproj", "{95BE4FDE-2AF9-44A1-993D-A1F3DF9E6A8C}"
EndProject
Global
	GlobalSection(TestCaseManagementSettings) = postSolution
		CategoryFile = Nbt.vsmdi
	EndGlobalSection
	GlobalSection(SolutionConfigurationPlatforms) = preSolution
		Debug|Any CPU = Debug|Any CPU
		Debug|Mixed Platforms = Debug|Mixed Platforms
		Debug|x64 = Debug|x64
		Debug|x86 = Debug|x86
		Release|Any CPU = Release|Any CPU
		Release|Mixed Platforms = Release|Mixed Platforms
		Release|x64 = Release|x64
		Release|x86 = Release|x86
	EndGlobalSection
	GlobalSection(ProjectConfigurationPlatforms) = postSolution
		{DABF9D08-70E8-4D42-AF7A-577335A7129F}.Debug|Any CPU.ActiveCfg = Debug|x64
		{DABF9D08-70E8-4D42-AF7A-577335A7129F}.Debug|Mixed Platforms.ActiveCfg = Debug|x64
		{DABF9D08-70E8-4D42-AF7A-577335A7129F}.Debug|Mixed Platforms.Build.0 = Debug|x64
		{DABF9D08-70E8-4D42-AF7A-577335A7129F}.Debug|x64.ActiveCfg = Debug|x64
		{DABF9D08-70E8-4D42-AF7A-577335A7129F}.Debug|x64.Build.0 = Debug|x64
		{DABF9D08-70E8-4D42-AF7A-577335A7129F}.Debug|x86.ActiveCfg = Debug|x64
		{DABF9D08-70E8-4D42-AF7A-577335A7129F}.Release|Any CPU.ActiveCfg = Release|x64
		{DABF9D08-70E8-4D42-AF7A-577335A7129F}.Release|Mixed Platforms.ActiveCfg = Release|x64
		{DABF9D08-70E8-4D42-AF7A-577335A7129F}.Release|Mixed Platforms.Build.0 = Release|x64
		{DABF9D08-70E8-4D42-AF7A-577335A7129F}.Release|x64.ActiveCfg = Release|x64
		{DABF9D08-70E8-4D42-AF7A-577335A7129F}.Release|x64.Build.0 = Release|x64
		{DABF9D08-70E8-4D42-AF7A-577335A7129F}.Release|x86.ActiveCfg = Release|x64
		{434091FB-F487-4787-8BDB-58C2336B73C2}.Debug|Any CPU.ActiveCfg = Debug|x64
		{434091FB-F487-4787-8BDB-58C2336B73C2}.Debug|Mixed Platforms.ActiveCfg = Debug|x64
		{434091FB-F487-4787-8BDB-58C2336B73C2}.Debug|Mixed Platforms.Build.0 = Debug|x64
		{434091FB-F487-4787-8BDB-58C2336B73C2}.Debug|x64.ActiveCfg = Debug|x64
		{434091FB-F487-4787-8BDB-58C2336B73C2}.Debug|x64.Build.0 = Debug|x64
		{434091FB-F487-4787-8BDB-58C2336B73C2}.Debug|x86.ActiveCfg = Debug|x64
		{434091FB-F487-4787-8BDB-58C2336B73C2}.Release|Any CPU.ActiveCfg = Release|x64
		{434091FB-F487-4787-8BDB-58C2336B73C2}.Release|Mixed Platforms.ActiveCfg = Release|x64
		{434091FB-F487-4787-8BDB-58C2336B73C2}.Release|Mixed Platforms.Build.0 = Release|x64
		{434091FB-F487-4787-8BDB-58C2336B73C2}.Release|x64.ActiveCfg = Release|x64
		{434091FB-F487-4787-8BDB-58C2336B73C2}.Release|x64.Build.0 = Release|x64
		{434091FB-F487-4787-8BDB-58C2336B73C2}.Release|x86.ActiveCfg = Release|x64
		{98F36404-A146-4D04-9320-51076E4E21DC}.Debug|Any CPU.ActiveCfg = Debug|x64
		{98F36404-A146-4D04-9320-51076E4E21DC}.Debug|Mixed Platforms.ActiveCfg = Debug|x64
		{98F36404-A146-4D04-9320-51076E4E21DC}.Debug|Mixed Platforms.Build.0 = Debug|x64
		{98F36404-A146-4D04-9320-51076E4E21DC}.Debug|x64.ActiveCfg = Debug|x64
		{98F36404-A146-4D04-9320-51076E4E21DC}.Debug|x64.Build.0 = Debug|x64
		{98F36404-A146-4D04-9320-51076E4E21DC}.Debug|x86.ActiveCfg = Debug|x64
		{98F36404-A146-4D04-9320-51076E4E21DC}.Release|Any CPU.ActiveCfg = Release|x64
		{98F36404-A146-4D04-9320-51076E4E21DC}.Release|Mixed Platforms.ActiveCfg = Release|x64
		{98F36404-A146-4D04-9320-51076E4E21DC}.Release|Mixed Platforms.Build.0 = Release|x64
		{98F36404-A146-4D04-9320-51076E4E21DC}.Release|x64.ActiveCfg = Release|x64
		{98F36404-A146-4D04-9320-51076E4E21DC}.Release|x64.Build.0 = Release|x64
		{98F36404-A146-4D04-9320-51076E4E21DC}.Release|x86.ActiveCfg = Release|x64
		{02F17B0F-5A95-4A99-81F4-456B8589008A}.Debug|Any CPU.ActiveCfg = Debug|x64
		{02F17B0F-5A95-4A99-81F4-456B8589008A}.Debug|Mixed Platforms.ActiveCfg = Debug|x64
		{02F17B0F-5A95-4A99-81F4-456B8589008A}.Debug|Mixed Platforms.Build.0 = Debug|x64
		{02F17B0F-5A95-4A99-81F4-456B8589008A}.Debug|x64.ActiveCfg = Debug|x64
		{02F17B0F-5A95-4A99-81F4-456B8589008A}.Debug|x64.Build.0 = Debug|x64
		{02F17B0F-5A95-4A99-81F4-456B8589008A}.Debug|x86.ActiveCfg = Debug|x64
		{02F17B0F-5A95-4A99-81F4-456B8589008A}.Release|Any CPU.ActiveCfg = Release|x64
		{02F17B0F-5A95-4A99-81F4-456B8589008A}.Release|Mixed Platforms.ActiveCfg = Release|x64
		{02F17B0F-5A95-4A99-81F4-456B8589008A}.Release|Mixed Platforms.Build.0 = Release|x64
		{02F17B0F-5A95-4A99-81F4-456B8589008A}.Release|x64.ActiveCfg = Release|x64
		{02F17B0F-5A95-4A99-81F4-456B8589008A}.Release|x64.Build.0 = Release|x64
		{02F17B0F-5A95-4A99-81F4-456B8589008A}.Release|x86.ActiveCfg = Release|x64
		{1617E93A-A9DD-46D5-A607-7A36DF91C2D1}.Debug|Any CPU.ActiveCfg = Debug|x64
		{1617E93A-A9DD-46D5-A607-7A36DF91C2D1}.Debug|Mixed Platforms.ActiveCfg = Debug|x64
		{1617E93A-A9DD-46D5-A607-7A36DF91C2D1}.Debug|Mixed Platforms.Build.0 = Debug|x64
		{1617E93A-A9DD-46D5-A607-7A36DF91C2D1}.Debug|x64.ActiveCfg = Debug|x64
		{1617E93A-A9DD-46D5-A607-7A36DF91C2D1}.Debug|x64.Build.0 = Debug|x64
		{1617E93A-A9DD-46D5-A607-7A36DF91C2D1}.Debug|x86.ActiveCfg = Debug|x64
		{1617E93A-A9DD-46D5-A607-7A36DF91C2D1}.Release|Any CPU.ActiveCfg = Release|x64
		{1617E93A-A9DD-46D5-A607-7A36DF91C2D1}.Release|Mixed Platforms.ActiveCfg = Release|x64
		{1617E93A-A9DD-46D5-A607-7A36DF91C2D1}.Release|Mixed Platforms.Build.0 = Release|x64
		{1617E93A-A9DD-46D5-A607-7A36DF91C2D1}.Release|x64.ActiveCfg = Release|x64
		{1617E93A-A9DD-46D5-A607-7A36DF91C2D1}.Release|x64.Build.0 = Release|x64
		{1617E93A-A9DD-46D5-A607-7A36DF91C2D1}.Release|x86.ActiveCfg = Release|x64
		{7E8253CA-37B0-4CE1-AA9C-8C3086AFD974}.Debug|Any CPU.ActiveCfg = Debug|x64
		{7E8253CA-37B0-4CE1-AA9C-8C3086AFD974}.Debug|Mixed Platforms.ActiveCfg = Debug|x64
		{7E8253CA-37B0-4CE1-AA9C-8C3086AFD974}.Debug|Mixed Platforms.Build.0 = Debug|x64
		{7E8253CA-37B0-4CE1-AA9C-8C3086AFD974}.Debug|x64.ActiveCfg = Debug|x64
		{7E8253CA-37B0-4CE1-AA9C-8C3086AFD974}.Debug|x64.Build.0 = Debug|x64
		{7E8253CA-37B0-4CE1-AA9C-8C3086AFD974}.Debug|x86.ActiveCfg = Debug|x64
		{7E8253CA-37B0-4CE1-AA9C-8C3086AFD974}.Release|Any CPU.ActiveCfg = Release|x64
		{7E8253CA-37B0-4CE1-AA9C-8C3086AFD974}.Release|Mixed Platforms.ActiveCfg = Release|x64
		{7E8253CA-37B0-4CE1-AA9C-8C3086AFD974}.Release|Mixed Platforms.Build.0 = Release|x64
		{7E8253CA-37B0-4CE1-AA9C-8C3086AFD974}.Release|x64.ActiveCfg = Release|x64
		{7E8253CA-37B0-4CE1-AA9C-8C3086AFD974}.Release|x64.Build.0 = Release|x64
		{7E8253CA-37B0-4CE1-AA9C-8C3086AFD974}.Release|x86.ActiveCfg = Release|x64
		{BEB21D68-DED7-43B7-8BAB-70F95B98F58A}.Debug|Any CPU.ActiveCfg = Debug|x64
		{BEB21D68-DED7-43B7-8BAB-70F95B98F58A}.Debug|Mixed Platforms.ActiveCfg = Debug|x64
		{BEB21D68-DED7-43B7-8BAB-70F95B98F58A}.Debug|Mixed Platforms.Build.0 = Debug|x64
		{BEB21D68-DED7-43B7-8BAB-70F95B98F58A}.Debug|x64.ActiveCfg = Debug|x64
		{BEB21D68-DED7-43B7-8BAB-70F95B98F58A}.Debug|x64.Build.0 = Debug|x64
		{BEB21D68-DED7-43B7-8BAB-70F95B98F58A}.Debug|x86.ActiveCfg = Debug|x64
		{BEB21D68-DED7-43B7-8BAB-70F95B98F58A}.Release|Any CPU.ActiveCfg = Release|x64
		{BEB21D68-DED7-43B7-8BAB-70F95B98F58A}.Release|Mixed Platforms.ActiveCfg = Release|x64
		{BEB21D68-DED7-43B7-8BAB-70F95B98F58A}.Release|Mixed Platforms.Build.0 = Release|x64
		{BEB21D68-DED7-43B7-8BAB-70F95B98F58A}.Release|x64.ActiveCfg = Release|x64
		{BEB21D68-DED7-43B7-8BAB-70F95B98F58A}.Release|x64.Build.0 = Release|x64
		{BEB21D68-DED7-43B7-8BAB-70F95B98F58A}.Release|x86.ActiveCfg = Release|x64
		{3FA9370E-D49B-4BA8-940B-16981057B6E1}.Debug|Any CPU.ActiveCfg = Debug|x64
		{3FA9370E-D49B-4BA8-940B-16981057B6E1}.Debug|Mixed Platforms.ActiveCfg = Debug|x64
		{3FA9370E-D49B-4BA8-940B-16981057B6E1}.Debug|Mixed Platforms.Build.0 = Debug|x64
		{3FA9370E-D49B-4BA8-940B-16981057B6E1}.Debug|x64.ActiveCfg = Debug|x64
		{3FA9370E-D49B-4BA8-940B-16981057B6E1}.Debug|x64.Build.0 = Debug|x64
		{3FA9370E-D49B-4BA8-940B-16981057B6E1}.Debug|x86.ActiveCfg = Debug|x64
		{3FA9370E-D49B-4BA8-940B-16981057B6E1}.Release|Any CPU.ActiveCfg = Release|x64
		{3FA9370E-D49B-4BA8-940B-16981057B6E1}.Release|Mixed Platforms.ActiveCfg = Release|x64
		{3FA9370E-D49B-4BA8-940B-16981057B6E1}.Release|Mixed Platforms.Build.0 = Release|x64
		{3FA9370E-D49B-4BA8-940B-16981057B6E1}.Release|x64.ActiveCfg = Release|x64
		{3FA9370E-D49B-4BA8-940B-16981057B6E1}.Release|x64.Build.0 = Release|x64
		{3FA9370E-D49B-4BA8-940B-16981057B6E1}.Release|x86.ActiveCfg = Release|x64
		{56F308C4-CDF7-4382-BF14-05C1636677CB}.Debug|Any CPU.ActiveCfg = Debug|x64
		{56F308C4-CDF7-4382-BF14-05C1636677CB}.Debug|Mixed Platforms.ActiveCfg = Debug|x64
		{56F308C4-CDF7-4382-BF14-05C1636677CB}.Debug|Mixed Platforms.Build.0 = Debug|x64
		{56F308C4-CDF7-4382-BF14-05C1636677CB}.Debug|x64.ActiveCfg = Debug|x64
		{56F308C4-CDF7-4382-BF14-05C1636677CB}.Debug|x64.Build.0 = Debug|x64
		{56F308C4-CDF7-4382-BF14-05C1636677CB}.Debug|x86.ActiveCfg = Debug|x64
		{56F308C4-CDF7-4382-BF14-05C1636677CB}.Release|Any CPU.ActiveCfg = Release|x64
		{56F308C4-CDF7-4382-BF14-05C1636677CB}.Release|Mixed Platforms.ActiveCfg = Release|x64
		{56F308C4-CDF7-4382-BF14-05C1636677CB}.Release|Mixed Platforms.Build.0 = Release|x64
		{56F308C4-CDF7-4382-BF14-05C1636677CB}.Release|x64.ActiveCfg = Release|x64
		{56F308C4-CDF7-4382-BF14-05C1636677CB}.Release|x64.Build.0 = Release|x64
		{56F308C4-CDF7-4382-BF14-05C1636677CB}.Release|x86.ActiveCfg = Release|x64
		{987AE13B-8118-48E7-9A2A-7D52AB5C1ED3}.Debug|Any CPU.ActiveCfg = Debug|x64
		{987AE13B-8118-48E7-9A2A-7D52AB5C1ED3}.Debug|Mixed Platforms.ActiveCfg = Debug|x64
		{987AE13B-8118-48E7-9A2A-7D52AB5C1ED3}.Debug|Mixed Platforms.Build.0 = Debug|x64
		{987AE13B-8118-48E7-9A2A-7D52AB5C1ED3}.Debug|x64.ActiveCfg = Debug|x64
		{987AE13B-8118-48E7-9A2A-7D52AB5C1ED3}.Debug|x64.Build.0 = Debug|x64
		{987AE13B-8118-48E7-9A2A-7D52AB5C1ED3}.Debug|x86.ActiveCfg = Debug|x64
		{987AE13B-8118-48E7-9A2A-7D52AB5C1ED3}.Release|Any CPU.ActiveCfg = Release|x64
		{987AE13B-8118-48E7-9A2A-7D52AB5C1ED3}.Release|Mixed Platforms.ActiveCfg = Release|x64
		{987AE13B-8118-48E7-9A2A-7D52AB5C1ED3}.Release|Mixed Platforms.Build.0 = Release|x64
		{987AE13B-8118-48E7-9A2A-7D52AB5C1ED3}.Release|x64.ActiveCfg = Release|x64
		{987AE13B-8118-48E7-9A2A-7D52AB5C1ED3}.Release|x64.Build.0 = Release|x64
		{987AE13B-8118-48E7-9A2A-7D52AB5C1ED3}.Release|x86.ActiveCfg = Release|x64
		{799B613A-C722-43C2-8D3F-61CE81384C74}.Debug|Any CPU.ActiveCfg = Debug|x64
		{799B613A-C722-43C2-8D3F-61CE81384C74}.Debug|Mixed Platforms.ActiveCfg = Debug|x64
		{799B613A-C722-43C2-8D3F-61CE81384C74}.Debug|Mixed Platforms.Build.0 = Debug|x64
		{799B613A-C722-43C2-8D3F-61CE81384C74}.Debug|x64.ActiveCfg = Debug|x64
		{799B613A-C722-43C2-8D3F-61CE81384C74}.Debug|x64.Build.0 = Debug|x64
		{799B613A-C722-43C2-8D3F-61CE81384C74}.Debug|x86.ActiveCfg = Debug|x64
		{799B613A-C722-43C2-8D3F-61CE81384C74}.Release|Any CPU.ActiveCfg = Release|x64
		{799B613A-C722-43C2-8D3F-61CE81384C74}.Release|Mixed Platforms.ActiveCfg = Release|x64
		{799B613A-C722-43C2-8D3F-61CE81384C74}.Release|Mixed Platforms.Build.0 = Release|x64
		{799B613A-C722-43C2-8D3F-61CE81384C74}.Release|x64.ActiveCfg = Release|x64
		{799B613A-C722-43C2-8D3F-61CE81384C74}.Release|x64.Build.0 = Release|x64
		{799B613A-C722-43C2-8D3F-61CE81384C74}.Release|x86.ActiveCfg = Release|x64
		{5467EB28-23EE-481B-87BB-FC8C795AFDE2}.Debug|Any CPU.ActiveCfg = Debug|x64
		{5467EB28-23EE-481B-87BB-FC8C795AFDE2}.Debug|Mixed Platforms.ActiveCfg = Debug|x64
		{5467EB28-23EE-481B-87BB-FC8C795AFDE2}.Debug|Mixed Platforms.Build.0 = Debug|x64
		{5467EB28-23EE-481B-87BB-FC8C795AFDE2}.Debug|x64.ActiveCfg = Debug|x64
		{5467EB28-23EE-481B-87BB-FC8C795AFDE2}.Debug|x64.Build.0 = Debug|x64
		{5467EB28-23EE-481B-87BB-FC8C795AFDE2}.Debug|x86.ActiveCfg = Debug|x64
		{5467EB28-23EE-481B-87BB-FC8C795AFDE2}.Release|Any CPU.ActiveCfg = Release|x64
		{5467EB28-23EE-481B-87BB-FC8C795AFDE2}.Release|Mixed Platforms.ActiveCfg = Release|x64
		{5467EB28-23EE-481B-87BB-FC8C795AFDE2}.Release|Mixed Platforms.Build.0 = Release|x64
		{5467EB28-23EE-481B-87BB-FC8C795AFDE2}.Release|x64.ActiveCfg = Release|x64
		{5467EB28-23EE-481B-87BB-FC8C795AFDE2}.Release|x64.Build.0 = Release|x64
		{5467EB28-23EE-481B-87BB-FC8C795AFDE2}.Release|x86.ActiveCfg = Release|x64
		{DB33D180-B7CC-407B-8611-52DEB49363A8}.Debug|Any CPU.ActiveCfg = Debug|x64
		{DB33D180-B7CC-407B-8611-52DEB49363A8}.Debug|Mixed Platforms.ActiveCfg = Debug|x64
		{DB33D180-B7CC-407B-8611-52DEB49363A8}.Debug|Mixed Platforms.Build.0 = Debug|x64
		{DB33D180-B7CC-407B-8611-52DEB49363A8}.Debug|x64.ActiveCfg = Debug|x64
		{DB33D180-B7CC-407B-8611-52DEB49363A8}.Debug|x64.Build.0 = Debug|x64
		{DB33D180-B7CC-407B-8611-52DEB49363A8}.Debug|x86.ActiveCfg = Debug|x64
		{DB33D180-B7CC-407B-8611-52DEB49363A8}.Release|Any CPU.ActiveCfg = Release|x64
		{DB33D180-B7CC-407B-8611-52DEB49363A8}.Release|Mixed Platforms.ActiveCfg = Release|x64
		{DB33D180-B7CC-407B-8611-52DEB49363A8}.Release|Mixed Platforms.Build.0 = Release|x64
		{DB33D180-B7CC-407B-8611-52DEB49363A8}.Release|x64.ActiveCfg = Release|x64
		{DB33D180-B7CC-407B-8611-52DEB49363A8}.Release|x64.Build.0 = Release|x64
		{DB33D180-B7CC-407B-8611-52DEB49363A8}.Release|x86.ActiveCfg = Release|x64
		{C8FE3288-E809-4CA1-BBA0-225D0E10DB9F}.Debug|Any CPU.ActiveCfg = Debug|x64
		{C8FE3288-E809-4CA1-BBA0-225D0E10DB9F}.Debug|Mixed Platforms.ActiveCfg = Debug|x64
		{C8FE3288-E809-4CA1-BBA0-225D0E10DB9F}.Debug|Mixed Platforms.Build.0 = Debug|x64
		{C8FE3288-E809-4CA1-BBA0-225D0E10DB9F}.Debug|x64.ActiveCfg = Debug|x64
		{C8FE3288-E809-4CA1-BBA0-225D0E10DB9F}.Debug|x64.Build.0 = Debug|x64
		{C8FE3288-E809-4CA1-BBA0-225D0E10DB9F}.Debug|x86.ActiveCfg = Debug|x64
		{C8FE3288-E809-4CA1-BBA0-225D0E10DB9F}.Release|Any CPU.ActiveCfg = Release|x64
		{C8FE3288-E809-4CA1-BBA0-225D0E10DB9F}.Release|Mixed Platforms.ActiveCfg = Release|x64
		{C8FE3288-E809-4CA1-BBA0-225D0E10DB9F}.Release|Mixed Platforms.Build.0 = Release|x64
		{C8FE3288-E809-4CA1-BBA0-225D0E10DB9F}.Release|x64.ActiveCfg = Release|x64
		{C8FE3288-E809-4CA1-BBA0-225D0E10DB9F}.Release|x64.Build.0 = Release|x64
		{C8FE3288-E809-4CA1-BBA0-225D0E10DB9F}.Release|x86.ActiveCfg = Release|x64
		{22B27336-428C-4A59-9909-38BE803C9161}.Debug|Any CPU.ActiveCfg = Debug|x64
		{22B27336-428C-4A59-9909-38BE803C9161}.Debug|Mixed Platforms.ActiveCfg = Debug|x64
		{22B27336-428C-4A59-9909-38BE803C9161}.Debug|Mixed Platforms.Build.0 = Debug|x64
		{22B27336-428C-4A59-9909-38BE803C9161}.Debug|x64.ActiveCfg = Debug|x64
		{22B27336-428C-4A59-9909-38BE803C9161}.Debug|x64.Build.0 = Debug|x64
		{22B27336-428C-4A59-9909-38BE803C9161}.Debug|x86.ActiveCfg = Debug|x64
		{22B27336-428C-4A59-9909-38BE803C9161}.Release|Any CPU.ActiveCfg = Release|x64
		{22B27336-428C-4A59-9909-38BE803C9161}.Release|Mixed Platforms.ActiveCfg = Release|x64
		{22B27336-428C-4A59-9909-38BE803C9161}.Release|Mixed Platforms.Build.0 = Release|x64
		{22B27336-428C-4A59-9909-38BE803C9161}.Release|x64.ActiveCfg = Release|x64
		{22B27336-428C-4A59-9909-38BE803C9161}.Release|x64.Build.0 = Release|x64
		{22B27336-428C-4A59-9909-38BE803C9161}.Release|x86.ActiveCfg = Release|x64
		{E9156C9A-605E-4F21-8BB1-0970DA055FF0}.Debug|Any CPU.ActiveCfg = Debug|Any CPU
		{E9156C9A-605E-4F21-8BB1-0970DA055FF0}.Debug|Any CPU.Build.0 = Debug|Any CPU
		{E9156C9A-605E-4F21-8BB1-0970DA055FF0}.Debug|Mixed Platforms.ActiveCfg = Debug|Any CPU
		{E9156C9A-605E-4F21-8BB1-0970DA055FF0}.Debug|Mixed Platforms.Build.0 = Debug|Any CPU
		{E9156C9A-605E-4F21-8BB1-0970DA055FF0}.Debug|x64.ActiveCfg = Debug|Any CPU
		{E9156C9A-605E-4F21-8BB1-0970DA055FF0}.Debug|x86.ActiveCfg = Debug|x64
		{E9156C9A-605E-4F21-8BB1-0970DA055FF0}.Release|Any CPU.ActiveCfg = Release|Any CPU
		{E9156C9A-605E-4F21-8BB1-0970DA055FF0}.Release|Any CPU.Build.0 = Release|Any CPU
		{E9156C9A-605E-4F21-8BB1-0970DA055FF0}.Release|Mixed Platforms.ActiveCfg = Release|Any CPU
		{E9156C9A-605E-4F21-8BB1-0970DA055FF0}.Release|Mixed Platforms.Build.0 = Release|Any CPU
		{E9156C9A-605E-4F21-8BB1-0970DA055FF0}.Release|x64.ActiveCfg = Release|x64
		{E9156C9A-605E-4F21-8BB1-0970DA055FF0}.Release|x64.Build.0 = Release|x64
		{E9156C9A-605E-4F21-8BB1-0970DA055FF0}.Release|x86.ActiveCfg = Release|x64
		{6D195BB6-1566-46C7-A500-1C55EB9ACD99}.Debug|Any CPU.ActiveCfg = Debug|Any CPU
		{6D195BB6-1566-46C7-A500-1C55EB9ACD99}.Debug|Any CPU.Build.0 = Debug|Any CPU
		{6D195BB6-1566-46C7-A500-1C55EB9ACD99}.Debug|Mixed Platforms.ActiveCfg = Debug|Any CPU
		{6D195BB6-1566-46C7-A500-1C55EB9ACD99}.Debug|Mixed Platforms.Build.0 = Debug|Any CPU
		{6D195BB6-1566-46C7-A500-1C55EB9ACD99}.Debug|x64.ActiveCfg = Debug|Any CPU
		{6D195BB6-1566-46C7-A500-1C55EB9ACD99}.Debug|x64.Build.0 = Debug|Any CPU
		{6D195BB6-1566-46C7-A500-1C55EB9ACD99}.Debug|x86.ActiveCfg = Debug|x86
		{6D195BB6-1566-46C7-A500-1C55EB9ACD99}.Debug|x86.Build.0 = Debug|x86
		{6D195BB6-1566-46C7-A500-1C55EB9ACD99}.Release|Any CPU.ActiveCfg = Release|Any CPU
		{6D195BB6-1566-46C7-A500-1C55EB9ACD99}.Release|Any CPU.Build.0 = Release|Any CPU
		{6D195BB6-1566-46C7-A500-1C55EB9ACD99}.Release|Mixed Platforms.ActiveCfg = Release|Any CPU
		{6D195BB6-1566-46C7-A500-1C55EB9ACD99}.Release|Mixed Platforms.Build.0 = Release|Any CPU
		{6D195BB6-1566-46C7-A500-1C55EB9ACD99}.Release|x64.ActiveCfg = Release|Any CPU
		{6D195BB6-1566-46C7-A500-1C55EB9ACD99}.Release|x64.Build.0 = Release|Any CPU
		{6D195BB6-1566-46C7-A500-1C55EB9ACD99}.Release|x86.ActiveCfg = Release|x86
		{6D195BB6-1566-46C7-A500-1C55EB9ACD99}.Release|x86.Build.0 = Release|x86
		{95BE4FDE-2AF9-44A1-993D-A1F3DF9E6A8C}.Debug|Any CPU.ActiveCfg = Debug
		{95BE4FDE-2AF9-44A1-993D-A1F3DF9E6A8C}.Debug|Any CPU.Build.0 = Debug
		{95BE4FDE-2AF9-44A1-993D-A1F3DF9E6A8C}.Debug|Mixed Platforms.ActiveCfg = Debug
		{95BE4FDE-2AF9-44A1-993D-A1F3DF9E6A8C}.Debug|x64.ActiveCfg = Debug
		{95BE4FDE-2AF9-44A1-993D-A1F3DF9E6A8C}.Debug|x64.Build.0 = Debug
		{95BE4FDE-2AF9-44A1-993D-A1F3DF9E6A8C}.Debug|x86.ActiveCfg = Debug
		{95BE4FDE-2AF9-44A1-993D-A1F3DF9E6A8C}.Debug|x86.Build.0 = Debug
		{95BE4FDE-2AF9-44A1-993D-A1F3DF9E6A8C}.Release|Any CPU.ActiveCfg = Release
		{95BE4FDE-2AF9-44A1-993D-A1F3DF9E6A8C}.Release|Any CPU.Build.0 = Release
		{95BE4FDE-2AF9-44A1-993D-A1F3DF9E6A8C}.Release|Mixed Platforms.ActiveCfg = Release
		{95BE4FDE-2AF9-44A1-993D-A1F3DF9E6A8C}.Release|x64.ActiveCfg = Release
		{95BE4FDE-2AF9-44A1-993D-A1F3DF9E6A8C}.Release|x64.Build.0 = Release
		{95BE4FDE-2AF9-44A1-993D-A1F3DF9E6A8C}.Release|x86.ActiveCfg = Release
		{95BE4FDE-2AF9-44A1-993D-A1F3DF9E6A8C}.Release|x86.Build.0 = Release
	EndGlobalSection
	GlobalSection(SolutionProperties) = preSolution
		HideSolutionNode = FALSE
	EndGlobalSection
EndGlobal
