
Microsoft Visual Studio Solution File, Format Version 12.00
# Visual Studio 2012
Project("{FAE04EC0-301F-11D3-BF4B-00C04F79EFBC}") = "CswCommon", "..\..\Common\CswCommon\CswCommon.csproj", "{434091FB-F487-4787-8BDB-58C2336B73C2}"
EndProject
Project("{FAE04EC0-301F-11D3-BF4B-00C04F79EFBC}") = "CswConfigUI", "..\..\Common\CswConfigUI\CswConfigUI.csproj", "{98F36404-A146-4D04-9320-51076E4E21DC}"
EndProject
Project("{FAE04EC0-301F-11D3-BF4B-00C04F79EFBC}") = "CswFormsControls", "..\..\Common\CswFormsControls\CswFormsControls.csproj", "{02F17B0F-5A95-4A99-81F4-456B8589008A}"
EndProject
Project("{FAE04EC0-301F-11D3-BF4B-00C04F79EFBC}") = "CswWebControls", "..\..\Common\CswWebControls\CswWebControls.csproj", "{1617E93A-A9DD-46D5-A607-7A36DF91C2D1}"
EndProject
Project("{FAE04EC0-301F-11D3-BF4B-00C04F79EFBC}") = "NbtLogic", "NbtLogic\NbtLogic.csproj", "{7E8253CA-37B0-4CE1-AA9C-8C3086AFD974}"
EndProject
Project("{FAE04EC0-301F-11D3-BF4B-00C04F79EFBC}") = "NbtSchedService", "NbtSchedService\NbtSchedService.csproj", "{BEB21D68-DED7-43B7-8BAB-70F95B98F58A}"
EndProject
Project("{FAE04EC0-301F-11D3-BF4B-00C04F79EFBC}") = "NbtSchemaImporter", "NbtSchemaImporter\NbtSchemaImporter.csproj", "{3FA9370E-D49B-4BA8-940B-16981057B6E1}"
EndProject
Project("{FAE04EC0-301F-11D3-BF4B-00C04F79EFBC}") = "NbtSchemaUpdater", "NbtSchemaUpdater\NbtSchemaUpdater.csproj", "{56F308C4-CDF7-4382-BF14-05C1636677CB}"
EndProject
Project("{FAE04EC0-301F-11D3-BF4B-00C04F79EFBC}") = "NbtWebControls", "NbtWebControls\NbtWebControls.csproj", "{987AE13B-8118-48E7-9A2A-7D52AB5C1ED3}"
EndProject
Project("{FAE04EC0-301F-11D3-BF4B-00C04F79EFBC}") = "NbtSchemaDiff", "TestApps\NbtSchemaDiff\NbtSchemaDiff.csproj", "{FBB13792-B2DF-46A8-AE14-9C17F72F89C0}"
	ProjectSection(ProjectDependencies) = postProject
		{02F17B0F-5A95-4A99-81F4-456B8589008A} = {02F17B0F-5A95-4A99-81F4-456B8589008A}
	EndProjectSection
EndProject
Project("{FAE04EC0-301F-11D3-BF4B-00C04F79EFBC}") = "CswLogService", "..\..\Common\CswLogService\CswLogService\CswLogService.csproj", "{799B613A-C722-43C2-8D3F-61CE81384C74}"
EndProject
Project("{FAE04EC0-301F-11D3-BF4B-00C04F79EFBC}") = "SchedulerGuiTestMt", "TestApps\SchedulerGuiTestMt\SchedulerGuiTestMt.csproj", "{4AD32EDB-E47A-4CA8-910A-85C5994530B3}"
EndProject
Project("{FAE04EC0-301F-11D3-BF4B-00C04F79EFBC}") = "NbtSchemaUpdaterCmdLn", "NbtSchemaUpdaterCmdLn\NbtSchemaUpdaterCmdLn.csproj", "{5467EB28-23EE-481B-87BB-FC8C795AFDE2}"
EndProject
Project("{FAE04EC0-301F-11D3-BF4B-00C04F79EFBC}") = "LogTester", "TestApps\LogTester\LogTester.csproj", "{C02FA49B-3DD6-492D-BA16-620C86E5CEC0}"
EndProject
Project("{FAE04EC0-301F-11D3-BF4B-00C04F79EFBC}") = "NbtWebApp", "NbtWebApp\NbtWebApp.csproj", "{DB33D180-B7CC-407B-8611-52DEB49363A8}"
EndProject
Project("{FAE04EC0-301F-11D3-BF4B-00C04F79EFBC}") = "NbtWebAppJavaScript", "NbtWebApp\NbtWebAppJavaScript.csproj", "{C8FE3288-E809-4CA1-BBA0-225D0E10DB9F}"
EndProject
Project("{FAE04EC0-301F-11D3-BF4B-00C04F79EFBC}") = "NbtWcfServices", "NbtWcfServices\NbtWcfServices.csproj", "{22B27336-428C-4A59-9909-38BE803C9161}"
EndProject
Project("{2150E333-8FDC-42A3-9474-1A3956D46DE8}") = "Tests", "Tests", "{B0BE6B91-45A3-4EF1-BE1F-1B8D2BA04EC0}"
EndProject
Project("{2150E333-8FDC-42A3-9474-1A3956D46DE8}") = "Solution Items", "Solution Items", "{ADC03106-C782-42E3-A00D-F3715C173FD5}"
	ProjectSection(SolutionItems) = preProject
		Local.testsettings = Local.testsettings
		Nbt.vsmdi = Nbt.vsmdi
		TraceAndTestImpact.testsettings = TraceAndTestImpact.testsettings
	EndProjectSection
EndProject
Project("{FAE04EC0-301F-11D3-BF4B-00C04F79EFBC}") = "NbtConfig", "NbtConfig\NbtConfig.csproj", "{DABF9D08-70E8-4D42-AF7A-577335A7129F}"
EndProject
Project("{FAE04EC0-301F-11D3-BF4B-00C04F79EFBC}") = "NbtLogic.Test", "TestApps\NbtLogic.Test\NbtLogic.Test.csproj", "{A082F357-1745-4578-AF1F-517BC6EF4007}"
EndProject
Project("{FAE04EC0-301F-11D3-BF4B-00C04F79EFBC}") = "CswCommon.Test", "TestApps\CswCommon.Test\CswCommon.Test.csproj", "{B9AA98D2-572B-4C3B-98D2-A0D0A524E961}"
EndProject
Project("{FAE04EC0-301F-11D3-BF4B-00C04F79EFBC}") = "LogServiceGuiTest", "..\..\Common\CswLogService\TestApps\LogServiceGuiTest\LogServiceGuiTest.csproj", "{73F2E35A-7D81-4909-A3A8-5AB3AB8D718A}"
EndProject
Project("{FAE04EC0-301F-11D3-BF4B-00C04F79EFBC}") = "StructureSearch", "..\..\Common\StructureSearch\StructureSearch\StructureSearch.csproj", "{E9156C9A-605E-4F21-8BB1-0970DA055FF0}"
EndProject
Project("{FAE04EC0-301F-11D3-BF4B-00C04F79EFBC}") = "API.Test", "API.Test\API.Test.csproj", "{A05B9ACC-2992-4F9D-9E99-5734E96610F5}"
EndProject
Project("{FAE04EC0-301F-11D3-BF4B-00C04F79EFBC}") = "NbtWebAppJavaScript.Test", "TestApps\NbtWebAppJavaScript.Test\NbtWebAppJavaScript.Test.csproj", "{1DE23F57-1CA1-4EFE-B1BB-842AB94434BD}"
EndProject
Project("{FAE04EC0-301F-11D3-BF4B-00C04F79EFBC}") = "Nbt2DImporterTester", "TestApps\Nbt2DImporterTester\Nbt2DImporterTester.csproj", "{D5A7BC9A-6165-43D4-A73B-AC5B9228A1D3}"
EndProject
Project("{2150E333-8FDC-42A3-9474-1A3956D46DE8}") = ".nuget", ".nuget", "{85C18CE9-1D0F-481F-9167-8749D852C9AC}"
	ProjectSection(SolutionItems) = preProject
		.nuget\packages.config = .nuget\packages.config
	EndProjectSection
EndProject
Global
	GlobalSection(TestCaseManagementSettings) = postSolution
		CategoryFile = Nbt.vsmdi
	EndGlobalSection
	GlobalSection(SolutionConfigurationPlatforms) = preSolution
		Debug|Any CPU = Debug|Any CPU
		Debug|Mixed Platforms = Debug|Mixed Platforms
		Debug|x64 = Debug|x64
		Debug|x86 = Debug|x86
		Release|Any CPU = Release|Any CPU
		Release|Mixed Platforms = Release|Mixed Platforms
		Release|x64 = Release|x64
		Release|x86 = Release|x86
		Test|Any CPU = Test|Any CPU
		Test|Mixed Platforms = Test|Mixed Platforms
		Test|x64 = Test|x64
		Test|x86 = Test|x86
	EndGlobalSection
	GlobalSection(ProjectConfigurationPlatforms) = postSolution
		{434091FB-F487-4787-8BDB-58C2336B73C2}.Debug|Any CPU.ActiveCfg = Debug|Any CPU
		{434091FB-F487-4787-8BDB-58C2336B73C2}.Debug|Any CPU.Build.0 = Debug|Any CPU
		{434091FB-F487-4787-8BDB-58C2336B73C2}.Debug|Mixed Platforms.ActiveCfg = Debug|x64
		{434091FB-F487-4787-8BDB-58C2336B73C2}.Debug|Mixed Platforms.Build.0 = Debug|x64
		{434091FB-F487-4787-8BDB-58C2336B73C2}.Debug|x64.ActiveCfg = Debug|x64
		{434091FB-F487-4787-8BDB-58C2336B73C2}.Debug|x64.Build.0 = Debug|x64
		{434091FB-F487-4787-8BDB-58C2336B73C2}.Debug|x86.ActiveCfg = Debug|x64
		{434091FB-F487-4787-8BDB-58C2336B73C2}.Release|Any CPU.ActiveCfg = Release|Any CPU
		{434091FB-F487-4787-8BDB-58C2336B73C2}.Release|Any CPU.Build.0 = Release|Any CPU
		{434091FB-F487-4787-8BDB-58C2336B73C2}.Release|Mixed Platforms.ActiveCfg = Release|Any CPU
		{434091FB-F487-4787-8BDB-58C2336B73C2}.Release|Mixed Platforms.Build.0 = Release|Any CPU
		{434091FB-F487-4787-8BDB-58C2336B73C2}.Release|x64.ActiveCfg = Release|x64
		{434091FB-F487-4787-8BDB-58C2336B73C2}.Release|x64.Build.0 = Release|x64
		{434091FB-F487-4787-8BDB-58C2336B73C2}.Release|x86.ActiveCfg = Release|x64
		{434091FB-F487-4787-8BDB-58C2336B73C2}.Test|Any CPU.ActiveCfg = Test|Any CPU
		{434091FB-F487-4787-8BDB-58C2336B73C2}.Test|Any CPU.Build.0 = Test|Any CPU
		{434091FB-F487-4787-8BDB-58C2336B73C2}.Test|Mixed Platforms.ActiveCfg = Test|Any CPU
		{434091FB-F487-4787-8BDB-58C2336B73C2}.Test|Mixed Platforms.Build.0 = Test|Any CPU
		{434091FB-F487-4787-8BDB-58C2336B73C2}.Test|x64.ActiveCfg = Test|x64
		{434091FB-F487-4787-8BDB-58C2336B73C2}.Test|x64.Build.0 = Test|x64
		{434091FB-F487-4787-8BDB-58C2336B73C2}.Test|x86.ActiveCfg = Test|x64
		{98F36404-A146-4D04-9320-51076E4E21DC}.Debug|Any CPU.ActiveCfg = Debug|Any CPU
		{98F36404-A146-4D04-9320-51076E4E21DC}.Debug|Any CPU.Build.0 = Debug|Any CPU
		{98F36404-A146-4D04-9320-51076E4E21DC}.Debug|Mixed Platforms.ActiveCfg = Debug|x64
		{98F36404-A146-4D04-9320-51076E4E21DC}.Debug|Mixed Platforms.Build.0 = Debug|x64
		{98F36404-A146-4D04-9320-51076E4E21DC}.Debug|x64.ActiveCfg = Debug|x64
		{98F36404-A146-4D04-9320-51076E4E21DC}.Debug|x64.Build.0 = Debug|x64
		{98F36404-A146-4D04-9320-51076E4E21DC}.Debug|x86.ActiveCfg = Debug|x64
		{98F36404-A146-4D04-9320-51076E4E21DC}.Release|Any CPU.ActiveCfg = Release|Any CPU
		{98F36404-A146-4D04-9320-51076E4E21DC}.Release|Any CPU.Build.0 = Release|Any CPU
		{98F36404-A146-4D04-9320-51076E4E21DC}.Release|Mixed Platforms.ActiveCfg = Release|Any CPU
		{98F36404-A146-4D04-9320-51076E4E21DC}.Release|Mixed Platforms.Build.0 = Release|Any CPU
		{98F36404-A146-4D04-9320-51076E4E21DC}.Release|x64.ActiveCfg = Release|x64
		{98F36404-A146-4D04-9320-51076E4E21DC}.Release|x64.Build.0 = Release|x64
		{98F36404-A146-4D04-9320-51076E4E21DC}.Release|x86.ActiveCfg = Release|x64
		{98F36404-A146-4D04-9320-51076E4E21DC}.Test|Any CPU.ActiveCfg = Test|Any CPU
		{98F36404-A146-4D04-9320-51076E4E21DC}.Test|Any CPU.Build.0 = Test|Any CPU
		{98F36404-A146-4D04-9320-51076E4E21DC}.Test|Mixed Platforms.ActiveCfg = Test|x64
		{98F36404-A146-4D04-9320-51076E4E21DC}.Test|Mixed Platforms.Build.0 = Test|x64
		{98F36404-A146-4D04-9320-51076E4E21DC}.Test|x64.ActiveCfg = Test|x64
		{98F36404-A146-4D04-9320-51076E4E21DC}.Test|x64.Build.0 = Test|x64
		{98F36404-A146-4D04-9320-51076E4E21DC}.Test|x86.ActiveCfg = Test|x64
		{02F17B0F-5A95-4A99-81F4-456B8589008A}.Debug|Any CPU.ActiveCfg = Debug|x64
		{02F17B0F-5A95-4A99-81F4-456B8589008A}.Debug|Mixed Platforms.ActiveCfg = Debug|x64
		{02F17B0F-5A95-4A99-81F4-456B8589008A}.Debug|x64.ActiveCfg = Debug|x64
		{02F17B0F-5A95-4A99-81F4-456B8589008A}.Debug|x64.Build.0 = Debug|x64
		{02F17B0F-5A95-4A99-81F4-456B8589008A}.Debug|x86.ActiveCfg = Debug|x64
		{02F17B0F-5A95-4A99-81F4-456B8589008A}.Release|Any CPU.ActiveCfg = Release|x64
		{02F17B0F-5A95-4A99-81F4-456B8589008A}.Release|Mixed Platforms.ActiveCfg = Release|x64
		{02F17B0F-5A95-4A99-81F4-456B8589008A}.Release|Mixed Platforms.Build.0 = Release|x64
		{02F17B0F-5A95-4A99-81F4-456B8589008A}.Release|x64.ActiveCfg = Release|x64
		{02F17B0F-5A95-4A99-81F4-456B8589008A}.Release|x64.Build.0 = Release|x64
		{02F17B0F-5A95-4A99-81F4-456B8589008A}.Release|x86.ActiveCfg = Release|x64
		{02F17B0F-5A95-4A99-81F4-456B8589008A}.Test|Any CPU.ActiveCfg = Test|Any CPU
		{02F17B0F-5A95-4A99-81F4-456B8589008A}.Test|Any CPU.Build.0 = Test|Any CPU
		{02F17B0F-5A95-4A99-81F4-456B8589008A}.Test|Mixed Platforms.ActiveCfg = Test|Any CPU
		{02F17B0F-5A95-4A99-81F4-456B8589008A}.Test|Mixed Platforms.Build.0 = Test|Any CPU
		{02F17B0F-5A95-4A99-81F4-456B8589008A}.Test|x64.ActiveCfg = Test|x64
		{02F17B0F-5A95-4A99-81F4-456B8589008A}.Test|x64.Build.0 = Test|x64
		{02F17B0F-5A95-4A99-81F4-456B8589008A}.Test|x86.ActiveCfg = Test|Any CPU
		{1617E93A-A9DD-46D5-A607-7A36DF91C2D1}.Debug|Any CPU.ActiveCfg = Debug|Any CPU
		{1617E93A-A9DD-46D5-A607-7A36DF91C2D1}.Debug|Any CPU.Build.0 = Debug|Any CPU
		{1617E93A-A9DD-46D5-A607-7A36DF91C2D1}.Debug|Mixed Platforms.ActiveCfg = Debug|x64
		{1617E93A-A9DD-46D5-A607-7A36DF91C2D1}.Debug|Mixed Platforms.Build.0 = Debug|x64
		{1617E93A-A9DD-46D5-A607-7A36DF91C2D1}.Debug|x64.ActiveCfg = Debug|x64
		{1617E93A-A9DD-46D5-A607-7A36DF91C2D1}.Debug|x64.Build.0 = Debug|x64
		{1617E93A-A9DD-46D5-A607-7A36DF91C2D1}.Debug|x86.ActiveCfg = Debug|x64
		{1617E93A-A9DD-46D5-A607-7A36DF91C2D1}.Release|Any CPU.ActiveCfg = Release|Any CPU
		{1617E93A-A9DD-46D5-A607-7A36DF91C2D1}.Release|Any CPU.Build.0 = Release|Any CPU
		{1617E93A-A9DD-46D5-A607-7A36DF91C2D1}.Release|Mixed Platforms.ActiveCfg = Release|Any CPU
		{1617E93A-A9DD-46D5-A607-7A36DF91C2D1}.Release|Mixed Platforms.Build.0 = Release|Any CPU
		{1617E93A-A9DD-46D5-A607-7A36DF91C2D1}.Release|x64.ActiveCfg = Release|x64
		{1617E93A-A9DD-46D5-A607-7A36DF91C2D1}.Release|x64.Build.0 = Release|x64
		{1617E93A-A9DD-46D5-A607-7A36DF91C2D1}.Release|x86.ActiveCfg = Release|x64
		{1617E93A-A9DD-46D5-A607-7A36DF91C2D1}.Test|Any CPU.ActiveCfg = Test|Any CPU
		{1617E93A-A9DD-46D5-A607-7A36DF91C2D1}.Test|Any CPU.Build.0 = Test|Any CPU
		{1617E93A-A9DD-46D5-A607-7A36DF91C2D1}.Test|Mixed Platforms.ActiveCfg = Test|x64
		{1617E93A-A9DD-46D5-A607-7A36DF91C2D1}.Test|Mixed Platforms.Build.0 = Test|x64
		{1617E93A-A9DD-46D5-A607-7A36DF91C2D1}.Test|x64.ActiveCfg = Test|x64
		{1617E93A-A9DD-46D5-A607-7A36DF91C2D1}.Test|x64.Build.0 = Test|x64
		{1617E93A-A9DD-46D5-A607-7A36DF91C2D1}.Test|x86.ActiveCfg = Test|x64
		{7E8253CA-37B0-4CE1-AA9C-8C3086AFD974}.Debug|Any CPU.ActiveCfg = Debug|x64
		{7E8253CA-37B0-4CE1-AA9C-8C3086AFD974}.Debug|Mixed Platforms.ActiveCfg = Debug|x64
		{7E8253CA-37B0-4CE1-AA9C-8C3086AFD974}.Debug|Mixed Platforms.Build.0 = Debug|x64
		{7E8253CA-37B0-4CE1-AA9C-8C3086AFD974}.Debug|x64.ActiveCfg = Debug|x64
		{7E8253CA-37B0-4CE1-AA9C-8C3086AFD974}.Debug|x64.Build.0 = Debug|x64
		{7E8253CA-37B0-4CE1-AA9C-8C3086AFD974}.Debug|x86.ActiveCfg = Debug|x64
		{7E8253CA-37B0-4CE1-AA9C-8C3086AFD974}.Release|Any CPU.ActiveCfg = Release|x64
		{7E8253CA-37B0-4CE1-AA9C-8C3086AFD974}.Release|Mixed Platforms.ActiveCfg = Release|x64
		{7E8253CA-37B0-4CE1-AA9C-8C3086AFD974}.Release|Mixed Platforms.Build.0 = Release|x64
		{7E8253CA-37B0-4CE1-AA9C-8C3086AFD974}.Release|x64.ActiveCfg = Release|x64
		{7E8253CA-37B0-4CE1-AA9C-8C3086AFD974}.Release|x64.Build.0 = Release|x64
		{7E8253CA-37B0-4CE1-AA9C-8C3086AFD974}.Release|x86.ActiveCfg = Release|x64
		{7E8253CA-37B0-4CE1-AA9C-8C3086AFD974}.Test|Any CPU.ActiveCfg = Test|x64
		{7E8253CA-37B0-4CE1-AA9C-8C3086AFD974}.Test|Mixed Platforms.ActiveCfg = Test|x64
		{7E8253CA-37B0-4CE1-AA9C-8C3086AFD974}.Test|Mixed Platforms.Build.0 = Test|x64
		{7E8253CA-37B0-4CE1-AA9C-8C3086AFD974}.Test|x64.ActiveCfg = Test|x64
		{7E8253CA-37B0-4CE1-AA9C-8C3086AFD974}.Test|x64.Build.0 = Test|x64
		{7E8253CA-37B0-4CE1-AA9C-8C3086AFD974}.Test|x86.ActiveCfg = Test|x64
		{BEB21D68-DED7-43B7-8BAB-70F95B98F58A}.Debug|Any CPU.ActiveCfg = Debug|x64
		{BEB21D68-DED7-43B7-8BAB-70F95B98F58A}.Debug|Mixed Platforms.ActiveCfg = Debug|x64
		{BEB21D68-DED7-43B7-8BAB-70F95B98F58A}.Debug|Mixed Platforms.Build.0 = Debug|x64
		{BEB21D68-DED7-43B7-8BAB-70F95B98F58A}.Debug|x64.ActiveCfg = Debug|x64
		{BEB21D68-DED7-43B7-8BAB-70F95B98F58A}.Debug|x64.Build.0 = Debug|x64
		{BEB21D68-DED7-43B7-8BAB-70F95B98F58A}.Debug|x86.ActiveCfg = Debug|x64
		{BEB21D68-DED7-43B7-8BAB-70F95B98F58A}.Release|Any CPU.ActiveCfg = Release|x64
		{BEB21D68-DED7-43B7-8BAB-70F95B98F58A}.Release|Mixed Platforms.ActiveCfg = Release|x64
		{BEB21D68-DED7-43B7-8BAB-70F95B98F58A}.Release|Mixed Platforms.Build.0 = Release|x64
		{BEB21D68-DED7-43B7-8BAB-70F95B98F58A}.Release|x64.ActiveCfg = Release|x64
		{BEB21D68-DED7-43B7-8BAB-70F95B98F58A}.Release|x64.Build.0 = Release|x64
		{BEB21D68-DED7-43B7-8BAB-70F95B98F58A}.Release|x86.ActiveCfg = Release|x64
		{BEB21D68-DED7-43B7-8BAB-70F95B98F58A}.Test|Any CPU.ActiveCfg = Test|x64
		{BEB21D68-DED7-43B7-8BAB-70F95B98F58A}.Test|Mixed Platforms.ActiveCfg = Test|x64
		{BEB21D68-DED7-43B7-8BAB-70F95B98F58A}.Test|Mixed Platforms.Build.0 = Test|x64
		{BEB21D68-DED7-43B7-8BAB-70F95B98F58A}.Test|x64.ActiveCfg = Test|x64
		{BEB21D68-DED7-43B7-8BAB-70F95B98F58A}.Test|x64.Build.0 = Test|x64
		{BEB21D68-DED7-43B7-8BAB-70F95B98F58A}.Test|x86.ActiveCfg = Test|x64
		{3FA9370E-D49B-4BA8-940B-16981057B6E1}.Debug|Any CPU.ActiveCfg = Debug|x86
		{3FA9370E-D49B-4BA8-940B-16981057B6E1}.Debug|Mixed Platforms.ActiveCfg = Debug|x64
		{3FA9370E-D49B-4BA8-940B-16981057B6E1}.Debug|Mixed Platforms.Build.0 = Debug|x64
		{3FA9370E-D49B-4BA8-940B-16981057B6E1}.Debug|x64.ActiveCfg = Debug|x64
		{3FA9370E-D49B-4BA8-940B-16981057B6E1}.Debug|x64.Build.0 = Debug|x64
		{3FA9370E-D49B-4BA8-940B-16981057B6E1}.Debug|x86.ActiveCfg = Debug|x64
		{3FA9370E-D49B-4BA8-940B-16981057B6E1}.Release|Any CPU.ActiveCfg = Release|x86
		{3FA9370E-D49B-4BA8-940B-16981057B6E1}.Release|Mixed Platforms.ActiveCfg = Release|x64
		{3FA9370E-D49B-4BA8-940B-16981057B6E1}.Release|Mixed Platforms.Build.0 = Release|x64
		{3FA9370E-D49B-4BA8-940B-16981057B6E1}.Release|x64.ActiveCfg = Release|x64
		{3FA9370E-D49B-4BA8-940B-16981057B6E1}.Release|x64.Build.0 = Release|x64
		{3FA9370E-D49B-4BA8-940B-16981057B6E1}.Release|x86.ActiveCfg = Release|x64
		{3FA9370E-D49B-4BA8-940B-16981057B6E1}.Test|Any CPU.ActiveCfg = Test|x86
		{3FA9370E-D49B-4BA8-940B-16981057B6E1}.Test|Mixed Platforms.ActiveCfg = Test|x64
		{3FA9370E-D49B-4BA8-940B-16981057B6E1}.Test|Mixed Platforms.Build.0 = Test|x64
		{3FA9370E-D49B-4BA8-940B-16981057B6E1}.Test|x64.ActiveCfg = Test|x64
		{3FA9370E-D49B-4BA8-940B-16981057B6E1}.Test|x64.Build.0 = Test|x64
		{3FA9370E-D49B-4BA8-940B-16981057B6E1}.Test|x86.ActiveCfg = Test|x64
		{56F308C4-CDF7-4382-BF14-05C1636677CB}.Debug|Any CPU.ActiveCfg = Debug|x64
		{56F308C4-CDF7-4382-BF14-05C1636677CB}.Debug|Mixed Platforms.ActiveCfg = Debug|x64
		{56F308C4-CDF7-4382-BF14-05C1636677CB}.Debug|Mixed Platforms.Build.0 = Debug|x64
		{56F308C4-CDF7-4382-BF14-05C1636677CB}.Debug|x64.ActiveCfg = Debug|x64
		{56F308C4-CDF7-4382-BF14-05C1636677CB}.Debug|x64.Build.0 = Debug|x64
		{56F308C4-CDF7-4382-BF14-05C1636677CB}.Debug|x86.ActiveCfg = Debug|x64
		{56F308C4-CDF7-4382-BF14-05C1636677CB}.Release|Any CPU.ActiveCfg = Release|x64
		{56F308C4-CDF7-4382-BF14-05C1636677CB}.Release|Mixed Platforms.ActiveCfg = Release|x64
		{56F308C4-CDF7-4382-BF14-05C1636677CB}.Release|Mixed Platforms.Build.0 = Release|x64
		{56F308C4-CDF7-4382-BF14-05C1636677CB}.Release|x64.ActiveCfg = Release|x64
		{56F308C4-CDF7-4382-BF14-05C1636677CB}.Release|x64.Build.0 = Release|x64
		{56F308C4-CDF7-4382-BF14-05C1636677CB}.Release|x86.ActiveCfg = Release|x64
		{56F308C4-CDF7-4382-BF14-05C1636677CB}.Test|Any CPU.ActiveCfg = Test|x64
		{56F308C4-CDF7-4382-BF14-05C1636677CB}.Test|Mixed Platforms.ActiveCfg = Test|x64
		{56F308C4-CDF7-4382-BF14-05C1636677CB}.Test|Mixed Platforms.Build.0 = Test|x64
		{56F308C4-CDF7-4382-BF14-05C1636677CB}.Test|x64.ActiveCfg = Test|x64
		{56F308C4-CDF7-4382-BF14-05C1636677CB}.Test|x64.Build.0 = Test|x64
		{56F308C4-CDF7-4382-BF14-05C1636677CB}.Test|x86.ActiveCfg = Test|x64
		{987AE13B-8118-48E7-9A2A-7D52AB5C1ED3}.Debug|Any CPU.ActiveCfg = Debug|x64
		{987AE13B-8118-48E7-9A2A-7D52AB5C1ED3}.Debug|Mixed Platforms.ActiveCfg = Debug|x64
		{987AE13B-8118-48E7-9A2A-7D52AB5C1ED3}.Debug|Mixed Platforms.Build.0 = Debug|x64
		{987AE13B-8118-48E7-9A2A-7D52AB5C1ED3}.Debug|x64.ActiveCfg = Debug|x64
		{987AE13B-8118-48E7-9A2A-7D52AB5C1ED3}.Debug|x64.Build.0 = Debug|x64
		{987AE13B-8118-48E7-9A2A-7D52AB5C1ED3}.Debug|x86.ActiveCfg = Debug|x64
		{987AE13B-8118-48E7-9A2A-7D52AB5C1ED3}.Release|Any CPU.ActiveCfg = Release|x64
		{987AE13B-8118-48E7-9A2A-7D52AB5C1ED3}.Release|Mixed Platforms.ActiveCfg = Release|x64
		{987AE13B-8118-48E7-9A2A-7D52AB5C1ED3}.Release|Mixed Platforms.Build.0 = Release|x64
		{987AE13B-8118-48E7-9A2A-7D52AB5C1ED3}.Release|x64.ActiveCfg = Release|x64
		{987AE13B-8118-48E7-9A2A-7D52AB5C1ED3}.Release|x64.Build.0 = Release|x64
		{987AE13B-8118-48E7-9A2A-7D52AB5C1ED3}.Release|x86.ActiveCfg = Release|x64
		{987AE13B-8118-48E7-9A2A-7D52AB5C1ED3}.Test|Any CPU.ActiveCfg = Test|x64
		{987AE13B-8118-48E7-9A2A-7D52AB5C1ED3}.Test|Mixed Platforms.ActiveCfg = Test|x64
		{987AE13B-8118-48E7-9A2A-7D52AB5C1ED3}.Test|Mixed Platforms.Build.0 = Test|x64
		{987AE13B-8118-48E7-9A2A-7D52AB5C1ED3}.Test|x64.ActiveCfg = Test|x64
		{987AE13B-8118-48E7-9A2A-7D52AB5C1ED3}.Test|x64.Build.0 = Test|x64
		{987AE13B-8118-48E7-9A2A-7D52AB5C1ED3}.Test|x86.ActiveCfg = Test|x64
		{FBB13792-B2DF-46A8-AE14-9C17F72F89C0}.Debug|Any CPU.ActiveCfg = Debug|x64
		{FBB13792-B2DF-46A8-AE14-9C17F72F89C0}.Debug|Mixed Platforms.ActiveCfg = Debug|x64
		{FBB13792-B2DF-46A8-AE14-9C17F72F89C0}.Debug|Mixed Platforms.Build.0 = Debug|x64
		{FBB13792-B2DF-46A8-AE14-9C17F72F89C0}.Debug|x64.ActiveCfg = Debug|x64
		{FBB13792-B2DF-46A8-AE14-9C17F72F89C0}.Debug|x64.Build.0 = Debug|x64
		{FBB13792-B2DF-46A8-AE14-9C17F72F89C0}.Debug|x86.ActiveCfg = Debug|x64
		{FBB13792-B2DF-46A8-AE14-9C17F72F89C0}.Release|Any CPU.ActiveCfg = Release|x64
		{FBB13792-B2DF-46A8-AE14-9C17F72F89C0}.Release|Mixed Platforms.ActiveCfg = Release|x64
		{FBB13792-B2DF-46A8-AE14-9C17F72F89C0}.Release|Mixed Platforms.Build.0 = Release|x64
		{FBB13792-B2DF-46A8-AE14-9C17F72F89C0}.Release|x64.ActiveCfg = Release|x64
		{FBB13792-B2DF-46A8-AE14-9C17F72F89C0}.Release|x64.Build.0 = Release|x64
		{FBB13792-B2DF-46A8-AE14-9C17F72F89C0}.Release|x86.ActiveCfg = Release|x64
		{FBB13792-B2DF-46A8-AE14-9C17F72F89C0}.Test|Any CPU.ActiveCfg = Test|x64
		{FBB13792-B2DF-46A8-AE14-9C17F72F89C0}.Test|Mixed Platforms.ActiveCfg = Test|x64
		{FBB13792-B2DF-46A8-AE14-9C17F72F89C0}.Test|Mixed Platforms.Build.0 = Test|x64
		{FBB13792-B2DF-46A8-AE14-9C17F72F89C0}.Test|x64.ActiveCfg = Test|x64
		{FBB13792-B2DF-46A8-AE14-9C17F72F89C0}.Test|x64.Build.0 = Test|x64
		{FBB13792-B2DF-46A8-AE14-9C17F72F89C0}.Test|x86.ActiveCfg = Test|x64
		{799B613A-C722-43C2-8D3F-61CE81384C74}.Debug|Any CPU.ActiveCfg = Debug|Any CPU
		{799B613A-C722-43C2-8D3F-61CE81384C74}.Debug|Any CPU.Build.0 = Debug|Any CPU
		{799B613A-C722-43C2-8D3F-61CE81384C74}.Debug|Mixed Platforms.ActiveCfg = Debug|x64
		{799B613A-C722-43C2-8D3F-61CE81384C74}.Debug|Mixed Platforms.Build.0 = Debug|x64
		{799B613A-C722-43C2-8D3F-61CE81384C74}.Debug|x64.ActiveCfg = Debug|x64
		{799B613A-C722-43C2-8D3F-61CE81384C74}.Debug|x64.Build.0 = Debug|x64
		{799B613A-C722-43C2-8D3F-61CE81384C74}.Debug|x86.ActiveCfg = Debug|x64
		{799B613A-C722-43C2-8D3F-61CE81384C74}.Release|Any CPU.ActiveCfg = Release|Any CPU
		{799B613A-C722-43C2-8D3F-61CE81384C74}.Release|Any CPU.Build.0 = Release|Any CPU
		{799B613A-C722-43C2-8D3F-61CE81384C74}.Release|Mixed Platforms.ActiveCfg = Release|Any CPU
		{799B613A-C722-43C2-8D3F-61CE81384C74}.Release|Mixed Platforms.Build.0 = Release|Any CPU
		{799B613A-C722-43C2-8D3F-61CE81384C74}.Release|x64.ActiveCfg = Release|x64
		{799B613A-C722-43C2-8D3F-61CE81384C74}.Release|x64.Build.0 = Release|x64
		{799B613A-C722-43C2-8D3F-61CE81384C74}.Release|x86.ActiveCfg = Release|x64
		{799B613A-C722-43C2-8D3F-61CE81384C74}.Test|Any CPU.ActiveCfg = Debug (Fast)|Any CPU
		{799B613A-C722-43C2-8D3F-61CE81384C74}.Test|Any CPU.Build.0 = Debug (Fast)|Any CPU
		{799B613A-C722-43C2-8D3F-61CE81384C74}.Test|Mixed Platforms.ActiveCfg = Debug (Fast)|Any CPU
		{799B613A-C722-43C2-8D3F-61CE81384C74}.Test|Mixed Platforms.Build.0 = Debug (Fast)|Any CPU
		{799B613A-C722-43C2-8D3F-61CE81384C74}.Test|x64.ActiveCfg = Debug (Fast)|x64
		{799B613A-C722-43C2-8D3F-61CE81384C74}.Test|x64.Build.0 = Debug (Fast)|x64
		{799B613A-C722-43C2-8D3F-61CE81384C74}.Test|x86.ActiveCfg = Debug (Fast)|Any CPU
		{4AD32EDB-E47A-4CA8-910A-85C5994530B3}.Debug|Any CPU.ActiveCfg = Debug|x64
		{4AD32EDB-E47A-4CA8-910A-85C5994530B3}.Debug|Mixed Platforms.ActiveCfg = Debug|x64
		{4AD32EDB-E47A-4CA8-910A-85C5994530B3}.Debug|x64.ActiveCfg = Debug|x64
		{4AD32EDB-E47A-4CA8-910A-85C5994530B3}.Debug|x86.ActiveCfg = Debug|x64
		{4AD32EDB-E47A-4CA8-910A-85C5994530B3}.Release|Any CPU.ActiveCfg = Release|x64
		{4AD32EDB-E47A-4CA8-910A-85C5994530B3}.Release|Mixed Platforms.ActiveCfg = Release|x64
		{4AD32EDB-E47A-4CA8-910A-85C5994530B3}.Release|Mixed Platforms.Build.0 = Release|x64
		{4AD32EDB-E47A-4CA8-910A-85C5994530B3}.Release|x64.ActiveCfg = Release|x64
		{4AD32EDB-E47A-4CA8-910A-85C5994530B3}.Release|x64.Build.0 = Release|x64
		{4AD32EDB-E47A-4CA8-910A-85C5994530B3}.Release|x86.ActiveCfg = Release|x64
		{4AD32EDB-E47A-4CA8-910A-85C5994530B3}.Test|Any CPU.ActiveCfg = Test|x64
		{4AD32EDB-E47A-4CA8-910A-85C5994530B3}.Test|Mixed Platforms.ActiveCfg = Test|x64
		{4AD32EDB-E47A-4CA8-910A-85C5994530B3}.Test|Mixed Platforms.Build.0 = Test|x64
		{4AD32EDB-E47A-4CA8-910A-85C5994530B3}.Test|x64.ActiveCfg = Test|x64
		{4AD32EDB-E47A-4CA8-910A-85C5994530B3}.Test|x64.Build.0 = Test|x64
		{4AD32EDB-E47A-4CA8-910A-85C5994530B3}.Test|x86.ActiveCfg = Test|x64
		{5467EB28-23EE-481B-87BB-FC8C795AFDE2}.Debug|Any CPU.ActiveCfg = Debug|x64
		{5467EB28-23EE-481B-87BB-FC8C795AFDE2}.Debug|Mixed Platforms.ActiveCfg = Debug|x64
		{5467EB28-23EE-481B-87BB-FC8C795AFDE2}.Debug|Mixed Platforms.Build.0 = Debug|x64
		{5467EB28-23EE-481B-87BB-FC8C795AFDE2}.Debug|x64.ActiveCfg = Debug|x64
		{5467EB28-23EE-481B-87BB-FC8C795AFDE2}.Debug|x64.Build.0 = Debug|x64
		{5467EB28-23EE-481B-87BB-FC8C795AFDE2}.Debug|x86.ActiveCfg = Debug|x64
		{5467EB28-23EE-481B-87BB-FC8C795AFDE2}.Release|Any CPU.ActiveCfg = Release|x64
		{5467EB28-23EE-481B-87BB-FC8C795AFDE2}.Release|Mixed Platforms.ActiveCfg = Release|x64
		{5467EB28-23EE-481B-87BB-FC8C795AFDE2}.Release|Mixed Platforms.Build.0 = Release|x64
		{5467EB28-23EE-481B-87BB-FC8C795AFDE2}.Release|x64.ActiveCfg = Release|x64
		{5467EB28-23EE-481B-87BB-FC8C795AFDE2}.Release|x64.Build.0 = Release|x64
		{5467EB28-23EE-481B-87BB-FC8C795AFDE2}.Release|x86.ActiveCfg = Release|x64
		{5467EB28-23EE-481B-87BB-FC8C795AFDE2}.Test|Any CPU.ActiveCfg = Test|x64
		{5467EB28-23EE-481B-87BB-FC8C795AFDE2}.Test|Mixed Platforms.ActiveCfg = Test|x64
		{5467EB28-23EE-481B-87BB-FC8C795AFDE2}.Test|Mixed Platforms.Build.0 = Test|x64
		{5467EB28-23EE-481B-87BB-FC8C795AFDE2}.Test|x64.ActiveCfg = Test|x64
		{5467EB28-23EE-481B-87BB-FC8C795AFDE2}.Test|x64.Build.0 = Test|x64
		{5467EB28-23EE-481B-87BB-FC8C795AFDE2}.Test|x86.ActiveCfg = Test|x64
		{C02FA49B-3DD6-492D-BA16-620C86E5CEC0}.Debug|Any CPU.ActiveCfg = Debug|x64
		{C02FA49B-3DD6-492D-BA16-620C86E5CEC0}.Debug|Mixed Platforms.ActiveCfg = Debug|x64
		{C02FA49B-3DD6-492D-BA16-620C86E5CEC0}.Debug|x64.ActiveCfg = Debug|x64
		{C02FA49B-3DD6-492D-BA16-620C86E5CEC0}.Debug|x86.ActiveCfg = Debug|x64
		{C02FA49B-3DD6-492D-BA16-620C86E5CEC0}.Release|Any CPU.ActiveCfg = Release|x64
		{C02FA49B-3DD6-492D-BA16-620C86E5CEC0}.Release|Mixed Platforms.ActiveCfg = Release|x64
		{C02FA49B-3DD6-492D-BA16-620C86E5CEC0}.Release|Mixed Platforms.Build.0 = Release|x64
		{C02FA49B-3DD6-492D-BA16-620C86E5CEC0}.Release|x64.ActiveCfg = Release|x64
		{C02FA49B-3DD6-492D-BA16-620C86E5CEC0}.Release|x64.Build.0 = Release|x64
		{C02FA49B-3DD6-492D-BA16-620C86E5CEC0}.Release|x86.ActiveCfg = Release|x64
		{C02FA49B-3DD6-492D-BA16-620C86E5CEC0}.Test|Any CPU.ActiveCfg = Test|x64
		{C02FA49B-3DD6-492D-BA16-620C86E5CEC0}.Test|Mixed Platforms.ActiveCfg = Test|x64
		{C02FA49B-3DD6-492D-BA16-620C86E5CEC0}.Test|Mixed Platforms.Build.0 = Test|x64
		{C02FA49B-3DD6-492D-BA16-620C86E5CEC0}.Test|x64.ActiveCfg = Test|x64
		{C02FA49B-3DD6-492D-BA16-620C86E5CEC0}.Test|x64.Build.0 = Test|x64
		{C02FA49B-3DD6-492D-BA16-620C86E5CEC0}.Test|x86.ActiveCfg = Test|x64
		{DB33D180-B7CC-407B-8611-52DEB49363A8}.Debug|Any CPU.ActiveCfg = Debug|x64
		{DB33D180-B7CC-407B-8611-52DEB49363A8}.Debug|Mixed Platforms.ActiveCfg = Debug|x64
		{DB33D180-B7CC-407B-8611-52DEB49363A8}.Debug|Mixed Platforms.Build.0 = Debug|x64
		{DB33D180-B7CC-407B-8611-52DEB49363A8}.Debug|x64.ActiveCfg = Debug|x64
		{DB33D180-B7CC-407B-8611-52DEB49363A8}.Debug|x64.Build.0 = Debug|x64
		{DB33D180-B7CC-407B-8611-52DEB49363A8}.Debug|x86.ActiveCfg = Debug|x64
		{DB33D180-B7CC-407B-8611-52DEB49363A8}.Release|Any CPU.ActiveCfg = Release|x64
		{DB33D180-B7CC-407B-8611-52DEB49363A8}.Release|Mixed Platforms.ActiveCfg = Release|x64
		{DB33D180-B7CC-407B-8611-52DEB49363A8}.Release|Mixed Platforms.Build.0 = Release|x64
		{DB33D180-B7CC-407B-8611-52DEB49363A8}.Release|x64.ActiveCfg = Release|x64
		{DB33D180-B7CC-407B-8611-52DEB49363A8}.Release|x64.Build.0 = Release|x64
		{DB33D180-B7CC-407B-8611-52DEB49363A8}.Release|x86.ActiveCfg = Release|x64
		{DB33D180-B7CC-407B-8611-52DEB49363A8}.Test|Any CPU.ActiveCfg = Test|x64
		{DB33D180-B7CC-407B-8611-52DEB49363A8}.Test|Mixed Platforms.ActiveCfg = Test|x64
		{DB33D180-B7CC-407B-8611-52DEB49363A8}.Test|Mixed Platforms.Build.0 = Test|x64
		{DB33D180-B7CC-407B-8611-52DEB49363A8}.Test|x64.ActiveCfg = Test|x64
		{DB33D180-B7CC-407B-8611-52DEB49363A8}.Test|x64.Build.0 = Test|x64
		{DB33D180-B7CC-407B-8611-52DEB49363A8}.Test|x86.ActiveCfg = Test|x64
		{C8FE3288-E809-4CA1-BBA0-225D0E10DB9F}.Debug|Any CPU.ActiveCfg = Debug|x64
		{C8FE3288-E809-4CA1-BBA0-225D0E10DB9F}.Debug|Mixed Platforms.ActiveCfg = Debug|x64
		{C8FE3288-E809-4CA1-BBA0-225D0E10DB9F}.Debug|Mixed Platforms.Build.0 = Debug|x64
		{C8FE3288-E809-4CA1-BBA0-225D0E10DB9F}.Debug|x64.ActiveCfg = Debug|x64
		{C8FE3288-E809-4CA1-BBA0-225D0E10DB9F}.Debug|x64.Build.0 = Debug|x64
		{C8FE3288-E809-4CA1-BBA0-225D0E10DB9F}.Debug|x86.ActiveCfg = Debug|x64
		{C8FE3288-E809-4CA1-BBA0-225D0E10DB9F}.Release|Any CPU.ActiveCfg = Release|x64
		{C8FE3288-E809-4CA1-BBA0-225D0E10DB9F}.Release|Mixed Platforms.ActiveCfg = Release|x64
		{C8FE3288-E809-4CA1-BBA0-225D0E10DB9F}.Release|Mixed Platforms.Build.0 = Release|x64
		{C8FE3288-E809-4CA1-BBA0-225D0E10DB9F}.Release|x64.ActiveCfg = Release|x64
		{C8FE3288-E809-4CA1-BBA0-225D0E10DB9F}.Release|x64.Build.0 = Release|x64
		{C8FE3288-E809-4CA1-BBA0-225D0E10DB9F}.Release|x86.ActiveCfg = Release|x64
		{C8FE3288-E809-4CA1-BBA0-225D0E10DB9F}.Test|Any CPU.ActiveCfg = Test|x64
		{C8FE3288-E809-4CA1-BBA0-225D0E10DB9F}.Test|Mixed Platforms.ActiveCfg = Test|x64
		{C8FE3288-E809-4CA1-BBA0-225D0E10DB9F}.Test|Mixed Platforms.Build.0 = Test|x64
		{C8FE3288-E809-4CA1-BBA0-225D0E10DB9F}.Test|x64.ActiveCfg = Test|x64
		{C8FE3288-E809-4CA1-BBA0-225D0E10DB9F}.Test|x64.Build.0 = Test|x64
		{C8FE3288-E809-4CA1-BBA0-225D0E10DB9F}.Test|x86.ActiveCfg = Test|x64
		{22B27336-428C-4A59-9909-38BE803C9161}.Debug|Any CPU.ActiveCfg = Debug|x64
		{22B27336-428C-4A59-9909-38BE803C9161}.Debug|Mixed Platforms.ActiveCfg = Debug|x64
		{22B27336-428C-4A59-9909-38BE803C9161}.Debug|Mixed Platforms.Build.0 = Debug|x64
		{22B27336-428C-4A59-9909-38BE803C9161}.Debug|x64.ActiveCfg = Debug|x64
		{22B27336-428C-4A59-9909-38BE803C9161}.Debug|x64.Build.0 = Debug|x64
		{22B27336-428C-4A59-9909-38BE803C9161}.Debug|x86.ActiveCfg = Debug|x64
		{22B27336-428C-4A59-9909-38BE803C9161}.Release|Any CPU.ActiveCfg = Release|x64
		{22B27336-428C-4A59-9909-38BE803C9161}.Release|Mixed Platforms.ActiveCfg = Release|x64
		{22B27336-428C-4A59-9909-38BE803C9161}.Release|Mixed Platforms.Build.0 = Release|x64
		{22B27336-428C-4A59-9909-38BE803C9161}.Release|x64.ActiveCfg = Release|x64
		{22B27336-428C-4A59-9909-38BE803C9161}.Release|x64.Build.0 = Release|x64
		{22B27336-428C-4A59-9909-38BE803C9161}.Release|x86.ActiveCfg = Release|x64
		{22B27336-428C-4A59-9909-38BE803C9161}.Test|Any CPU.ActiveCfg = Test|x64
		{22B27336-428C-4A59-9909-38BE803C9161}.Test|Mixed Platforms.ActiveCfg = Test|x64
		{22B27336-428C-4A59-9909-38BE803C9161}.Test|Mixed Platforms.Build.0 = Test|x64
		{22B27336-428C-4A59-9909-38BE803C9161}.Test|x64.ActiveCfg = Test|x64
		{22B27336-428C-4A59-9909-38BE803C9161}.Test|x64.Build.0 = Test|x64
		{22B27336-428C-4A59-9909-38BE803C9161}.Test|x86.ActiveCfg = Test|x64
		{DABF9D08-70E8-4D42-AF7A-577335A7129F}.Debug|Any CPU.ActiveCfg = Debug|x64
		{DABF9D08-70E8-4D42-AF7A-577335A7129F}.Debug|Mixed Platforms.ActiveCfg = Debug|x64
		{DABF9D08-70E8-4D42-AF7A-577335A7129F}.Debug|Mixed Platforms.Build.0 = Debug|x64
		{DABF9D08-70E8-4D42-AF7A-577335A7129F}.Debug|x64.ActiveCfg = Debug|x64
		{DABF9D08-70E8-4D42-AF7A-577335A7129F}.Debug|x64.Build.0 = Debug|x64
		{DABF9D08-70E8-4D42-AF7A-577335A7129F}.Debug|x86.ActiveCfg = Debug|x64
		{DABF9D08-70E8-4D42-AF7A-577335A7129F}.Release|Any CPU.ActiveCfg = Release|x64
		{DABF9D08-70E8-4D42-AF7A-577335A7129F}.Release|Mixed Platforms.ActiveCfg = Release|x64
		{DABF9D08-70E8-4D42-AF7A-577335A7129F}.Release|Mixed Platforms.Build.0 = Release|x64
		{DABF9D08-70E8-4D42-AF7A-577335A7129F}.Release|x64.ActiveCfg = Release|x64
		{DABF9D08-70E8-4D42-AF7A-577335A7129F}.Release|x64.Build.0 = Release|x64
		{DABF9D08-70E8-4D42-AF7A-577335A7129F}.Release|x86.ActiveCfg = Release|x64
		{DABF9D08-70E8-4D42-AF7A-577335A7129F}.Test|Any CPU.ActiveCfg = Test|x64
		{DABF9D08-70E8-4D42-AF7A-577335A7129F}.Test|Mixed Platforms.ActiveCfg = Test|x64
		{DABF9D08-70E8-4D42-AF7A-577335A7129F}.Test|Mixed Platforms.Build.0 = Test|x64
		{DABF9D08-70E8-4D42-AF7A-577335A7129F}.Test|x64.ActiveCfg = Test|x64
		{DABF9D08-70E8-4D42-AF7A-577335A7129F}.Test|x64.Build.0 = Test|x64
		{DABF9D08-70E8-4D42-AF7A-577335A7129F}.Test|x86.ActiveCfg = Test|x64
		{A082F357-1745-4578-AF1F-517BC6EF4007}.Debug|Any CPU.ActiveCfg = Debug|Any CPU
		{A082F357-1745-4578-AF1F-517BC6EF4007}.Debug|Any CPU.Build.0 = Debug|Any CPU
		{A082F357-1745-4578-AF1F-517BC6EF4007}.Debug|Mixed Platforms.ActiveCfg = Debug|x64
		{A082F357-1745-4578-AF1F-517BC6EF4007}.Debug|x64.ActiveCfg = Debug|Any CPU
		{A082F357-1745-4578-AF1F-517BC6EF4007}.Debug|x86.ActiveCfg = Debug|x64
		{A082F357-1745-4578-AF1F-517BC6EF4007}.Release|Any CPU.ActiveCfg = Release|Any CPU
		{A082F357-1745-4578-AF1F-517BC6EF4007}.Release|Any CPU.Build.0 = Release|Any CPU
		{A082F357-1745-4578-AF1F-517BC6EF4007}.Release|Mixed Platforms.ActiveCfg = Release|x64
		{A082F357-1745-4578-AF1F-517BC6EF4007}.Release|Mixed Platforms.Build.0 = Release|x64
		{A082F357-1745-4578-AF1F-517BC6EF4007}.Release|x64.ActiveCfg = Release|x64
		{A082F357-1745-4578-AF1F-517BC6EF4007}.Release|x86.ActiveCfg = Release|x64
		{A082F357-1745-4578-AF1F-517BC6EF4007}.Test|Any CPU.ActiveCfg = Test|Any CPU
		{A082F357-1745-4578-AF1F-517BC6EF4007}.Test|Any CPU.Build.0 = Test|Any CPU
		{A082F357-1745-4578-AF1F-517BC6EF4007}.Test|Mixed Platforms.ActiveCfg = Test|x64
		{A082F357-1745-4578-AF1F-517BC6EF4007}.Test|Mixed Platforms.Build.0 = Test|x64
		{A082F357-1745-4578-AF1F-517BC6EF4007}.Test|x64.ActiveCfg = Test|Any CPU
		{A082F357-1745-4578-AF1F-517BC6EF4007}.Test|x64.Build.0 = Test|Any CPU
		{A082F357-1745-4578-AF1F-517BC6EF4007}.Test|x86.ActiveCfg = Test|x64
		{B9AA98D2-572B-4C3B-98D2-A0D0A524E961}.Debug|Any CPU.ActiveCfg = Debug|Any CPU
		{B9AA98D2-572B-4C3B-98D2-A0D0A524E961}.Debug|Any CPU.Build.0 = Debug|Any CPU
		{B9AA98D2-572B-4C3B-98D2-A0D0A524E961}.Debug|Mixed Platforms.ActiveCfg = Debug|x64
		{B9AA98D2-572B-4C3B-98D2-A0D0A524E961}.Debug|x64.ActiveCfg = Debug|Any CPU
		{B9AA98D2-572B-4C3B-98D2-A0D0A524E961}.Debug|x86.ActiveCfg = Debug|x64
		{B9AA98D2-572B-4C3B-98D2-A0D0A524E961}.Release|Any CPU.ActiveCfg = Release|Any CPU
		{B9AA98D2-572B-4C3B-98D2-A0D0A524E961}.Release|Any CPU.Build.0 = Release|Any CPU
		{B9AA98D2-572B-4C3B-98D2-A0D0A524E961}.Release|Mixed Platforms.ActiveCfg = Release|x64
		{B9AA98D2-572B-4C3B-98D2-A0D0A524E961}.Release|Mixed Platforms.Build.0 = Release|x64
		{B9AA98D2-572B-4C3B-98D2-A0D0A524E961}.Release|x64.ActiveCfg = Release|x64
		{B9AA98D2-572B-4C3B-98D2-A0D0A524E961}.Release|x86.ActiveCfg = Release|x64
		{B9AA98D2-572B-4C3B-98D2-A0D0A524E961}.Test|Any CPU.ActiveCfg = Test|Any CPU
		{B9AA98D2-572B-4C3B-98D2-A0D0A524E961}.Test|Any CPU.Build.0 = Test|Any CPU
		{B9AA98D2-572B-4C3B-98D2-A0D0A524E961}.Test|Mixed Platforms.ActiveCfg = Test|x64
		{B9AA98D2-572B-4C3B-98D2-A0D0A524E961}.Test|Mixed Platforms.Build.0 = Test|x64
		{B9AA98D2-572B-4C3B-98D2-A0D0A524E961}.Test|x64.ActiveCfg = Test|Any CPU
		{B9AA98D2-572B-4C3B-98D2-A0D0A524E961}.Test|x64.Build.0 = Test|Any CPU
		{B9AA98D2-572B-4C3B-98D2-A0D0A524E961}.Test|x86.ActiveCfg = Test|x64
		{73F2E35A-7D81-4909-A3A8-5AB3AB8D718A}.Debug|Any CPU.ActiveCfg = Debug|Any CPU
		{73F2E35A-7D81-4909-A3A8-5AB3AB8D718A}.Debug|Any CPU.Build.0 = Debug|Any CPU
		{73F2E35A-7D81-4909-A3A8-5AB3AB8D718A}.Debug|Mixed Platforms.ActiveCfg = Debug|Any CPU
		{73F2E35A-7D81-4909-A3A8-5AB3AB8D718A}.Debug|Mixed Platforms.Build.0 = Debug|Any CPU
		{73F2E35A-7D81-4909-A3A8-5AB3AB8D718A}.Debug|x64.ActiveCfg = Debug|Any CPU
		{73F2E35A-7D81-4909-A3A8-5AB3AB8D718A}.Debug|x86.ActiveCfg = Debug|Any CPU
		{73F2E35A-7D81-4909-A3A8-5AB3AB8D718A}.Release|Any CPU.ActiveCfg = Release|Any CPU
		{73F2E35A-7D81-4909-A3A8-5AB3AB8D718A}.Release|Any CPU.Build.0 = Release|Any CPU
		{73F2E35A-7D81-4909-A3A8-5AB3AB8D718A}.Release|Mixed Platforms.ActiveCfg = Release|Any CPU
		{73F2E35A-7D81-4909-A3A8-5AB3AB8D718A}.Release|Mixed Platforms.Build.0 = Release|Any CPU
		{73F2E35A-7D81-4909-A3A8-5AB3AB8D718A}.Release|x64.ActiveCfg = Release|Any CPU
		{73F2E35A-7D81-4909-A3A8-5AB3AB8D718A}.Release|x86.ActiveCfg = Release|Any CPU
		{73F2E35A-7D81-4909-A3A8-5AB3AB8D718A}.Test|Any CPU.ActiveCfg = Test|Any CPU
		{73F2E35A-7D81-4909-A3A8-5AB3AB8D718A}.Test|Any CPU.Build.0 = Test|Any CPU
		{73F2E35A-7D81-4909-A3A8-5AB3AB8D718A}.Test|Mixed Platforms.ActiveCfg = Test|Any CPU
		{73F2E35A-7D81-4909-A3A8-5AB3AB8D718A}.Test|Mixed Platforms.Build.0 = Test|Any CPU
		{73F2E35A-7D81-4909-A3A8-5AB3AB8D718A}.Test|x64.ActiveCfg = Test|Any CPU
		{73F2E35A-7D81-4909-A3A8-5AB3AB8D718A}.Test|x64.Build.0 = Test|Any CPU
		{73F2E35A-7D81-4909-A3A8-5AB3AB8D718A}.Test|x86.ActiveCfg = Test|Any CPU
		{E9156C9A-605E-4F21-8BB1-0970DA055FF0}.Debug|Any CPU.ActiveCfg = Debug|Any CPU
		{E9156C9A-605E-4F21-8BB1-0970DA055FF0}.Debug|Any CPU.Build.0 = Debug|Any CPU
		{E9156C9A-605E-4F21-8BB1-0970DA055FF0}.Debug|Mixed Platforms.ActiveCfg = Debug|x64
		{E9156C9A-605E-4F21-8BB1-0970DA055FF0}.Debug|Mixed Platforms.Build.0 = Debug|x64
		{E9156C9A-605E-4F21-8BB1-0970DA055FF0}.Debug|x64.ActiveCfg = Debug|x64
		{E9156C9A-605E-4F21-8BB1-0970DA055FF0}.Debug|x64.Build.0 = Debug|x64
		{E9156C9A-605E-4F21-8BB1-0970DA055FF0}.Debug|x86.ActiveCfg = Debug|x64
		{E9156C9A-605E-4F21-8BB1-0970DA055FF0}.Release|Any CPU.ActiveCfg = Release|Any CPU
		{E9156C9A-605E-4F21-8BB1-0970DA055FF0}.Release|Any CPU.Build.0 = Release|Any CPU
		{E9156C9A-605E-4F21-8BB1-0970DA055FF0}.Release|Mixed Platforms.ActiveCfg = Release|x64
		{E9156C9A-605E-4F21-8BB1-0970DA055FF0}.Release|Mixed Platforms.Build.0 = Release|x64
		{E9156C9A-605E-4F21-8BB1-0970DA055FF0}.Release|x64.ActiveCfg = Release|x64
		{E9156C9A-605E-4F21-8BB1-0970DA055FF0}.Release|x64.Build.0 = Release|x64
		{E9156C9A-605E-4F21-8BB1-0970DA055FF0}.Release|x86.ActiveCfg = Release|x64
		{E9156C9A-605E-4F21-8BB1-0970DA055FF0}.Test|Any CPU.ActiveCfg = Test|Any CPU
		{E9156C9A-605E-4F21-8BB1-0970DA055FF0}.Test|Any CPU.Build.0 = Test|Any CPU
		{E9156C9A-605E-4F21-8BB1-0970DA055FF0}.Test|Mixed Platforms.ActiveCfg = Test|x64
		{E9156C9A-605E-4F21-8BB1-0970DA055FF0}.Test|Mixed Platforms.Build.0 = Test|x64
		{E9156C9A-605E-4F21-8BB1-0970DA055FF0}.Test|x64.ActiveCfg = Test|x64
		{E9156C9A-605E-4F21-8BB1-0970DA055FF0}.Test|x64.Build.0 = Test|x64
		{E9156C9A-605E-4F21-8BB1-0970DA055FF0}.Test|x86.ActiveCfg = Test|x64
		{A05B9ACC-2992-4F9D-9E99-5734E96610F5}.Debug|Any CPU.ActiveCfg = Debug|Any CPU
		{A05B9ACC-2992-4F9D-9E99-5734E96610F5}.Debug|Mixed Platforms.ActiveCfg = Debug|Any CPU
		{A05B9ACC-2992-4F9D-9E99-5734E96610F5}.Debug|x64.ActiveCfg = Debug|Any CPU
		{A05B9ACC-2992-4F9D-9E99-5734E96610F5}.Debug|x86.ActiveCfg = Debug|Any CPU
		{A05B9ACC-2992-4F9D-9E99-5734E96610F5}.Release|Any CPU.ActiveCfg = Release|x64
		{A05B9ACC-2992-4F9D-9E99-5734E96610F5}.Release|Mixed Platforms.ActiveCfg = Release|x64
		{A05B9ACC-2992-4F9D-9E99-5734E96610F5}.Release|x64.ActiveCfg = Release|x64
		{A05B9ACC-2992-4F9D-9E99-5734E96610F5}.Release|x86.ActiveCfg = Release|x64
		{A05B9ACC-2992-4F9D-9E99-5734E96610F5}.Test|Any CPU.ActiveCfg = Test|Any CPU
		{A05B9ACC-2992-4F9D-9E99-5734E96610F5}.Test|Mixed Platforms.ActiveCfg = Test|Any CPU
		{A05B9ACC-2992-4F9D-9E99-5734E96610F5}.Test|x64.ActiveCfg = Test|Any CPU
		{A05B9ACC-2992-4F9D-9E99-5734E96610F5}.Test|x64.Build.0 = Test|Any CPU
		{A05B9ACC-2992-4F9D-9E99-5734E96610F5}.Test|x86.ActiveCfg = Test|Any CPU
		{1DE23F57-1CA1-4EFE-B1BB-842AB94434BD}.Debug|Any CPU.ActiveCfg = Debug|Any CPU
		{1DE23F57-1CA1-4EFE-B1BB-842AB94434BD}.Debug|Any CPU.Build.0 = Debug|Any CPU
		{1DE23F57-1CA1-4EFE-B1BB-842AB94434BD}.Debug|Mixed Platforms.ActiveCfg = Debug|x64
		{1DE23F57-1CA1-4EFE-B1BB-842AB94434BD}.Debug|x64.ActiveCfg = Debug|Any CPU
		{1DE23F57-1CA1-4EFE-B1BB-842AB94434BD}.Debug|x86.ActiveCfg = Debug|x64
		{1DE23F57-1CA1-4EFE-B1BB-842AB94434BD}.Release|Any CPU.ActiveCfg = Release|Any CPU
		{1DE23F57-1CA1-4EFE-B1BB-842AB94434BD}.Release|Any CPU.Build.0 = Release|Any CPU
		{1DE23F57-1CA1-4EFE-B1BB-842AB94434BD}.Release|Mixed Platforms.ActiveCfg = Release|x64
		{1DE23F57-1CA1-4EFE-B1BB-842AB94434BD}.Release|Mixed Platforms.Build.0 = Release|x64
		{1DE23F57-1CA1-4EFE-B1BB-842AB94434BD}.Release|x64.ActiveCfg = Release|x64
		{1DE23F57-1CA1-4EFE-B1BB-842AB94434BD}.Release|x86.ActiveCfg = Release|x64
		{1DE23F57-1CA1-4EFE-B1BB-842AB94434BD}.Test|Any CPU.ActiveCfg = Test|Any CPU
		{1DE23F57-1CA1-4EFE-B1BB-842AB94434BD}.Test|Any CPU.Build.0 = Test|Any CPU
		{1DE23F57-1CA1-4EFE-B1BB-842AB94434BD}.Test|Mixed Platforms.ActiveCfg = Test|x64
		{1DE23F57-1CA1-4EFE-B1BB-842AB94434BD}.Test|Mixed Platforms.Build.0 = Test|x64
		{1DE23F57-1CA1-4EFE-B1BB-842AB94434BD}.Test|x64.ActiveCfg = Test|Any CPU
		{1DE23F57-1CA1-4EFE-B1BB-842AB94434BD}.Test|x64.Build.0 = Test|Any CPU
		{1DE23F57-1CA1-4EFE-B1BB-842AB94434BD}.Test|x86.ActiveCfg = Test|x64
		{D5A7BC9A-6165-43D4-A73B-AC5B9228A1D3}.Debug|Any CPU.ActiveCfg = Debug|x86
		{D5A7BC9A-6165-43D4-A73B-AC5B9228A1D3}.Debug|Mixed Platforms.ActiveCfg = Debug|x86
		{D5A7BC9A-6165-43D4-A73B-AC5B9228A1D3}.Debug|Mixed Platforms.Build.0 = Debug|x86
		{D5A7BC9A-6165-43D4-A73B-AC5B9228A1D3}.Debug|x64.ActiveCfg = Debug|x64
		{D5A7BC9A-6165-43D4-A73B-AC5B9228A1D3}.Debug|x86.ActiveCfg = Debug|x86
		{D5A7BC9A-6165-43D4-A73B-AC5B9228A1D3}.Debug|x86.Build.0 = Debug|x86
		{D5A7BC9A-6165-43D4-A73B-AC5B9228A1D3}.Release|Any CPU.ActiveCfg = Release|x86
		{D5A7BC9A-6165-43D4-A73B-AC5B9228A1D3}.Release|Mixed Platforms.ActiveCfg = Release|x86
		{D5A7BC9A-6165-43D4-A73B-AC5B9228A1D3}.Release|Mixed Platforms.Build.0 = Release|x86
		{D5A7BC9A-6165-43D4-A73B-AC5B9228A1D3}.Release|x64.ActiveCfg = Release|x64
		{D5A7BC9A-6165-43D4-A73B-AC5B9228A1D3}.Release|x86.ActiveCfg = Release|x86
		{D5A7BC9A-6165-43D4-A73B-AC5B9228A1D3}.Release|x86.Build.0 = Release|x86
		{D5A7BC9A-6165-43D4-A73B-AC5B9228A1D3}.Test|Any CPU.ActiveCfg = Release|x86
		{D5A7BC9A-6165-43D4-A73B-AC5B9228A1D3}.Test|Mixed Platforms.ActiveCfg = Release|x86
		{D5A7BC9A-6165-43D4-A73B-AC5B9228A1D3}.Test|Mixed Platforms.Build.0 = Release|x86
		{D5A7BC9A-6165-43D4-A73B-AC5B9228A1D3}.Test|x64.ActiveCfg = Debug|x64
		{D5A7BC9A-6165-43D4-A73B-AC5B9228A1D3}.Test|x64.Build.0 = Debug|x64
		{D5A7BC9A-6165-43D4-A73B-AC5B9228A1D3}.Test|x86.ActiveCfg = Release|x86
		{D5A7BC9A-6165-43D4-A73B-AC5B9228A1D3}.Test|x86.Build.0 = Release|x86
	EndGlobalSection
	GlobalSection(SolutionProperties) = preSolution
		HideSolutionNode = FALSE
	EndGlobalSection
	GlobalSection(NestedProjects) = preSolution
		{4AD32EDB-E47A-4CA8-910A-85C5994530B3} = {B0BE6B91-45A3-4EF1-BE1F-1B8D2BA04EC0}
		{C02FA49B-3DD6-492D-BA16-620C86E5CEC0} = {B0BE6B91-45A3-4EF1-BE1F-1B8D2BA04EC0}
		{FBB13792-B2DF-46A8-AE14-9C17F72F89C0} = {B0BE6B91-45A3-4EF1-BE1F-1B8D2BA04EC0}
		{ADC03106-C782-42E3-A00D-F3715C173FD5} = {B0BE6B91-45A3-4EF1-BE1F-1B8D2BA04EC0}
		{A082F357-1745-4578-AF1F-517BC6EF4007} = {B0BE6B91-45A3-4EF1-BE1F-1B8D2BA04EC0}
		{B9AA98D2-572B-4C3B-98D2-A0D0A524E961} = {B0BE6B91-45A3-4EF1-BE1F-1B8D2BA04EC0}
		{73F2E35A-7D81-4909-A3A8-5AB3AB8D718A} = {B0BE6B91-45A3-4EF1-BE1F-1B8D2BA04EC0}
		{A05B9ACC-2992-4F9D-9E99-5734E96610F5} = {B0BE6B91-45A3-4EF1-BE1F-1B8D2BA04EC0}
		{1DE23F57-1CA1-4EFE-B1BB-842AB94434BD} = {B0BE6B91-45A3-4EF1-BE1F-1B8D2BA04EC0}
		{D5A7BC9A-6165-43D4-A73B-AC5B9228A1D3} = {B0BE6B91-45A3-4EF1-BE1F-1B8D2BA04EC0}
	EndGlobalSection
EndGlobal
