
Microsoft Visual Studio Solution File, Format Version 10.00
# Visual Studio 2008
Project("{FAE04EC0-301F-11D3-BF4B-00C04F79EFBC}") = "NbtLogic", "NbtLogic\NbtLogic.csproj", "{666C22F0-FBD7-44A7-8C2F-320C1C238BBB}"
EndProject
Project("{FAE04EC0-301F-11D3-BF4B-00C04F79EFBC}") = "NbtSchedService", "NbtSchedService\NbtSchedService.csproj", "{B574FD7D-C8C5-45D9-B5A0-D1FC87180237}"
EndProject
Project("{FAE04EC0-301F-11D3-BF4B-00C04F79EFBC}") = "NbtWebControls", "NbtWebControls\NbtWebControls.csproj", "{293DA38F-602B-4974-BB33-CD2678847BF9}"
EndProject
Project("{E24C65DC-7377-472B-9ABA-BC803B73C61A}") = "NBTWebApp", "http://localhost/NBTWebApp", "{B5F005B4-6E86-4EFC-958F-E4E36FCF474A}"
	ProjectSection(WebsiteProperties) = preProject
		SccProjectName = ""
		SccAuxPath = ""
		SccLocalPath = ""
		SccProvider = ""
		TargetFramework = "3.5"
		ProjectReferences = "{293DA38F-602B-4974-BB33-CD2678847BF9}|NbtWebControls.dll;{666C22F0-FBD7-44A7-8C2F-320C1C238BBB}|NbtLogic.dll;{600062EA-970D-4D9E-B216-C767EA9DB0DB}|NbtConfig.dll;{B92FFEC1-5B04-443E-9004-8D60F26BE07D}|CswWebControls.dll;{7944CF43-5E22-4C47-A3C6-4C052FC7E916}|CswCommon.dll;"
		Debug.AspNetCompiler.VirtualPath = "/NBTWebApp"
		Debug.AspNetCompiler.PhysicalPath = "NbtWebApp\"
		Debug.AspNetCompiler.TargetPath = "PrecompiledWeb\NBTWebApp\"
		Debug.AspNetCompiler.Updateable = "true"
		Debug.AspNetCompiler.ForceOverwrite = "true"
		Debug.AspNetCompiler.FixedNames = "false"
		Debug.AspNetCompiler.Debug = "True"
		Release.AspNetCompiler.VirtualPath = "/NBTWebApp"
		Release.AspNetCompiler.PhysicalPath = "NbtWebApp\"
		Release.AspNetCompiler.TargetPath = "PrecompiledWeb\NBTWebApp\"
		Release.AspNetCompiler.Updateable = "true"
		Release.AspNetCompiler.ForceOverwrite = "true"
		Release.AspNetCompiler.FixedNames = "false"
		Release.AspNetCompiler.Debug = "False"
		SlnRelativePath = "NbtWebApp\"
	EndProjectSection
EndProject
Project("{FAE04EC0-301F-11D3-BF4B-00C04F79EFBC}") = "NbtConfig", "NbtConfig\NbtConfig.csproj", "{600062EA-970D-4D9E-B216-C767EA9DB0DB}"
EndProject
Project("{54435603-DBB4-11D2-8724-00A0C9A8B90C}") = "NbtWebAppSetup", "NbtWebAppSetup\NbtWebAppSetup.vdproj", "{40838BD9-6D27-4DAD-AF2A-867568BD363C}"
EndProject
Project("{FAE04EC0-301F-11D3-BF4B-00C04F79EFBC}") = "NbtSchemaUpdater", "NbtSchemaUpdater\NbtSchemaUpdater.csproj", "{2F0105E6-B4AB-4CB7-BE26-28478303157C}"
EndProject
Project("{2150E333-8FDC-42A3-9474-1A3956D46DE8}") = "TestApps", "TestApps", "{8468F83B-6650-47B2-A950-3A3ACADE8BEF}"
EndProject
Project("{FAE04EC0-301F-11D3-BF4B-00C04F79EFBC}") = "NbtSchemaUpdateAutoTest", "TestApps\NbtSchemaUpdateAutoTest\NbtSchemaUpdateAutoTest.csproj", "{EE041BD8-EBAC-48DF-982F-53BC96C8AD46}"
EndProject
Project("{FAE04EC0-301F-11D3-BF4B-00C04F79EFBC}") = "CswWebControls", "..\..\CswWebControls\CswWebControls\CswWebControls.csproj", "{B92FFEC1-5B04-443E-9004-8D60F26BE07D}"
EndProject
Project("{FAE04EC0-301F-11D3-BF4B-00C04F79EFBC}") = "CswCommon", "..\..\CswCommon\CswCommon\CswCommon.csproj", "{7944CF43-5E22-4C47-A3C6-4C052FC7E916}"
EndProject
Project("{FAE04EC0-301F-11D3-BF4B-00C04F79EFBC}") = "CswConfigUI", "..\..\CswConfigUI\CswConfigUI\CswConfigUI.csproj", "{F85661A7-7C86-4197-9570-F77B4059B51C}"
EndProject
Project("{FAE04EC0-301F-11D3-BF4B-00C04F79EFBC}") = "SchedulerGuiTest", "TestApps\SchedulerGuiTest\SchedulerGuiTest.csproj", "{66C57DA7-2DFF-499E-A6BA-6C684047E715}"
EndProject
Project("{FAE04EC0-301F-11D3-BF4B-00C04F79EFBC}") = "NbtSchemaImporter", "NbtSchemaImporter\NbtSchemaImporter.csproj", "{BA411E96-4576-4F21-B364-2FC449897C65}"
EndProject
Project("{FAE04EC0-301F-11D3-BF4B-00C04F79EFBC}") = "NbtSchemaDiff", "TestApps\NbtSchemaDiff\NbtSchemaDiff.csproj", "{75EC0774-2C45-4C7B-BB9E-E2F977D27810}"
EndProject
Project("{FAE04EC0-301F-11D3-BF4B-00C04F79EFBC}") = "CswFormsControls", "..\..\CswFormsControls\CswFormsControls\CswFormsControls.csproj", "{7694BC70-7631-4AA1-B9C0-A08C14D83622}"
EndProject
Project("{FAE04EC0-301F-11D3-BF4B-00C04F79EFBC}") = "NbtLogService", "NbtLogService\NbtLogService.csproj", "{B96B35B6-8249-411F-9CCF-8B468CEFB042}"
EndProject
Project("{E24C65DC-7377-472B-9ABA-BC803B73C61A}") = "NbtMobileWeb", "http://localhost/NbtMobileWeb", "{776D27D3-5DAD-42BD-82AA-5B8F7E56023E}"
	ProjectSection(WebsiteProperties) = preProject
		TargetFramework = "3.5"
		ProjectReferences = "{7944CF43-5E22-4C47-A3C6-4C052FC7E916}|CswCommon.dll;{B92FFEC1-5B04-443E-9004-8D60F26BE07D}|CswWebControls.dll;{600062EA-970D-4D9E-B216-C767EA9DB0DB}|NbtConfig.dll;{666C22F0-FBD7-44A7-8C2F-320C1C238BBB}|NbtLogic.dll;{293DA38F-602B-4974-BB33-CD2678847BF9}|NbtWebControls.dll;"
		Debug.AspNetCompiler.VirtualPath = "/NbtMobileWeb"
		Debug.AspNetCompiler.PhysicalPath = "NbtMobileWeb\"
		Debug.AspNetCompiler.TargetPath = "PrecompiledWeb\NbtMobileWeb\"
		Debug.AspNetCompiler.Updateable = "true"
		Debug.AspNetCompiler.ForceOverwrite = "true"
		Debug.AspNetCompiler.FixedNames = "false"
		Debug.AspNetCompiler.Debug = "True"
		Release.AspNetCompiler.VirtualPath = "/NbtMobileWeb"
		Release.AspNetCompiler.PhysicalPath = "NbtMobileWeb\"
		Release.AspNetCompiler.TargetPath = "PrecompiledWeb\NbtMobileWeb\"
		Release.AspNetCompiler.Updateable = "true"
		Release.AspNetCompiler.ForceOverwrite = "true"
		Release.AspNetCompiler.FixedNames = "false"
		Release.AspNetCompiler.Debug = "False"
		SlnRelativePath = "NbtMobileWeb\"
	EndProjectSection
EndProject
Global
	GlobalSection(SolutionConfigurationPlatforms) = preSolution
		Atlas|.NET = Atlas|.NET
		Atlas|Any CPU = Atlas|Any CPU
		Atlas|Mixed Platforms = Atlas|Mixed Platforms
		Atlas|Win32 = Atlas|Win32
		CommunityServer2|.NET = CommunityServer2|.NET
		CommunityServer2|Any CPU = CommunityServer2|Any CPU
		CommunityServer2|Mixed Platforms = CommunityServer2|Mixed Platforms
		CommunityServer2|Win32 = CommunityServer2|Win32
		Debug|.NET = Debug|.NET
		Debug|Any CPU = Debug|Any CPU
		Debug|Mixed Platforms = Debug|Mixed Platforms
		Debug|Win32 = Debug|Win32
		DebugReporting|.NET = DebugReporting|.NET
		DebugReporting|Any CPU = DebugReporting|Any CPU
		DebugReporting|Mixed Platforms = DebugReporting|Mixed Platforms
		DebugReporting|Win32 = DebugReporting|Win32
		Debug-TRIAL|.NET = Debug-TRIAL|.NET
		Debug-TRIAL|Any CPU = Debug-TRIAL|Any CPU
		Debug-TRIAL|Mixed Platforms = Debug-TRIAL|Mixed Platforms
		Debug-TRIAL|Win32 = Debug-TRIAL|Win32
		Release|.NET = Release|.NET
		Release|Any CPU = Release|Any CPU
		Release|Mixed Platforms = Release|Mixed Platforms
		Release|Win32 = Release|Win32
		Release-TRIAL|.NET = Release-TRIAL|.NET
		Release-TRIAL|Any CPU = Release-TRIAL|Any CPU
		Release-TRIAL|Mixed Platforms = Release-TRIAL|Mixed Platforms
		Release-TRIAL|Win32 = Release-TRIAL|Win32
		Reporting|.NET = Reporting|.NET
		Reporting|Any CPU = Reporting|Any CPU
		Reporting|Mixed Platforms = Reporting|Mixed Platforms
		Reporting|Win32 = Reporting|Win32
	EndGlobalSection
	GlobalSection(ProjectConfigurationPlatforms) = postSolution
		{666C22F0-FBD7-44A7-8C2F-320C1C238BBB}.Atlas|.NET.ActiveCfg = Release|Any CPU
		{666C22F0-FBD7-44A7-8C2F-320C1C238BBB}.Atlas|Any CPU.ActiveCfg = Release|Any CPU
		{666C22F0-FBD7-44A7-8C2F-320C1C238BBB}.Atlas|Any CPU.Build.0 = Release|Any CPU
		{666C22F0-FBD7-44A7-8C2F-320C1C238BBB}.Atlas|Mixed Platforms.ActiveCfg = Release|Any CPU
		{666C22F0-FBD7-44A7-8C2F-320C1C238BBB}.Atlas|Mixed Platforms.Build.0 = Release|Any CPU
		{666C22F0-FBD7-44A7-8C2F-320C1C238BBB}.Atlas|Win32.ActiveCfg = Release|Any CPU
		{666C22F0-FBD7-44A7-8C2F-320C1C238BBB}.CommunityServer2|.NET.ActiveCfg = Release|Any CPU
		{666C22F0-FBD7-44A7-8C2F-320C1C238BBB}.CommunityServer2|Any CPU.ActiveCfg = Release|Any CPU
		{666C22F0-FBD7-44A7-8C2F-320C1C238BBB}.CommunityServer2|Any CPU.Build.0 = Release|Any CPU
		{666C22F0-FBD7-44A7-8C2F-320C1C238BBB}.CommunityServer2|Mixed Platforms.ActiveCfg = Release|Any CPU
		{666C22F0-FBD7-44A7-8C2F-320C1C238BBB}.CommunityServer2|Mixed Platforms.Build.0 = Release|Any CPU
		{666C22F0-FBD7-44A7-8C2F-320C1C238BBB}.CommunityServer2|Win32.ActiveCfg = Release|Any CPU
		{666C22F0-FBD7-44A7-8C2F-320C1C238BBB}.Debug|.NET.ActiveCfg = Debug|Any CPU
		{666C22F0-FBD7-44A7-8C2F-320C1C238BBB}.Debug|Any CPU.ActiveCfg = Debug|Any CPU
		{666C22F0-FBD7-44A7-8C2F-320C1C238BBB}.Debug|Any CPU.Build.0 = Debug|Any CPU
		{666C22F0-FBD7-44A7-8C2F-320C1C238BBB}.Debug|Mixed Platforms.ActiveCfg = Debug|Any CPU
		{666C22F0-FBD7-44A7-8C2F-320C1C238BBB}.Debug|Mixed Platforms.Build.0 = Debug|Any CPU
		{666C22F0-FBD7-44A7-8C2F-320C1C238BBB}.Debug|Win32.ActiveCfg = Debug|Any CPU
		{666C22F0-FBD7-44A7-8C2F-320C1C238BBB}.DebugReporting|.NET.ActiveCfg = Debug|Any CPU
		{666C22F0-FBD7-44A7-8C2F-320C1C238BBB}.DebugReporting|Any CPU.ActiveCfg = Debug|Any CPU
		{666C22F0-FBD7-44A7-8C2F-320C1C238BBB}.DebugReporting|Any CPU.Build.0 = Debug|Any CPU
		{666C22F0-FBD7-44A7-8C2F-320C1C238BBB}.DebugReporting|Mixed Platforms.ActiveCfg = Debug|Any CPU
		{666C22F0-FBD7-44A7-8C2F-320C1C238BBB}.DebugReporting|Mixed Platforms.Build.0 = Debug|Any CPU
		{666C22F0-FBD7-44A7-8C2F-320C1C238BBB}.DebugReporting|Win32.ActiveCfg = Debug|Any CPU
		{666C22F0-FBD7-44A7-8C2F-320C1C238BBB}.Debug-TRIAL|.NET.ActiveCfg = Debug|Any CPU
		{666C22F0-FBD7-44A7-8C2F-320C1C238BBB}.Debug-TRIAL|Any CPU.ActiveCfg = Debug|Any CPU
		{666C22F0-FBD7-44A7-8C2F-320C1C238BBB}.Debug-TRIAL|Any CPU.Build.0 = Debug|Any CPU
		{666C22F0-FBD7-44A7-8C2F-320C1C238BBB}.Debug-TRIAL|Mixed Platforms.ActiveCfg = Debug|Any CPU
		{666C22F0-FBD7-44A7-8C2F-320C1C238BBB}.Debug-TRIAL|Mixed Platforms.Build.0 = Debug|Any CPU
		{666C22F0-FBD7-44A7-8C2F-320C1C238BBB}.Debug-TRIAL|Win32.ActiveCfg = Debug|Any CPU
		{666C22F0-FBD7-44A7-8C2F-320C1C238BBB}.Release|.NET.ActiveCfg = Release|Any CPU
		{666C22F0-FBD7-44A7-8C2F-320C1C238BBB}.Release|Any CPU.ActiveCfg = Release|Any CPU
		{666C22F0-FBD7-44A7-8C2F-320C1C238BBB}.Release|Any CPU.Build.0 = Release|Any CPU
		{666C22F0-FBD7-44A7-8C2F-320C1C238BBB}.Release|Mixed Platforms.ActiveCfg = Release|Any CPU
		{666C22F0-FBD7-44A7-8C2F-320C1C238BBB}.Release|Mixed Platforms.Build.0 = Release|Any CPU
		{666C22F0-FBD7-44A7-8C2F-320C1C238BBB}.Release|Win32.ActiveCfg = Release|Any CPU
		{666C22F0-FBD7-44A7-8C2F-320C1C238BBB}.Release-TRIAL|.NET.ActiveCfg = Release|Any CPU
		{666C22F0-FBD7-44A7-8C2F-320C1C238BBB}.Release-TRIAL|Any CPU.ActiveCfg = Release|Any CPU
		{666C22F0-FBD7-44A7-8C2F-320C1C238BBB}.Release-TRIAL|Any CPU.Build.0 = Release|Any CPU
		{666C22F0-FBD7-44A7-8C2F-320C1C238BBB}.Release-TRIAL|Mixed Platforms.ActiveCfg = Release|Any CPU
		{666C22F0-FBD7-44A7-8C2F-320C1C238BBB}.Release-TRIAL|Mixed Platforms.Build.0 = Release|Any CPU
		{666C22F0-FBD7-44A7-8C2F-320C1C238BBB}.Release-TRIAL|Win32.ActiveCfg = Release|Any CPU
		{666C22F0-FBD7-44A7-8C2F-320C1C238BBB}.Reporting|.NET.ActiveCfg = Release|Any CPU
		{666C22F0-FBD7-44A7-8C2F-320C1C238BBB}.Reporting|Any CPU.ActiveCfg = Release|Any CPU
		{666C22F0-FBD7-44A7-8C2F-320C1C238BBB}.Reporting|Any CPU.Build.0 = Release|Any CPU
		{666C22F0-FBD7-44A7-8C2F-320C1C238BBB}.Reporting|Mixed Platforms.ActiveCfg = Release|Any CPU
		{666C22F0-FBD7-44A7-8C2F-320C1C238BBB}.Reporting|Mixed Platforms.Build.0 = Release|Any CPU
		{666C22F0-FBD7-44A7-8C2F-320C1C238BBB}.Reporting|Win32.ActiveCfg = Release|Any CPU
		{B574FD7D-C8C5-45D9-B5A0-D1FC87180237}.Atlas|.NET.ActiveCfg = Release|Any CPU
		{B574FD7D-C8C5-45D9-B5A0-D1FC87180237}.Atlas|Any CPU.ActiveCfg = Release|Any CPU
		{B574FD7D-C8C5-45D9-B5A0-D1FC87180237}.Atlas|Any CPU.Build.0 = Release|Any CPU
		{B574FD7D-C8C5-45D9-B5A0-D1FC87180237}.Atlas|Mixed Platforms.ActiveCfg = Release|Any CPU
		{B574FD7D-C8C5-45D9-B5A0-D1FC87180237}.Atlas|Mixed Platforms.Build.0 = Release|Any CPU
		{B574FD7D-C8C5-45D9-B5A0-D1FC87180237}.Atlas|Win32.ActiveCfg = Release|Any CPU
		{B574FD7D-C8C5-45D9-B5A0-D1FC87180237}.CommunityServer2|.NET.ActiveCfg = Release|Any CPU
		{B574FD7D-C8C5-45D9-B5A0-D1FC87180237}.CommunityServer2|Any CPU.ActiveCfg = Release|Any CPU
		{B574FD7D-C8C5-45D9-B5A0-D1FC87180237}.CommunityServer2|Any CPU.Build.0 = Release|Any CPU
		{B574FD7D-C8C5-45D9-B5A0-D1FC87180237}.CommunityServer2|Mixed Platforms.ActiveCfg = Release|Any CPU
		{B574FD7D-C8C5-45D9-B5A0-D1FC87180237}.CommunityServer2|Mixed Platforms.Build.0 = Release|Any CPU
		{B574FD7D-C8C5-45D9-B5A0-D1FC87180237}.CommunityServer2|Win32.ActiveCfg = Release|Any CPU
		{B574FD7D-C8C5-45D9-B5A0-D1FC87180237}.Debug|.NET.ActiveCfg = Debug|Any CPU
		{B574FD7D-C8C5-45D9-B5A0-D1FC87180237}.Debug|Any CPU.ActiveCfg = Debug|Any CPU
		{B574FD7D-C8C5-45D9-B5A0-D1FC87180237}.Debug|Any CPU.Build.0 = Debug|Any CPU
		{B574FD7D-C8C5-45D9-B5A0-D1FC87180237}.Debug|Mixed Platforms.ActiveCfg = Debug|Any CPU
		{B574FD7D-C8C5-45D9-B5A0-D1FC87180237}.Debug|Mixed Platforms.Build.0 = Debug|Any CPU
		{B574FD7D-C8C5-45D9-B5A0-D1FC87180237}.Debug|Win32.ActiveCfg = Debug|Any CPU
		{B574FD7D-C8C5-45D9-B5A0-D1FC87180237}.DebugReporting|.NET.ActiveCfg = Debug|Any CPU
		{B574FD7D-C8C5-45D9-B5A0-D1FC87180237}.DebugReporting|Any CPU.ActiveCfg = Debug|Any CPU
		{B574FD7D-C8C5-45D9-B5A0-D1FC87180237}.DebugReporting|Any CPU.Build.0 = Debug|Any CPU
		{B574FD7D-C8C5-45D9-B5A0-D1FC87180237}.DebugReporting|Mixed Platforms.ActiveCfg = Debug|Any CPU
		{B574FD7D-C8C5-45D9-B5A0-D1FC87180237}.DebugReporting|Mixed Platforms.Build.0 = Debug|Any CPU
		{B574FD7D-C8C5-45D9-B5A0-D1FC87180237}.DebugReporting|Win32.ActiveCfg = Debug|Any CPU
		{B574FD7D-C8C5-45D9-B5A0-D1FC87180237}.Debug-TRIAL|.NET.ActiveCfg = Debug|Any CPU
		{B574FD7D-C8C5-45D9-B5A0-D1FC87180237}.Debug-TRIAL|Any CPU.ActiveCfg = Debug|Any CPU
		{B574FD7D-C8C5-45D9-B5A0-D1FC87180237}.Debug-TRIAL|Any CPU.Build.0 = Debug|Any CPU
		{B574FD7D-C8C5-45D9-B5A0-D1FC87180237}.Debug-TRIAL|Mixed Platforms.ActiveCfg = Debug|Any CPU
		{B574FD7D-C8C5-45D9-B5A0-D1FC87180237}.Debug-TRIAL|Mixed Platforms.Build.0 = Debug|Any CPU
		{B574FD7D-C8C5-45D9-B5A0-D1FC87180237}.Debug-TRIAL|Win32.ActiveCfg = Debug|Any CPU
		{B574FD7D-C8C5-45D9-B5A0-D1FC87180237}.Release|.NET.ActiveCfg = Release|Any CPU
		{B574FD7D-C8C5-45D9-B5A0-D1FC87180237}.Release|Any CPU.ActiveCfg = Release|Any CPU
		{B574FD7D-C8C5-45D9-B5A0-D1FC87180237}.Release|Any CPU.Build.0 = Release|Any CPU
		{B574FD7D-C8C5-45D9-B5A0-D1FC87180237}.Release|Mixed Platforms.ActiveCfg = Release|Any CPU
		{B574FD7D-C8C5-45D9-B5A0-D1FC87180237}.Release|Mixed Platforms.Build.0 = Release|Any CPU
		{B574FD7D-C8C5-45D9-B5A0-D1FC87180237}.Release|Win32.ActiveCfg = Release|Any CPU
		{B574FD7D-C8C5-45D9-B5A0-D1FC87180237}.Release-TRIAL|.NET.ActiveCfg = Release|Any CPU
		{B574FD7D-C8C5-45D9-B5A0-D1FC87180237}.Release-TRIAL|Any CPU.ActiveCfg = Release|Any CPU
		{B574FD7D-C8C5-45D9-B5A0-D1FC87180237}.Release-TRIAL|Any CPU.Build.0 = Release|Any CPU
		{B574FD7D-C8C5-45D9-B5A0-D1FC87180237}.Release-TRIAL|Mixed Platforms.ActiveCfg = Release|Any CPU
		{B574FD7D-C8C5-45D9-B5A0-D1FC87180237}.Release-TRIAL|Mixed Platforms.Build.0 = Release|Any CPU
		{B574FD7D-C8C5-45D9-B5A0-D1FC87180237}.Release-TRIAL|Win32.ActiveCfg = Release|Any CPU
		{B574FD7D-C8C5-45D9-B5A0-D1FC87180237}.Reporting|.NET.ActiveCfg = Release|Any CPU
		{B574FD7D-C8C5-45D9-B5A0-D1FC87180237}.Reporting|Any CPU.ActiveCfg = Release|Any CPU
		{B574FD7D-C8C5-45D9-B5A0-D1FC87180237}.Reporting|Any CPU.Build.0 = Release|Any CPU
		{B574FD7D-C8C5-45D9-B5A0-D1FC87180237}.Reporting|Mixed Platforms.ActiveCfg = Release|Any CPU
		{B574FD7D-C8C5-45D9-B5A0-D1FC87180237}.Reporting|Mixed Platforms.Build.0 = Release|Any CPU
		{B574FD7D-C8C5-45D9-B5A0-D1FC87180237}.Reporting|Win32.ActiveCfg = Release|Any CPU
		{293DA38F-602B-4974-BB33-CD2678847BF9}.Atlas|.NET.ActiveCfg = Release|Any CPU
		{293DA38F-602B-4974-BB33-CD2678847BF9}.Atlas|Any CPU.ActiveCfg = Release|Any CPU
		{293DA38F-602B-4974-BB33-CD2678847BF9}.Atlas|Any CPU.Build.0 = Release|Any CPU
		{293DA38F-602B-4974-BB33-CD2678847BF9}.Atlas|Mixed Platforms.ActiveCfg = Release|Any CPU
		{293DA38F-602B-4974-BB33-CD2678847BF9}.Atlas|Mixed Platforms.Build.0 = Release|Any CPU
		{293DA38F-602B-4974-BB33-CD2678847BF9}.Atlas|Win32.ActiveCfg = Release|Any CPU
		{293DA38F-602B-4974-BB33-CD2678847BF9}.CommunityServer2|.NET.ActiveCfg = Release|Any CPU
		{293DA38F-602B-4974-BB33-CD2678847BF9}.CommunityServer2|Any CPU.ActiveCfg = Release|Any CPU
		{293DA38F-602B-4974-BB33-CD2678847BF9}.CommunityServer2|Any CPU.Build.0 = Release|Any CPU
		{293DA38F-602B-4974-BB33-CD2678847BF9}.CommunityServer2|Mixed Platforms.ActiveCfg = Release|Any CPU
		{293DA38F-602B-4974-BB33-CD2678847BF9}.CommunityServer2|Mixed Platforms.Build.0 = Release|Any CPU
		{293DA38F-602B-4974-BB33-CD2678847BF9}.CommunityServer2|Win32.ActiveCfg = Release|Any CPU
		{293DA38F-602B-4974-BB33-CD2678847BF9}.Debug|.NET.ActiveCfg = Debug|Any CPU
		{293DA38F-602B-4974-BB33-CD2678847BF9}.Debug|Any CPU.ActiveCfg = Debug|Any CPU
		{293DA38F-602B-4974-BB33-CD2678847BF9}.Debug|Any CPU.Build.0 = Debug|Any CPU
		{293DA38F-602B-4974-BB33-CD2678847BF9}.Debug|Mixed Platforms.ActiveCfg = Debug|Any CPU
		{293DA38F-602B-4974-BB33-CD2678847BF9}.Debug|Mixed Platforms.Build.0 = Debug|Any CPU
		{293DA38F-602B-4974-BB33-CD2678847BF9}.Debug|Win32.ActiveCfg = Debug|Any CPU
		{293DA38F-602B-4974-BB33-CD2678847BF9}.DebugReporting|.NET.ActiveCfg = Debug|Any CPU
		{293DA38F-602B-4974-BB33-CD2678847BF9}.DebugReporting|Any CPU.ActiveCfg = Debug|Any CPU
		{293DA38F-602B-4974-BB33-CD2678847BF9}.DebugReporting|Any CPU.Build.0 = Debug|Any CPU
		{293DA38F-602B-4974-BB33-CD2678847BF9}.DebugReporting|Mixed Platforms.ActiveCfg = Debug|Any CPU
		{293DA38F-602B-4974-BB33-CD2678847BF9}.DebugReporting|Mixed Platforms.Build.0 = Debug|Any CPU
		{293DA38F-602B-4974-BB33-CD2678847BF9}.DebugReporting|Win32.ActiveCfg = Debug|Any CPU
		{293DA38F-602B-4974-BB33-CD2678847BF9}.Debug-TRIAL|.NET.ActiveCfg = Debug|Any CPU
		{293DA38F-602B-4974-BB33-CD2678847BF9}.Debug-TRIAL|Any CPU.ActiveCfg = Debug|Any CPU
		{293DA38F-602B-4974-BB33-CD2678847BF9}.Debug-TRIAL|Any CPU.Build.0 = Debug|Any CPU
		{293DA38F-602B-4974-BB33-CD2678847BF9}.Debug-TRIAL|Mixed Platforms.ActiveCfg = Debug|Any CPU
		{293DA38F-602B-4974-BB33-CD2678847BF9}.Debug-TRIAL|Mixed Platforms.Build.0 = Debug|Any CPU
		{293DA38F-602B-4974-BB33-CD2678847BF9}.Debug-TRIAL|Win32.ActiveCfg = Debug|Any CPU
		{293DA38F-602B-4974-BB33-CD2678847BF9}.Release|.NET.ActiveCfg = Release|Any CPU
		{293DA38F-602B-4974-BB33-CD2678847BF9}.Release|Any CPU.ActiveCfg = Release|Any CPU
		{293DA38F-602B-4974-BB33-CD2678847BF9}.Release|Any CPU.Build.0 = Release|Any CPU
		{293DA38F-602B-4974-BB33-CD2678847BF9}.Release|Mixed Platforms.ActiveCfg = Release|Any CPU
		{293DA38F-602B-4974-BB33-CD2678847BF9}.Release|Mixed Platforms.Build.0 = Release|Any CPU
		{293DA38F-602B-4974-BB33-CD2678847BF9}.Release|Win32.ActiveCfg = Release|Any CPU
		{293DA38F-602B-4974-BB33-CD2678847BF9}.Release-TRIAL|.NET.ActiveCfg = Release|Any CPU
		{293DA38F-602B-4974-BB33-CD2678847BF9}.Release-TRIAL|Any CPU.ActiveCfg = Release|Any CPU
		{293DA38F-602B-4974-BB33-CD2678847BF9}.Release-TRIAL|Any CPU.Build.0 = Release|Any CPU
		{293DA38F-602B-4974-BB33-CD2678847BF9}.Release-TRIAL|Mixed Platforms.ActiveCfg = Release|Any CPU
		{293DA38F-602B-4974-BB33-CD2678847BF9}.Release-TRIAL|Mixed Platforms.Build.0 = Release|Any CPU
		{293DA38F-602B-4974-BB33-CD2678847BF9}.Release-TRIAL|Win32.ActiveCfg = Release|Any CPU
		{293DA38F-602B-4974-BB33-CD2678847BF9}.Reporting|.NET.ActiveCfg = Release|Any CPU
		{293DA38F-602B-4974-BB33-CD2678847BF9}.Reporting|Any CPU.ActiveCfg = Release|Any CPU
		{293DA38F-602B-4974-BB33-CD2678847BF9}.Reporting|Any CPU.Build.0 = Release|Any CPU
		{293DA38F-602B-4974-BB33-CD2678847BF9}.Reporting|Mixed Platforms.ActiveCfg = Release|Any CPU
		{293DA38F-602B-4974-BB33-CD2678847BF9}.Reporting|Mixed Platforms.Build.0 = Release|Any CPU
		{293DA38F-602B-4974-BB33-CD2678847BF9}.Reporting|Win32.ActiveCfg = Release|Any CPU
		{B5F005B4-6E86-4EFC-958F-E4E36FCF474A}.Atlas|.NET.ActiveCfg = Debug|.NET
		{B5F005B4-6E86-4EFC-958F-E4E36FCF474A}.Atlas|.NET.Build.0 = Debug|.NET
		{B5F005B4-6E86-4EFC-958F-E4E36FCF474A}.Atlas|Any CPU.ActiveCfg = Debug|.NET
		{B5F005B4-6E86-4EFC-958F-E4E36FCF474A}.Atlas|Mixed Platforms.ActiveCfg = Debug|.NET
		{B5F005B4-6E86-4EFC-958F-E4E36FCF474A}.Atlas|Mixed Platforms.Build.0 = Debug|.NET
		{B5F005B4-6E86-4EFC-958F-E4E36FCF474A}.Atlas|Win32.ActiveCfg = Debug|.NET
		{B5F005B4-6E86-4EFC-958F-E4E36FCF474A}.CommunityServer2|.NET.ActiveCfg = Debug|.NET
		{B5F005B4-6E86-4EFC-958F-E4E36FCF474A}.CommunityServer2|.NET.Build.0 = Debug|.NET
		{B5F005B4-6E86-4EFC-958F-E4E36FCF474A}.CommunityServer2|Any CPU.ActiveCfg = Debug|.NET
		{B5F005B4-6E86-4EFC-958F-E4E36FCF474A}.CommunityServer2|Mixed Platforms.ActiveCfg = Debug|.NET
		{B5F005B4-6E86-4EFC-958F-E4E36FCF474A}.CommunityServer2|Mixed Platforms.Build.0 = Debug|.NET
		{B5F005B4-6E86-4EFC-958F-E4E36FCF474A}.CommunityServer2|Win32.ActiveCfg = Debug|.NET
		{B5F005B4-6E86-4EFC-958F-E4E36FCF474A}.Debug|.NET.ActiveCfg = Debug|.NET
		{B5F005B4-6E86-4EFC-958F-E4E36FCF474A}.Debug|.NET.Build.0 = Debug|.NET
		{B5F005B4-6E86-4EFC-958F-E4E36FCF474A}.Debug|Any CPU.ActiveCfg = Debug|.NET
		{B5F005B4-6E86-4EFC-958F-E4E36FCF474A}.Debug|Mixed Platforms.ActiveCfg = Debug|.NET
		{B5F005B4-6E86-4EFC-958F-E4E36FCF474A}.Debug|Mixed Platforms.Build.0 = Debug|.NET
		{B5F005B4-6E86-4EFC-958F-E4E36FCF474A}.Debug|Win32.ActiveCfg = Debug|.NET
		{B5F005B4-6E86-4EFC-958F-E4E36FCF474A}.DebugReporting|.NET.ActiveCfg = Debug|.NET
		{B5F005B4-6E86-4EFC-958F-E4E36FCF474A}.DebugReporting|.NET.Build.0 = Debug|.NET
		{B5F005B4-6E86-4EFC-958F-E4E36FCF474A}.DebugReporting|Any CPU.ActiveCfg = Debug|.NET
		{B5F005B4-6E86-4EFC-958F-E4E36FCF474A}.DebugReporting|Mixed Platforms.ActiveCfg = Debug|.NET
		{B5F005B4-6E86-4EFC-958F-E4E36FCF474A}.DebugReporting|Mixed Platforms.Build.0 = Debug|.NET
		{B5F005B4-6E86-4EFC-958F-E4E36FCF474A}.DebugReporting|Win32.ActiveCfg = Debug|.NET
		{B5F005B4-6E86-4EFC-958F-E4E36FCF474A}.Debug-TRIAL|.NET.ActiveCfg = Debug|.NET
		{B5F005B4-6E86-4EFC-958F-E4E36FCF474A}.Debug-TRIAL|.NET.Build.0 = Debug|.NET
		{B5F005B4-6E86-4EFC-958F-E4E36FCF474A}.Debug-TRIAL|Any CPU.ActiveCfg = Debug|.NET
		{B5F005B4-6E86-4EFC-958F-E4E36FCF474A}.Debug-TRIAL|Mixed Platforms.ActiveCfg = Debug|.NET
		{B5F005B4-6E86-4EFC-958F-E4E36FCF474A}.Debug-TRIAL|Mixed Platforms.Build.0 = Debug|.NET
		{B5F005B4-6E86-4EFC-958F-E4E36FCF474A}.Debug-TRIAL|Win32.ActiveCfg = Debug|.NET
		{B5F005B4-6E86-4EFC-958F-E4E36FCF474A}.Release|.NET.ActiveCfg = Debug|.NET
		{B5F005B4-6E86-4EFC-958F-E4E36FCF474A}.Release|.NET.Build.0 = Debug|.NET
		{B5F005B4-6E86-4EFC-958F-E4E36FCF474A}.Release|Any CPU.ActiveCfg = Debug|.NET
		{B5F005B4-6E86-4EFC-958F-E4E36FCF474A}.Release|Mixed Platforms.ActiveCfg = Debug|.NET
		{B5F005B4-6E86-4EFC-958F-E4E36FCF474A}.Release|Mixed Platforms.Build.0 = Debug|.NET
		{B5F005B4-6E86-4EFC-958F-E4E36FCF474A}.Release|Win32.ActiveCfg = Debug|.NET
		{B5F005B4-6E86-4EFC-958F-E4E36FCF474A}.Release-TRIAL|.NET.ActiveCfg = Debug|.NET
		{B5F005B4-6E86-4EFC-958F-E4E36FCF474A}.Release-TRIAL|.NET.Build.0 = Debug|.NET
		{B5F005B4-6E86-4EFC-958F-E4E36FCF474A}.Release-TRIAL|Any CPU.ActiveCfg = Debug|.NET
		{B5F005B4-6E86-4EFC-958F-E4E36FCF474A}.Release-TRIAL|Mixed Platforms.ActiveCfg = Debug|.NET
		{B5F005B4-6E86-4EFC-958F-E4E36FCF474A}.Release-TRIAL|Mixed Platforms.Build.0 = Debug|.NET
		{B5F005B4-6E86-4EFC-958F-E4E36FCF474A}.Release-TRIAL|Win32.ActiveCfg = Debug|.NET
		{B5F005B4-6E86-4EFC-958F-E4E36FCF474A}.Reporting|.NET.ActiveCfg = Debug|.NET
		{B5F005B4-6E86-4EFC-958F-E4E36FCF474A}.Reporting|.NET.Build.0 = Debug|.NET
		{B5F005B4-6E86-4EFC-958F-E4E36FCF474A}.Reporting|Any CPU.ActiveCfg = Debug|.NET
		{B5F005B4-6E86-4EFC-958F-E4E36FCF474A}.Reporting|Mixed Platforms.ActiveCfg = Debug|.NET
		{B5F005B4-6E86-4EFC-958F-E4E36FCF474A}.Reporting|Mixed Platforms.Build.0 = Debug|.NET
		{B5F005B4-6E86-4EFC-958F-E4E36FCF474A}.Reporting|Win32.ActiveCfg = Debug|.NET
		{600062EA-970D-4D9E-B216-C767EA9DB0DB}.Atlas|.NET.ActiveCfg = Release|Any CPU
		{600062EA-970D-4D9E-B216-C767EA9DB0DB}.Atlas|Any CPU.ActiveCfg = Release|Any CPU
		{600062EA-970D-4D9E-B216-C767EA9DB0DB}.Atlas|Any CPU.Build.0 = Release|Any CPU
		{600062EA-970D-4D9E-B216-C767EA9DB0DB}.Atlas|Mixed Platforms.ActiveCfg = Release|Any CPU
		{600062EA-970D-4D9E-B216-C767EA9DB0DB}.Atlas|Mixed Platforms.Build.0 = Release|Any CPU
		{600062EA-970D-4D9E-B216-C767EA9DB0DB}.Atlas|Win32.ActiveCfg = Release|Any CPU
		{600062EA-970D-4D9E-B216-C767EA9DB0DB}.CommunityServer2|.NET.ActiveCfg = Release|Any CPU
		{600062EA-970D-4D9E-B216-C767EA9DB0DB}.CommunityServer2|Any CPU.ActiveCfg = Release|Any CPU
		{600062EA-970D-4D9E-B216-C767EA9DB0DB}.CommunityServer2|Any CPU.Build.0 = Release|Any CPU
		{600062EA-970D-4D9E-B216-C767EA9DB0DB}.CommunityServer2|Mixed Platforms.ActiveCfg = Release|Any CPU
		{600062EA-970D-4D9E-B216-C767EA9DB0DB}.CommunityServer2|Mixed Platforms.Build.0 = Release|Any CPU
		{600062EA-970D-4D9E-B216-C767EA9DB0DB}.CommunityServer2|Win32.ActiveCfg = Release|Any CPU
		{600062EA-970D-4D9E-B216-C767EA9DB0DB}.Debug|.NET.ActiveCfg = Debug|Any CPU
		{600062EA-970D-4D9E-B216-C767EA9DB0DB}.Debug|Any CPU.ActiveCfg = Debug|Any CPU
		{600062EA-970D-4D9E-B216-C767EA9DB0DB}.Debug|Any CPU.Build.0 = Debug|Any CPU
		{600062EA-970D-4D9E-B216-C767EA9DB0DB}.Debug|Mixed Platforms.ActiveCfg = Debug|Any CPU
		{600062EA-970D-4D9E-B216-C767EA9DB0DB}.Debug|Mixed Platforms.Build.0 = Debug|Any CPU
		{600062EA-970D-4D9E-B216-C767EA9DB0DB}.Debug|Win32.ActiveCfg = Debug|Any CPU
		{600062EA-970D-4D9E-B216-C767EA9DB0DB}.DebugReporting|.NET.ActiveCfg = Debug|Any CPU
		{600062EA-970D-4D9E-B216-C767EA9DB0DB}.DebugReporting|Any CPU.ActiveCfg = Debug|Any CPU
		{600062EA-970D-4D9E-B216-C767EA9DB0DB}.DebugReporting|Any CPU.Build.0 = Debug|Any CPU
		{600062EA-970D-4D9E-B216-C767EA9DB0DB}.DebugReporting|Mixed Platforms.ActiveCfg = Debug|Any CPU
		{600062EA-970D-4D9E-B216-C767EA9DB0DB}.DebugReporting|Mixed Platforms.Build.0 = Debug|Any CPU
		{600062EA-970D-4D9E-B216-C767EA9DB0DB}.DebugReporting|Win32.ActiveCfg = Debug|Any CPU
		{600062EA-970D-4D9E-B216-C767EA9DB0DB}.Debug-TRIAL|.NET.ActiveCfg = Debug|Any CPU
		{600062EA-970D-4D9E-B216-C767EA9DB0DB}.Debug-TRIAL|Any CPU.ActiveCfg = Debug|Any CPU
		{600062EA-970D-4D9E-B216-C767EA9DB0DB}.Debug-TRIAL|Any CPU.Build.0 = Debug|Any CPU
		{600062EA-970D-4D9E-B216-C767EA9DB0DB}.Debug-TRIAL|Mixed Platforms.ActiveCfg = Debug|Any CPU
		{600062EA-970D-4D9E-B216-C767EA9DB0DB}.Debug-TRIAL|Mixed Platforms.Build.0 = Debug|Any CPU
		{600062EA-970D-4D9E-B216-C767EA9DB0DB}.Debug-TRIAL|Win32.ActiveCfg = Debug|Any CPU
		{600062EA-970D-4D9E-B216-C767EA9DB0DB}.Release|.NET.ActiveCfg = Release|Any CPU
		{600062EA-970D-4D9E-B216-C767EA9DB0DB}.Release|Any CPU.ActiveCfg = Release|Any CPU
		{600062EA-970D-4D9E-B216-C767EA9DB0DB}.Release|Any CPU.Build.0 = Release|Any CPU
		{600062EA-970D-4D9E-B216-C767EA9DB0DB}.Release|Mixed Platforms.ActiveCfg = Release|Any CPU
		{600062EA-970D-4D9E-B216-C767EA9DB0DB}.Release|Mixed Platforms.Build.0 = Release|Any CPU
		{600062EA-970D-4D9E-B216-C767EA9DB0DB}.Release|Win32.ActiveCfg = Release|Any CPU
		{600062EA-970D-4D9E-B216-C767EA9DB0DB}.Release-TRIAL|.NET.ActiveCfg = Release|Any CPU
		{600062EA-970D-4D9E-B216-C767EA9DB0DB}.Release-TRIAL|Any CPU.ActiveCfg = Release|Any CPU
		{600062EA-970D-4D9E-B216-C767EA9DB0DB}.Release-TRIAL|Any CPU.Build.0 = Release|Any CPU
		{600062EA-970D-4D9E-B216-C767EA9DB0DB}.Release-TRIAL|Mixed Platforms.ActiveCfg = Release|Any CPU
		{600062EA-970D-4D9E-B216-C767EA9DB0DB}.Release-TRIAL|Mixed Platforms.Build.0 = Release|Any CPU
		{600062EA-970D-4D9E-B216-C767EA9DB0DB}.Release-TRIAL|Win32.ActiveCfg = Release|Any CPU
		{600062EA-970D-4D9E-B216-C767EA9DB0DB}.Reporting|.NET.ActiveCfg = Release|Any CPU
		{600062EA-970D-4D9E-B216-C767EA9DB0DB}.Reporting|Any CPU.ActiveCfg = Release|Any CPU
		{600062EA-970D-4D9E-B216-C767EA9DB0DB}.Reporting|Any CPU.Build.0 = Release|Any CPU
		{600062EA-970D-4D9E-B216-C767EA9DB0DB}.Reporting|Mixed Platforms.ActiveCfg = Release|Any CPU
		{600062EA-970D-4D9E-B216-C767EA9DB0DB}.Reporting|Mixed Platforms.Build.0 = Release|Any CPU
		{600062EA-970D-4D9E-B216-C767EA9DB0DB}.Reporting|Win32.ActiveCfg = Release|Any CPU
		{40838BD9-6D27-4DAD-AF2A-867568BD363C}.Atlas|.NET.ActiveCfg = Release
		{40838BD9-6D27-4DAD-AF2A-867568BD363C}.Atlas|.NET.Build.0 = Release
		{40838BD9-6D27-4DAD-AF2A-867568BD363C}.Atlas|Any CPU.ActiveCfg = Release
		{40838BD9-6D27-4DAD-AF2A-867568BD363C}.Atlas|Any CPU.Build.0 = Release
		{40838BD9-6D27-4DAD-AF2A-867568BD363C}.Atlas|Mixed Platforms.ActiveCfg = Release
		{40838BD9-6D27-4DAD-AF2A-867568BD363C}.Atlas|Mixed Platforms.Build.0 = Release
		{40838BD9-6D27-4DAD-AF2A-867568BD363C}.Atlas|Win32.ActiveCfg = Release
		{40838BD9-6D27-4DAD-AF2A-867568BD363C}.Atlas|Win32.Build.0 = Release
		{40838BD9-6D27-4DAD-AF2A-867568BD363C}.CommunityServer2|.NET.ActiveCfg = Release
		{40838BD9-6D27-4DAD-AF2A-867568BD363C}.CommunityServer2|.NET.Build.0 = Release
		{40838BD9-6D27-4DAD-AF2A-867568BD363C}.CommunityServer2|Any CPU.ActiveCfg = Release
		{40838BD9-6D27-4DAD-AF2A-867568BD363C}.CommunityServer2|Any CPU.Build.0 = Release
		{40838BD9-6D27-4DAD-AF2A-867568BD363C}.CommunityServer2|Mixed Platforms.ActiveCfg = Release
		{40838BD9-6D27-4DAD-AF2A-867568BD363C}.CommunityServer2|Mixed Platforms.Build.0 = Release
		{40838BD9-6D27-4DAD-AF2A-867568BD363C}.CommunityServer2|Win32.ActiveCfg = Release
		{40838BD9-6D27-4DAD-AF2A-867568BD363C}.CommunityServer2|Win32.Build.0 = Release
		{40838BD9-6D27-4DAD-AF2A-867568BD363C}.Debug|.NET.ActiveCfg = Debug
		{40838BD9-6D27-4DAD-AF2A-867568BD363C}.Debug|.NET.Build.0 = Debug
		{40838BD9-6D27-4DAD-AF2A-867568BD363C}.Debug|Any CPU.ActiveCfg = Debug
		{40838BD9-6D27-4DAD-AF2A-867568BD363C}.Debug|Any CPU.Build.0 = Debug
		{40838BD9-6D27-4DAD-AF2A-867568BD363C}.Debug|Mixed Platforms.ActiveCfg = Debug
		{40838BD9-6D27-4DAD-AF2A-867568BD363C}.Debug|Win32.ActiveCfg = Debug
		{40838BD9-6D27-4DAD-AF2A-867568BD363C}.Debug|Win32.Build.0 = Debug
		{40838BD9-6D27-4DAD-AF2A-867568BD363C}.DebugReporting|.NET.ActiveCfg = Debug
		{40838BD9-6D27-4DAD-AF2A-867568BD363C}.DebugReporting|.NET.Build.0 = Debug
		{40838BD9-6D27-4DAD-AF2A-867568BD363C}.DebugReporting|Any CPU.ActiveCfg = Debug
		{40838BD9-6D27-4DAD-AF2A-867568BD363C}.DebugReporting|Any CPU.Build.0 = Debug
		{40838BD9-6D27-4DAD-AF2A-867568BD363C}.DebugReporting|Mixed Platforms.ActiveCfg = Debug
		{40838BD9-6D27-4DAD-AF2A-867568BD363C}.DebugReporting|Win32.ActiveCfg = Debug
		{40838BD9-6D27-4DAD-AF2A-867568BD363C}.DebugReporting|Win32.Build.0 = Debug
		{40838BD9-6D27-4DAD-AF2A-867568BD363C}.Debug-TRIAL|.NET.ActiveCfg = Debug
		{40838BD9-6D27-4DAD-AF2A-867568BD363C}.Debug-TRIAL|.NET.Build.0 = Debug
		{40838BD9-6D27-4DAD-AF2A-867568BD363C}.Debug-TRIAL|Any CPU.ActiveCfg = Debug
		{40838BD9-6D27-4DAD-AF2A-867568BD363C}.Debug-TRIAL|Any CPU.Build.0 = Debug
		{40838BD9-6D27-4DAD-AF2A-867568BD363C}.Debug-TRIAL|Mixed Platforms.ActiveCfg = Debug
		{40838BD9-6D27-4DAD-AF2A-867568BD363C}.Debug-TRIAL|Mixed Platforms.Build.0 = Debug
		{40838BD9-6D27-4DAD-AF2A-867568BD363C}.Debug-TRIAL|Win32.ActiveCfg = Debug
		{40838BD9-6D27-4DAD-AF2A-867568BD363C}.Debug-TRIAL|Win32.Build.0 = Debug
		{40838BD9-6D27-4DAD-AF2A-867568BD363C}.Release|.NET.ActiveCfg = Release
		{40838BD9-6D27-4DAD-AF2A-867568BD363C}.Release|.NET.Build.0 = Release
		{40838BD9-6D27-4DAD-AF2A-867568BD363C}.Release|Any CPU.ActiveCfg = Release
		{40838BD9-6D27-4DAD-AF2A-867568BD363C}.Release|Any CPU.Build.0 = Release
		{40838BD9-6D27-4DAD-AF2A-867568BD363C}.Release|Mixed Platforms.ActiveCfg = Release
		{40838BD9-6D27-4DAD-AF2A-867568BD363C}.Release|Mixed Platforms.Build.0 = Release
		{40838BD9-6D27-4DAD-AF2A-867568BD363C}.Release|Win32.ActiveCfg = Release
		{40838BD9-6D27-4DAD-AF2A-867568BD363C}.Release|Win32.Build.0 = Release
		{40838BD9-6D27-4DAD-AF2A-867568BD363C}.Release-TRIAL|.NET.ActiveCfg = Release
		{40838BD9-6D27-4DAD-AF2A-867568BD363C}.Release-TRIAL|.NET.Build.0 = Release
		{40838BD9-6D27-4DAD-AF2A-867568BD363C}.Release-TRIAL|Any CPU.ActiveCfg = Release
		{40838BD9-6D27-4DAD-AF2A-867568BD363C}.Release-TRIAL|Any CPU.Build.0 = Release
		{40838BD9-6D27-4DAD-AF2A-867568BD363C}.Release-TRIAL|Mixed Platforms.ActiveCfg = Release
		{40838BD9-6D27-4DAD-AF2A-867568BD363C}.Release-TRIAL|Mixed Platforms.Build.0 = Release
		{40838BD9-6D27-4DAD-AF2A-867568BD363C}.Release-TRIAL|Win32.ActiveCfg = Release
		{40838BD9-6D27-4DAD-AF2A-867568BD363C}.Release-TRIAL|Win32.Build.0 = Release
		{40838BD9-6D27-4DAD-AF2A-867568BD363C}.Reporting|.NET.ActiveCfg = Release
		{40838BD9-6D27-4DAD-AF2A-867568BD363C}.Reporting|.NET.Build.0 = Release
		{40838BD9-6D27-4DAD-AF2A-867568BD363C}.Reporting|Any CPU.ActiveCfg = Release
		{40838BD9-6D27-4DAD-AF2A-867568BD363C}.Reporting|Any CPU.Build.0 = Release
		{40838BD9-6D27-4DAD-AF2A-867568BD363C}.Reporting|Mixed Platforms.ActiveCfg = Release
		{40838BD9-6D27-4DAD-AF2A-867568BD363C}.Reporting|Mixed Platforms.Build.0 = Release
		{40838BD9-6D27-4DAD-AF2A-867568BD363C}.Reporting|Win32.ActiveCfg = Release
		{40838BD9-6D27-4DAD-AF2A-867568BD363C}.Reporting|Win32.Build.0 = Release
		{2F0105E6-B4AB-4CB7-BE26-28478303157C}.Atlas|.NET.ActiveCfg = Release|Any CPU
		{2F0105E6-B4AB-4CB7-BE26-28478303157C}.Atlas|Any CPU.ActiveCfg = Release|Any CPU
		{2F0105E6-B4AB-4CB7-BE26-28478303157C}.Atlas|Any CPU.Build.0 = Release|Any CPU
		{2F0105E6-B4AB-4CB7-BE26-28478303157C}.Atlas|Mixed Platforms.ActiveCfg = Release|Any CPU
		{2F0105E6-B4AB-4CB7-BE26-28478303157C}.Atlas|Mixed Platforms.Build.0 = Release|Any CPU
		{2F0105E6-B4AB-4CB7-BE26-28478303157C}.Atlas|Win32.ActiveCfg = Release|Any CPU
		{2F0105E6-B4AB-4CB7-BE26-28478303157C}.CommunityServer2|.NET.ActiveCfg = Release|Any CPU
		{2F0105E6-B4AB-4CB7-BE26-28478303157C}.CommunityServer2|Any CPU.ActiveCfg = Release|Any CPU
		{2F0105E6-B4AB-4CB7-BE26-28478303157C}.CommunityServer2|Any CPU.Build.0 = Release|Any CPU
		{2F0105E6-B4AB-4CB7-BE26-28478303157C}.CommunityServer2|Mixed Platforms.ActiveCfg = Release|Any CPU
		{2F0105E6-B4AB-4CB7-BE26-28478303157C}.CommunityServer2|Mixed Platforms.Build.0 = Release|Any CPU
		{2F0105E6-B4AB-4CB7-BE26-28478303157C}.CommunityServer2|Win32.ActiveCfg = Release|Any CPU
		{2F0105E6-B4AB-4CB7-BE26-28478303157C}.Debug|.NET.ActiveCfg = Debug|Any CPU
		{2F0105E6-B4AB-4CB7-BE26-28478303157C}.Debug|Any CPU.ActiveCfg = Debug|Any CPU
		{2F0105E6-B4AB-4CB7-BE26-28478303157C}.Debug|Any CPU.Build.0 = Debug|Any CPU
		{2F0105E6-B4AB-4CB7-BE26-28478303157C}.Debug|Mixed Platforms.ActiveCfg = Debug|Any CPU
		{2F0105E6-B4AB-4CB7-BE26-28478303157C}.Debug|Mixed Platforms.Build.0 = Debug|Any CPU
		{2F0105E6-B4AB-4CB7-BE26-28478303157C}.Debug|Win32.ActiveCfg = Debug|Any CPU
		{2F0105E6-B4AB-4CB7-BE26-28478303157C}.DebugReporting|.NET.ActiveCfg = Debug|Any CPU
		{2F0105E6-B4AB-4CB7-BE26-28478303157C}.DebugReporting|Any CPU.ActiveCfg = Debug|Any CPU
		{2F0105E6-B4AB-4CB7-BE26-28478303157C}.DebugReporting|Any CPU.Build.0 = Debug|Any CPU
		{2F0105E6-B4AB-4CB7-BE26-28478303157C}.DebugReporting|Mixed Platforms.ActiveCfg = Debug|Any CPU
		{2F0105E6-B4AB-4CB7-BE26-28478303157C}.DebugReporting|Mixed Platforms.Build.0 = Debug|Any CPU
		{2F0105E6-B4AB-4CB7-BE26-28478303157C}.DebugReporting|Win32.ActiveCfg = Debug|Any CPU
		{2F0105E6-B4AB-4CB7-BE26-28478303157C}.Debug-TRIAL|.NET.ActiveCfg = Debug|Any CPU
		{2F0105E6-B4AB-4CB7-BE26-28478303157C}.Debug-TRIAL|Any CPU.ActiveCfg = Debug|Any CPU
		{2F0105E6-B4AB-4CB7-BE26-28478303157C}.Debug-TRIAL|Any CPU.Build.0 = Debug|Any CPU
		{2F0105E6-B4AB-4CB7-BE26-28478303157C}.Debug-TRIAL|Mixed Platforms.ActiveCfg = Debug|Any CPU
		{2F0105E6-B4AB-4CB7-BE26-28478303157C}.Debug-TRIAL|Mixed Platforms.Build.0 = Debug|Any CPU
		{2F0105E6-B4AB-4CB7-BE26-28478303157C}.Debug-TRIAL|Win32.ActiveCfg = Debug|Any CPU
		{2F0105E6-B4AB-4CB7-BE26-28478303157C}.Release|.NET.ActiveCfg = Release|Any CPU
		{2F0105E6-B4AB-4CB7-BE26-28478303157C}.Release|Any CPU.ActiveCfg = Release|Any CPU
		{2F0105E6-B4AB-4CB7-BE26-28478303157C}.Release|Any CPU.Build.0 = Release|Any CPU
		{2F0105E6-B4AB-4CB7-BE26-28478303157C}.Release|Mixed Platforms.ActiveCfg = Release|Any CPU
		{2F0105E6-B4AB-4CB7-BE26-28478303157C}.Release|Mixed Platforms.Build.0 = Release|Any CPU
		{2F0105E6-B4AB-4CB7-BE26-28478303157C}.Release|Win32.ActiveCfg = Release|Any CPU
		{2F0105E6-B4AB-4CB7-BE26-28478303157C}.Release-TRIAL|.NET.ActiveCfg = Release|Any CPU
		{2F0105E6-B4AB-4CB7-BE26-28478303157C}.Release-TRIAL|Any CPU.ActiveCfg = Release|Any CPU
		{2F0105E6-B4AB-4CB7-BE26-28478303157C}.Release-TRIAL|Any CPU.Build.0 = Release|Any CPU
		{2F0105E6-B4AB-4CB7-BE26-28478303157C}.Release-TRIAL|Mixed Platforms.ActiveCfg = Release|Any CPU
		{2F0105E6-B4AB-4CB7-BE26-28478303157C}.Release-TRIAL|Mixed Platforms.Build.0 = Release|Any CPU
		{2F0105E6-B4AB-4CB7-BE26-28478303157C}.Release-TRIAL|Win32.ActiveCfg = Release|Any CPU
		{2F0105E6-B4AB-4CB7-BE26-28478303157C}.Reporting|.NET.ActiveCfg = Release|Any CPU
		{2F0105E6-B4AB-4CB7-BE26-28478303157C}.Reporting|Any CPU.ActiveCfg = Release|Any CPU
		{2F0105E6-B4AB-4CB7-BE26-28478303157C}.Reporting|Any CPU.Build.0 = Release|Any CPU
		{2F0105E6-B4AB-4CB7-BE26-28478303157C}.Reporting|Mixed Platforms.ActiveCfg = Release|Any CPU
		{2F0105E6-B4AB-4CB7-BE26-28478303157C}.Reporting|Mixed Platforms.Build.0 = Release|Any CPU
		{2F0105E6-B4AB-4CB7-BE26-28478303157C}.Reporting|Win32.ActiveCfg = Release|Any CPU
		{EE041BD8-EBAC-48DF-982F-53BC96C8AD46}.Atlas|.NET.ActiveCfg = Release|Any CPU
		{EE041BD8-EBAC-48DF-982F-53BC96C8AD46}.Atlas|Any CPU.ActiveCfg = Release|Any CPU
		{EE041BD8-EBAC-48DF-982F-53BC96C8AD46}.Atlas|Any CPU.Build.0 = Release|Any CPU
		{EE041BD8-EBAC-48DF-982F-53BC96C8AD46}.Atlas|Mixed Platforms.ActiveCfg = Release|Any CPU
		{EE041BD8-EBAC-48DF-982F-53BC96C8AD46}.Atlas|Mixed Platforms.Build.0 = Release|Any CPU
		{EE041BD8-EBAC-48DF-982F-53BC96C8AD46}.Atlas|Win32.ActiveCfg = Release|Any CPU
		{EE041BD8-EBAC-48DF-982F-53BC96C8AD46}.CommunityServer2|.NET.ActiveCfg = Release|Any CPU
		{EE041BD8-EBAC-48DF-982F-53BC96C8AD46}.CommunityServer2|Any CPU.ActiveCfg = Release|Any CPU
		{EE041BD8-EBAC-48DF-982F-53BC96C8AD46}.CommunityServer2|Any CPU.Build.0 = Release|Any CPU
		{EE041BD8-EBAC-48DF-982F-53BC96C8AD46}.CommunityServer2|Mixed Platforms.ActiveCfg = Release|Any CPU
		{EE041BD8-EBAC-48DF-982F-53BC96C8AD46}.CommunityServer2|Mixed Platforms.Build.0 = Release|Any CPU
		{EE041BD8-EBAC-48DF-982F-53BC96C8AD46}.CommunityServer2|Win32.ActiveCfg = Release|Any CPU
		{EE041BD8-EBAC-48DF-982F-53BC96C8AD46}.Debug|.NET.ActiveCfg = Debug|Any CPU
		{EE041BD8-EBAC-48DF-982F-53BC96C8AD46}.Debug|Any CPU.ActiveCfg = Debug|Any CPU
		{EE041BD8-EBAC-48DF-982F-53BC96C8AD46}.Debug|Any CPU.Build.0 = Debug|Any CPU
		{EE041BD8-EBAC-48DF-982F-53BC96C8AD46}.Debug|Mixed Platforms.ActiveCfg = Debug|Any CPU
		{EE041BD8-EBAC-48DF-982F-53BC96C8AD46}.Debug|Mixed Platforms.Build.0 = Debug|Any CPU
		{EE041BD8-EBAC-48DF-982F-53BC96C8AD46}.Debug|Win32.ActiveCfg = Debug|Any CPU
		{EE041BD8-EBAC-48DF-982F-53BC96C8AD46}.DebugReporting|.NET.ActiveCfg = Debug|Any CPU
		{EE041BD8-EBAC-48DF-982F-53BC96C8AD46}.DebugReporting|Any CPU.ActiveCfg = Debug|Any CPU
		{EE041BD8-EBAC-48DF-982F-53BC96C8AD46}.DebugReporting|Any CPU.Build.0 = Debug|Any CPU
		{EE041BD8-EBAC-48DF-982F-53BC96C8AD46}.DebugReporting|Mixed Platforms.ActiveCfg = Debug|Any CPU
		{EE041BD8-EBAC-48DF-982F-53BC96C8AD46}.DebugReporting|Mixed Platforms.Build.0 = Debug|Any CPU
		{EE041BD8-EBAC-48DF-982F-53BC96C8AD46}.DebugReporting|Win32.ActiveCfg = Debug|Any CPU
		{EE041BD8-EBAC-48DF-982F-53BC96C8AD46}.Debug-TRIAL|.NET.ActiveCfg = Debug|Any CPU
		{EE041BD8-EBAC-48DF-982F-53BC96C8AD46}.Debug-TRIAL|Any CPU.ActiveCfg = Debug|Any CPU
		{EE041BD8-EBAC-48DF-982F-53BC96C8AD46}.Debug-TRIAL|Any CPU.Build.0 = Debug|Any CPU
		{EE041BD8-EBAC-48DF-982F-53BC96C8AD46}.Debug-TRIAL|Mixed Platforms.ActiveCfg = Debug|Any CPU
		{EE041BD8-EBAC-48DF-982F-53BC96C8AD46}.Debug-TRIAL|Mixed Platforms.Build.0 = Debug|Any CPU
		{EE041BD8-EBAC-48DF-982F-53BC96C8AD46}.Debug-TRIAL|Win32.ActiveCfg = Debug|Any CPU
		{EE041BD8-EBAC-48DF-982F-53BC96C8AD46}.Release|.NET.ActiveCfg = Release|Any CPU
		{EE041BD8-EBAC-48DF-982F-53BC96C8AD46}.Release|Any CPU.ActiveCfg = Release|Any CPU
		{EE041BD8-EBAC-48DF-982F-53BC96C8AD46}.Release|Any CPU.Build.0 = Release|Any CPU
		{EE041BD8-EBAC-48DF-982F-53BC96C8AD46}.Release|Mixed Platforms.ActiveCfg = Release|Any CPU
		{EE041BD8-EBAC-48DF-982F-53BC96C8AD46}.Release|Mixed Platforms.Build.0 = Release|Any CPU
		{EE041BD8-EBAC-48DF-982F-53BC96C8AD46}.Release|Win32.ActiveCfg = Release|Any CPU
		{EE041BD8-EBAC-48DF-982F-53BC96C8AD46}.Release-TRIAL|.NET.ActiveCfg = Release|Any CPU
		{EE041BD8-EBAC-48DF-982F-53BC96C8AD46}.Release-TRIAL|Any CPU.ActiveCfg = Release|Any CPU
		{EE041BD8-EBAC-48DF-982F-53BC96C8AD46}.Release-TRIAL|Any CPU.Build.0 = Release|Any CPU
		{EE041BD8-EBAC-48DF-982F-53BC96C8AD46}.Release-TRIAL|Mixed Platforms.ActiveCfg = Release|Any CPU
		{EE041BD8-EBAC-48DF-982F-53BC96C8AD46}.Release-TRIAL|Mixed Platforms.Build.0 = Release|Any CPU
		{EE041BD8-EBAC-48DF-982F-53BC96C8AD46}.Release-TRIAL|Win32.ActiveCfg = Release|Any CPU
		{EE041BD8-EBAC-48DF-982F-53BC96C8AD46}.Reporting|.NET.ActiveCfg = Release|Any CPU
		{EE041BD8-EBAC-48DF-982F-53BC96C8AD46}.Reporting|Any CPU.ActiveCfg = Release|Any CPU
		{EE041BD8-EBAC-48DF-982F-53BC96C8AD46}.Reporting|Any CPU.Build.0 = Release|Any CPU
		{EE041BD8-EBAC-48DF-982F-53BC96C8AD46}.Reporting|Mixed Platforms.ActiveCfg = Release|Any CPU
		{EE041BD8-EBAC-48DF-982F-53BC96C8AD46}.Reporting|Mixed Platforms.Build.0 = Release|Any CPU
		{EE041BD8-EBAC-48DF-982F-53BC96C8AD46}.Reporting|Win32.ActiveCfg = Release|Any CPU
		{B92FFEC1-5B04-443E-9004-8D60F26BE07D}.Atlas|.NET.ActiveCfg = Release|Any CPU
		{B92FFEC1-5B04-443E-9004-8D60F26BE07D}.Atlas|Any CPU.ActiveCfg = Release|Any CPU
		{B92FFEC1-5B04-443E-9004-8D60F26BE07D}.Atlas|Any CPU.Build.0 = Release|Any CPU
		{B92FFEC1-5B04-443E-9004-8D60F26BE07D}.Atlas|Mixed Platforms.ActiveCfg = Release|Any CPU
		{B92FFEC1-5B04-443E-9004-8D60F26BE07D}.Atlas|Mixed Platforms.Build.0 = Release|Any CPU
		{B92FFEC1-5B04-443E-9004-8D60F26BE07D}.Atlas|Win32.ActiveCfg = Release|Any CPU
		{B92FFEC1-5B04-443E-9004-8D60F26BE07D}.CommunityServer2|.NET.ActiveCfg = Release|Any CPU
		{B92FFEC1-5B04-443E-9004-8D60F26BE07D}.CommunityServer2|Any CPU.ActiveCfg = Release|Any CPU
		{B92FFEC1-5B04-443E-9004-8D60F26BE07D}.CommunityServer2|Any CPU.Build.0 = Release|Any CPU
		{B92FFEC1-5B04-443E-9004-8D60F26BE07D}.CommunityServer2|Mixed Platforms.ActiveCfg = Release|Any CPU
		{B92FFEC1-5B04-443E-9004-8D60F26BE07D}.CommunityServer2|Mixed Platforms.Build.0 = Release|Any CPU
		{B92FFEC1-5B04-443E-9004-8D60F26BE07D}.CommunityServer2|Win32.ActiveCfg = Release|Any CPU
		{B92FFEC1-5B04-443E-9004-8D60F26BE07D}.Debug|.NET.ActiveCfg = Debug|Any CPU
		{B92FFEC1-5B04-443E-9004-8D60F26BE07D}.Debug|Any CPU.ActiveCfg = Debug|Any CPU
		{B92FFEC1-5B04-443E-9004-8D60F26BE07D}.Debug|Any CPU.Build.0 = Debug|Any CPU
		{B92FFEC1-5B04-443E-9004-8D60F26BE07D}.Debug|Mixed Platforms.ActiveCfg = Debug|Any CPU
		{B92FFEC1-5B04-443E-9004-8D60F26BE07D}.Debug|Mixed Platforms.Build.0 = Debug|Any CPU
		{B92FFEC1-5B04-443E-9004-8D60F26BE07D}.Debug|Win32.ActiveCfg = Debug|Any CPU
		{B92FFEC1-5B04-443E-9004-8D60F26BE07D}.DebugReporting|.NET.ActiveCfg = Debug|Any CPU
		{B92FFEC1-5B04-443E-9004-8D60F26BE07D}.DebugReporting|Any CPU.ActiveCfg = Debug|Any CPU
		{B92FFEC1-5B04-443E-9004-8D60F26BE07D}.DebugReporting|Any CPU.Build.0 = Debug|Any CPU
		{B92FFEC1-5B04-443E-9004-8D60F26BE07D}.DebugReporting|Mixed Platforms.ActiveCfg = Debug|Any CPU
		{B92FFEC1-5B04-443E-9004-8D60F26BE07D}.DebugReporting|Mixed Platforms.Build.0 = Debug|Any CPU
		{B92FFEC1-5B04-443E-9004-8D60F26BE07D}.DebugReporting|Win32.ActiveCfg = Debug|Any CPU
		{B92FFEC1-5B04-443E-9004-8D60F26BE07D}.Debug-TRIAL|.NET.ActiveCfg = Debug|Any CPU
		{B92FFEC1-5B04-443E-9004-8D60F26BE07D}.Debug-TRIAL|Any CPU.ActiveCfg = Debug|Any CPU
		{B92FFEC1-5B04-443E-9004-8D60F26BE07D}.Debug-TRIAL|Any CPU.Build.0 = Debug|Any CPU
		{B92FFEC1-5B04-443E-9004-8D60F26BE07D}.Debug-TRIAL|Mixed Platforms.ActiveCfg = Debug|Any CPU
		{B92FFEC1-5B04-443E-9004-8D60F26BE07D}.Debug-TRIAL|Mixed Platforms.Build.0 = Debug|Any CPU
		{B92FFEC1-5B04-443E-9004-8D60F26BE07D}.Debug-TRIAL|Win32.ActiveCfg = Debug|Any CPU
		{B92FFEC1-5B04-443E-9004-8D60F26BE07D}.Release|.NET.ActiveCfg = Release|Any CPU
		{B92FFEC1-5B04-443E-9004-8D60F26BE07D}.Release|Any CPU.ActiveCfg = Release|Any CPU
		{B92FFEC1-5B04-443E-9004-8D60F26BE07D}.Release|Any CPU.Build.0 = Release|Any CPU
		{B92FFEC1-5B04-443E-9004-8D60F26BE07D}.Release|Mixed Platforms.ActiveCfg = Release|Any CPU
		{B92FFEC1-5B04-443E-9004-8D60F26BE07D}.Release|Mixed Platforms.Build.0 = Release|Any CPU
		{B92FFEC1-5B04-443E-9004-8D60F26BE07D}.Release|Win32.ActiveCfg = Release|Any CPU
		{B92FFEC1-5B04-443E-9004-8D60F26BE07D}.Release-TRIAL|.NET.ActiveCfg = Release|Any CPU
		{B92FFEC1-5B04-443E-9004-8D60F26BE07D}.Release-TRIAL|Any CPU.ActiveCfg = Release|Any CPU
		{B92FFEC1-5B04-443E-9004-8D60F26BE07D}.Release-TRIAL|Any CPU.Build.0 = Release|Any CPU
		{B92FFEC1-5B04-443E-9004-8D60F26BE07D}.Release-TRIAL|Mixed Platforms.ActiveCfg = Release|Any CPU
		{B92FFEC1-5B04-443E-9004-8D60F26BE07D}.Release-TRIAL|Mixed Platforms.Build.0 = Release|Any CPU
		{B92FFEC1-5B04-443E-9004-8D60F26BE07D}.Release-TRIAL|Win32.ActiveCfg = Release|Any CPU
		{B92FFEC1-5B04-443E-9004-8D60F26BE07D}.Reporting|.NET.ActiveCfg = Release|Any CPU
		{B92FFEC1-5B04-443E-9004-8D60F26BE07D}.Reporting|Any CPU.ActiveCfg = Release|Any CPU
		{B92FFEC1-5B04-443E-9004-8D60F26BE07D}.Reporting|Any CPU.Build.0 = Release|Any CPU
		{B92FFEC1-5B04-443E-9004-8D60F26BE07D}.Reporting|Mixed Platforms.ActiveCfg = Release|Any CPU
		{B92FFEC1-5B04-443E-9004-8D60F26BE07D}.Reporting|Mixed Platforms.Build.0 = Release|Any CPU
		{B92FFEC1-5B04-443E-9004-8D60F26BE07D}.Reporting|Win32.ActiveCfg = Release|Any CPU
		{7944CF43-5E22-4C47-A3C6-4C052FC7E916}.Atlas|.NET.ActiveCfg = Release|Any CPU
		{7944CF43-5E22-4C47-A3C6-4C052FC7E916}.Atlas|Any CPU.ActiveCfg = Release|Any CPU
		{7944CF43-5E22-4C47-A3C6-4C052FC7E916}.Atlas|Any CPU.Build.0 = Release|Any CPU
		{7944CF43-5E22-4C47-A3C6-4C052FC7E916}.Atlas|Mixed Platforms.ActiveCfg = Release|Any CPU
		{7944CF43-5E22-4C47-A3C6-4C052FC7E916}.Atlas|Mixed Platforms.Build.0 = Release|Any CPU
		{7944CF43-5E22-4C47-A3C6-4C052FC7E916}.Atlas|Win32.ActiveCfg = Release|Any CPU
		{7944CF43-5E22-4C47-A3C6-4C052FC7E916}.CommunityServer2|.NET.ActiveCfg = Release|Any CPU
		{7944CF43-5E22-4C47-A3C6-4C052FC7E916}.CommunityServer2|Any CPU.ActiveCfg = Release|Any CPU
		{7944CF43-5E22-4C47-A3C6-4C052FC7E916}.CommunityServer2|Any CPU.Build.0 = Release|Any CPU
		{7944CF43-5E22-4C47-A3C6-4C052FC7E916}.CommunityServer2|Mixed Platforms.ActiveCfg = Release|Any CPU
		{7944CF43-5E22-4C47-A3C6-4C052FC7E916}.CommunityServer2|Mixed Platforms.Build.0 = Release|Any CPU
		{7944CF43-5E22-4C47-A3C6-4C052FC7E916}.CommunityServer2|Win32.ActiveCfg = Release|Any CPU
		{7944CF43-5E22-4C47-A3C6-4C052FC7E916}.Debug|.NET.ActiveCfg = Debug|Any CPU
		{7944CF43-5E22-4C47-A3C6-4C052FC7E916}.Debug|Any CPU.ActiveCfg = Debug|Any CPU
		{7944CF43-5E22-4C47-A3C6-4C052FC7E916}.Debug|Any CPU.Build.0 = Debug|Any CPU
		{7944CF43-5E22-4C47-A3C6-4C052FC7E916}.Debug|Mixed Platforms.ActiveCfg = Debug|Any CPU
		{7944CF43-5E22-4C47-A3C6-4C052FC7E916}.Debug|Mixed Platforms.Build.0 = Debug|Any CPU
		{7944CF43-5E22-4C47-A3C6-4C052FC7E916}.Debug|Win32.ActiveCfg = Debug|Any CPU
		{7944CF43-5E22-4C47-A3C6-4C052FC7E916}.DebugReporting|.NET.ActiveCfg = Debug|Any CPU
		{7944CF43-5E22-4C47-A3C6-4C052FC7E916}.DebugReporting|Any CPU.ActiveCfg = Debug|Any CPU
		{7944CF43-5E22-4C47-A3C6-4C052FC7E916}.DebugReporting|Any CPU.Build.0 = Debug|Any CPU
		{7944CF43-5E22-4C47-A3C6-4C052FC7E916}.DebugReporting|Mixed Platforms.ActiveCfg = Debug|Any CPU
		{7944CF43-5E22-4C47-A3C6-4C052FC7E916}.DebugReporting|Mixed Platforms.Build.0 = Debug|Any CPU
		{7944CF43-5E22-4C47-A3C6-4C052FC7E916}.DebugReporting|Win32.ActiveCfg = Debug|Any CPU
		{7944CF43-5E22-4C47-A3C6-4C052FC7E916}.Debug-TRIAL|.NET.ActiveCfg = Debug|Any CPU
		{7944CF43-5E22-4C47-A3C6-4C052FC7E916}.Debug-TRIAL|Any CPU.ActiveCfg = Debug|Any CPU
		{7944CF43-5E22-4C47-A3C6-4C052FC7E916}.Debug-TRIAL|Any CPU.Build.0 = Debug|Any CPU
		{7944CF43-5E22-4C47-A3C6-4C052FC7E916}.Debug-TRIAL|Mixed Platforms.ActiveCfg = Debug|Any CPU
		{7944CF43-5E22-4C47-A3C6-4C052FC7E916}.Debug-TRIAL|Mixed Platforms.Build.0 = Debug|Any CPU
		{7944CF43-5E22-4C47-A3C6-4C052FC7E916}.Debug-TRIAL|Win32.ActiveCfg = Debug|Any CPU
		{7944CF43-5E22-4C47-A3C6-4C052FC7E916}.Release|.NET.ActiveCfg = Release|Any CPU
		{7944CF43-5E22-4C47-A3C6-4C052FC7E916}.Release|Any CPU.ActiveCfg = Release|Any CPU
		{7944CF43-5E22-4C47-A3C6-4C052FC7E916}.Release|Any CPU.Build.0 = Release|Any CPU
		{7944CF43-5E22-4C47-A3C6-4C052FC7E916}.Release|Mixed Platforms.ActiveCfg = Release|Any CPU
		{7944CF43-5E22-4C47-A3C6-4C052FC7E916}.Release|Mixed Platforms.Build.0 = Release|Any CPU
		{7944CF43-5E22-4C47-A3C6-4C052FC7E916}.Release|Win32.ActiveCfg = Release|Any CPU
		{7944CF43-5E22-4C47-A3C6-4C052FC7E916}.Release-TRIAL|.NET.ActiveCfg = Release|Any CPU
		{7944CF43-5E22-4C47-A3C6-4C052FC7E916}.Release-TRIAL|Any CPU.ActiveCfg = Release|Any CPU
		{7944CF43-5E22-4C47-A3C6-4C052FC7E916}.Release-TRIAL|Any CPU.Build.0 = Release|Any CPU
		{7944CF43-5E22-4C47-A3C6-4C052FC7E916}.Release-TRIAL|Mixed Platforms.ActiveCfg = Release|Any CPU
		{7944CF43-5E22-4C47-A3C6-4C052FC7E916}.Release-TRIAL|Mixed Platforms.Build.0 = Release|Any CPU
		{7944CF43-5E22-4C47-A3C6-4C052FC7E916}.Release-TRIAL|Win32.ActiveCfg = Release|Any CPU
		{7944CF43-5E22-4C47-A3C6-4C052FC7E916}.Reporting|.NET.ActiveCfg = Release|Any CPU
		{7944CF43-5E22-4C47-A3C6-4C052FC7E916}.Reporting|Any CPU.ActiveCfg = Release|Any CPU
		{7944CF43-5E22-4C47-A3C6-4C052FC7E916}.Reporting|Any CPU.Build.0 = Release|Any CPU
		{7944CF43-5E22-4C47-A3C6-4C052FC7E916}.Reporting|Mixed Platforms.ActiveCfg = Release|Any CPU
		{7944CF43-5E22-4C47-A3C6-4C052FC7E916}.Reporting|Mixed Platforms.Build.0 = Release|Any CPU
		{7944CF43-5E22-4C47-A3C6-4C052FC7E916}.Reporting|Win32.ActiveCfg = Release|Any CPU
		{F85661A7-7C86-4197-9570-F77B4059B51C}.Atlas|.NET.ActiveCfg = Release|Any CPU
		{F85661A7-7C86-4197-9570-F77B4059B51C}.Atlas|Any CPU.ActiveCfg = Release|Any CPU
		{F85661A7-7C86-4197-9570-F77B4059B51C}.Atlas|Any CPU.Build.0 = Release|Any CPU
		{F85661A7-7C86-4197-9570-F77B4059B51C}.Atlas|Mixed Platforms.ActiveCfg = Release|Any CPU
		{F85661A7-7C86-4197-9570-F77B4059B51C}.Atlas|Mixed Platforms.Build.0 = Release|Any CPU
		{F85661A7-7C86-4197-9570-F77B4059B51C}.Atlas|Win32.ActiveCfg = Release|Any CPU
		{F85661A7-7C86-4197-9570-F77B4059B51C}.CommunityServer2|.NET.ActiveCfg = Release|Any CPU
		{F85661A7-7C86-4197-9570-F77B4059B51C}.CommunityServer2|Any CPU.ActiveCfg = Release|Any CPU
		{F85661A7-7C86-4197-9570-F77B4059B51C}.CommunityServer2|Any CPU.Build.0 = Release|Any CPU
		{F85661A7-7C86-4197-9570-F77B4059B51C}.CommunityServer2|Mixed Platforms.ActiveCfg = Release|Any CPU
		{F85661A7-7C86-4197-9570-F77B4059B51C}.CommunityServer2|Mixed Platforms.Build.0 = Release|Any CPU
		{F85661A7-7C86-4197-9570-F77B4059B51C}.CommunityServer2|Win32.ActiveCfg = Release|Any CPU
		{F85661A7-7C86-4197-9570-F77B4059B51C}.Debug|.NET.ActiveCfg = Debug|Any CPU
		{F85661A7-7C86-4197-9570-F77B4059B51C}.Debug|Any CPU.ActiveCfg = Debug|Any CPU
		{F85661A7-7C86-4197-9570-F77B4059B51C}.Debug|Any CPU.Build.0 = Debug|Any CPU
		{F85661A7-7C86-4197-9570-F77B4059B51C}.Debug|Mixed Platforms.ActiveCfg = Debug|Any CPU
		{F85661A7-7C86-4197-9570-F77B4059B51C}.Debug|Mixed Platforms.Build.0 = Debug|Any CPU
		{F85661A7-7C86-4197-9570-F77B4059B51C}.Debug|Win32.ActiveCfg = Debug|Any CPU
		{F85661A7-7C86-4197-9570-F77B4059B51C}.DebugReporting|.NET.ActiveCfg = Debug|Any CPU
		{F85661A7-7C86-4197-9570-F77B4059B51C}.DebugReporting|Any CPU.ActiveCfg = Debug|Any CPU
		{F85661A7-7C86-4197-9570-F77B4059B51C}.DebugReporting|Any CPU.Build.0 = Debug|Any CPU
		{F85661A7-7C86-4197-9570-F77B4059B51C}.DebugReporting|Mixed Platforms.ActiveCfg = Debug|Any CPU
		{F85661A7-7C86-4197-9570-F77B4059B51C}.DebugReporting|Mixed Platforms.Build.0 = Debug|Any CPU
		{F85661A7-7C86-4197-9570-F77B4059B51C}.DebugReporting|Win32.ActiveCfg = Debug|Any CPU
		{F85661A7-7C86-4197-9570-F77B4059B51C}.Debug-TRIAL|.NET.ActiveCfg = Debug|Any CPU
		{F85661A7-7C86-4197-9570-F77B4059B51C}.Debug-TRIAL|Any CPU.ActiveCfg = Debug|Any CPU
		{F85661A7-7C86-4197-9570-F77B4059B51C}.Debug-TRIAL|Any CPU.Build.0 = Debug|Any CPU
		{F85661A7-7C86-4197-9570-F77B4059B51C}.Debug-TRIAL|Mixed Platforms.ActiveCfg = Debug|Any CPU
		{F85661A7-7C86-4197-9570-F77B4059B51C}.Debug-TRIAL|Mixed Platforms.Build.0 = Debug|Any CPU
		{F85661A7-7C86-4197-9570-F77B4059B51C}.Debug-TRIAL|Win32.ActiveCfg = Debug|Any CPU
		{F85661A7-7C86-4197-9570-F77B4059B51C}.Release|.NET.ActiveCfg = Release|Any CPU
		{F85661A7-7C86-4197-9570-F77B4059B51C}.Release|Any CPU.ActiveCfg = Release|Any CPU
		{F85661A7-7C86-4197-9570-F77B4059B51C}.Release|Any CPU.Build.0 = Release|Any CPU
		{F85661A7-7C86-4197-9570-F77B4059B51C}.Release|Mixed Platforms.ActiveCfg = Release|Any CPU
		{F85661A7-7C86-4197-9570-F77B4059B51C}.Release|Mixed Platforms.Build.0 = Release|Any CPU
		{F85661A7-7C86-4197-9570-F77B4059B51C}.Release|Win32.ActiveCfg = Release|Any CPU
		{F85661A7-7C86-4197-9570-F77B4059B51C}.Release-TRIAL|.NET.ActiveCfg = Release|Any CPU
		{F85661A7-7C86-4197-9570-F77B4059B51C}.Release-TRIAL|Any CPU.ActiveCfg = Release|Any CPU
		{F85661A7-7C86-4197-9570-F77B4059B51C}.Release-TRIAL|Any CPU.Build.0 = Release|Any CPU
		{F85661A7-7C86-4197-9570-F77B4059B51C}.Release-TRIAL|Mixed Platforms.ActiveCfg = Release|Any CPU
		{F85661A7-7C86-4197-9570-F77B4059B51C}.Release-TRIAL|Mixed Platforms.Build.0 = Release|Any CPU
		{F85661A7-7C86-4197-9570-F77B4059B51C}.Release-TRIAL|Win32.ActiveCfg = Release|Any CPU
		{F85661A7-7C86-4197-9570-F77B4059B51C}.Reporting|.NET.ActiveCfg = Release|Any CPU
		{F85661A7-7C86-4197-9570-F77B4059B51C}.Reporting|Any CPU.ActiveCfg = Release|Any CPU
		{F85661A7-7C86-4197-9570-F77B4059B51C}.Reporting|Any CPU.Build.0 = Release|Any CPU
		{F85661A7-7C86-4197-9570-F77B4059B51C}.Reporting|Mixed Platforms.ActiveCfg = Release|Any CPU
		{F85661A7-7C86-4197-9570-F77B4059B51C}.Reporting|Mixed Platforms.Build.0 = Release|Any CPU
		{F85661A7-7C86-4197-9570-F77B4059B51C}.Reporting|Win32.ActiveCfg = Release|Any CPU
		{66C57DA7-2DFF-499E-A6BA-6C684047E715}.Atlas|.NET.ActiveCfg = Release|Any CPU
		{66C57DA7-2DFF-499E-A6BA-6C684047E715}.Atlas|Any CPU.ActiveCfg = Release|Any CPU
		{66C57DA7-2DFF-499E-A6BA-6C684047E715}.Atlas|Any CPU.Build.0 = Release|Any CPU
		{66C57DA7-2DFF-499E-A6BA-6C684047E715}.Atlas|Mixed Platforms.ActiveCfg = Release|Any CPU
		{66C57DA7-2DFF-499E-A6BA-6C684047E715}.Atlas|Mixed Platforms.Build.0 = Release|Any CPU
		{66C57DA7-2DFF-499E-A6BA-6C684047E715}.Atlas|Win32.ActiveCfg = Release|Any CPU
		{66C57DA7-2DFF-499E-A6BA-6C684047E715}.CommunityServer2|.NET.ActiveCfg = Release|Any CPU
		{66C57DA7-2DFF-499E-A6BA-6C684047E715}.CommunityServer2|Any CPU.ActiveCfg = Release|Any CPU
		{66C57DA7-2DFF-499E-A6BA-6C684047E715}.CommunityServer2|Any CPU.Build.0 = Release|Any CPU
		{66C57DA7-2DFF-499E-A6BA-6C684047E715}.CommunityServer2|Mixed Platforms.ActiveCfg = Release|Any CPU
		{66C57DA7-2DFF-499E-A6BA-6C684047E715}.CommunityServer2|Mixed Platforms.Build.0 = Release|Any CPU
		{66C57DA7-2DFF-499E-A6BA-6C684047E715}.CommunityServer2|Win32.ActiveCfg = Release|Any CPU
		{66C57DA7-2DFF-499E-A6BA-6C684047E715}.Debug|.NET.ActiveCfg = Debug|Any CPU
		{66C57DA7-2DFF-499E-A6BA-6C684047E715}.Debug|Any CPU.ActiveCfg = Debug|Any CPU
		{66C57DA7-2DFF-499E-A6BA-6C684047E715}.Debug|Any CPU.Build.0 = Debug|Any CPU
		{66C57DA7-2DFF-499E-A6BA-6C684047E715}.Debug|Mixed Platforms.ActiveCfg = Debug|Any CPU
		{66C57DA7-2DFF-499E-A6BA-6C684047E715}.Debug|Mixed Platforms.Build.0 = Debug|Any CPU
		{66C57DA7-2DFF-499E-A6BA-6C684047E715}.Debug|Win32.ActiveCfg = Debug|Any CPU
		{66C57DA7-2DFF-499E-A6BA-6C684047E715}.DebugReporting|.NET.ActiveCfg = Debug|Any CPU
		{66C57DA7-2DFF-499E-A6BA-6C684047E715}.DebugReporting|Any CPU.ActiveCfg = Debug|Any CPU
		{66C57DA7-2DFF-499E-A6BA-6C684047E715}.DebugReporting|Any CPU.Build.0 = Debug|Any CPU
		{66C57DA7-2DFF-499E-A6BA-6C684047E715}.DebugReporting|Mixed Platforms.ActiveCfg = Debug|Any CPU
		{66C57DA7-2DFF-499E-A6BA-6C684047E715}.DebugReporting|Mixed Platforms.Build.0 = Debug|Any CPU
		{66C57DA7-2DFF-499E-A6BA-6C684047E715}.DebugReporting|Win32.ActiveCfg = Debug|Any CPU
		{66C57DA7-2DFF-499E-A6BA-6C684047E715}.Debug-TRIAL|.NET.ActiveCfg = Debug|Any CPU
		{66C57DA7-2DFF-499E-A6BA-6C684047E715}.Debug-TRIAL|Any CPU.ActiveCfg = Debug|Any CPU
		{66C57DA7-2DFF-499E-A6BA-6C684047E715}.Debug-TRIAL|Any CPU.Build.0 = Debug|Any CPU
		{66C57DA7-2DFF-499E-A6BA-6C684047E715}.Debug-TRIAL|Mixed Platforms.ActiveCfg = Debug|Any CPU
		{66C57DA7-2DFF-499E-A6BA-6C684047E715}.Debug-TRIAL|Mixed Platforms.Build.0 = Debug|Any CPU
		{66C57DA7-2DFF-499E-A6BA-6C684047E715}.Debug-TRIAL|Win32.ActiveCfg = Debug|Any CPU
		{66C57DA7-2DFF-499E-A6BA-6C684047E715}.Release|.NET.ActiveCfg = Release|Any CPU
		{66C57DA7-2DFF-499E-A6BA-6C684047E715}.Release|Any CPU.ActiveCfg = Release|Any CPU
		{66C57DA7-2DFF-499E-A6BA-6C684047E715}.Release|Any CPU.Build.0 = Release|Any CPU
		{66C57DA7-2DFF-499E-A6BA-6C684047E715}.Release|Mixed Platforms.ActiveCfg = Release|Any CPU
		{66C57DA7-2DFF-499E-A6BA-6C684047E715}.Release|Mixed Platforms.Build.0 = Release|Any CPU
		{66C57DA7-2DFF-499E-A6BA-6C684047E715}.Release|Win32.ActiveCfg = Release|Any CPU
		{66C57DA7-2DFF-499E-A6BA-6C684047E715}.Release-TRIAL|.NET.ActiveCfg = Release|Any CPU
		{66C57DA7-2DFF-499E-A6BA-6C684047E715}.Release-TRIAL|Any CPU.ActiveCfg = Release|Any CPU
		{66C57DA7-2DFF-499E-A6BA-6C684047E715}.Release-TRIAL|Any CPU.Build.0 = Release|Any CPU
		{66C57DA7-2DFF-499E-A6BA-6C684047E715}.Release-TRIAL|Mixed Platforms.ActiveCfg = Release|Any CPU
		{66C57DA7-2DFF-499E-A6BA-6C684047E715}.Release-TRIAL|Mixed Platforms.Build.0 = Release|Any CPU
		{66C57DA7-2DFF-499E-A6BA-6C684047E715}.Release-TRIAL|Win32.ActiveCfg = Release|Any CPU
		{66C57DA7-2DFF-499E-A6BA-6C684047E715}.Reporting|.NET.ActiveCfg = Release|Any CPU
		{66C57DA7-2DFF-499E-A6BA-6C684047E715}.Reporting|Any CPU.ActiveCfg = Release|Any CPU
		{66C57DA7-2DFF-499E-A6BA-6C684047E715}.Reporting|Any CPU.Build.0 = Release|Any CPU
		{66C57DA7-2DFF-499E-A6BA-6C684047E715}.Reporting|Mixed Platforms.ActiveCfg = Release|Any CPU
		{66C57DA7-2DFF-499E-A6BA-6C684047E715}.Reporting|Mixed Platforms.Build.0 = Release|Any CPU
		{66C57DA7-2DFF-499E-A6BA-6C684047E715}.Reporting|Win32.ActiveCfg = Release|Any CPU
		{BA411E96-4576-4F21-B364-2FC449897C65}.Atlas|.NET.ActiveCfg = Release|Any CPU
		{BA411E96-4576-4F21-B364-2FC449897C65}.Atlas|Any CPU.ActiveCfg = Release|Any CPU
		{BA411E96-4576-4F21-B364-2FC449897C65}.Atlas|Any CPU.Build.0 = Release|Any CPU
		{BA411E96-4576-4F21-B364-2FC449897C65}.Atlas|Mixed Platforms.ActiveCfg = Release|Any CPU
		{BA411E96-4576-4F21-B364-2FC449897C65}.Atlas|Mixed Platforms.Build.0 = Release|Any CPU
		{BA411E96-4576-4F21-B364-2FC449897C65}.Atlas|Win32.ActiveCfg = Release|Any CPU
		{BA411E96-4576-4F21-B364-2FC449897C65}.CommunityServer2|.NET.ActiveCfg = Release|Any CPU
		{BA411E96-4576-4F21-B364-2FC449897C65}.CommunityServer2|Any CPU.ActiveCfg = Release|Any CPU
		{BA411E96-4576-4F21-B364-2FC449897C65}.CommunityServer2|Any CPU.Build.0 = Release|Any CPU
		{BA411E96-4576-4F21-B364-2FC449897C65}.CommunityServer2|Mixed Platforms.ActiveCfg = Release|Any CPU
		{BA411E96-4576-4F21-B364-2FC449897C65}.CommunityServer2|Mixed Platforms.Build.0 = Release|Any CPU
		{BA411E96-4576-4F21-B364-2FC449897C65}.CommunityServer2|Win32.ActiveCfg = Release|Any CPU
		{BA411E96-4576-4F21-B364-2FC449897C65}.Debug|.NET.ActiveCfg = Debug|Any CPU
		{BA411E96-4576-4F21-B364-2FC449897C65}.Debug|Any CPU.ActiveCfg = Debug|Any CPU
		{BA411E96-4576-4F21-B364-2FC449897C65}.Debug|Any CPU.Build.0 = Debug|Any CPU
		{BA411E96-4576-4F21-B364-2FC449897C65}.Debug|Mixed Platforms.ActiveCfg = Debug|Any CPU
		{BA411E96-4576-4F21-B364-2FC449897C65}.Debug|Mixed Platforms.Build.0 = Debug|Any CPU
		{BA411E96-4576-4F21-B364-2FC449897C65}.Debug|Win32.ActiveCfg = Debug|Any CPU
		{BA411E96-4576-4F21-B364-2FC449897C65}.DebugReporting|.NET.ActiveCfg = Debug|Any CPU
		{BA411E96-4576-4F21-B364-2FC449897C65}.DebugReporting|Any CPU.ActiveCfg = Debug|Any CPU
		{BA411E96-4576-4F21-B364-2FC449897C65}.DebugReporting|Any CPU.Build.0 = Debug|Any CPU
		{BA411E96-4576-4F21-B364-2FC449897C65}.DebugReporting|Mixed Platforms.ActiveCfg = Debug|Any CPU
		{BA411E96-4576-4F21-B364-2FC449897C65}.DebugReporting|Mixed Platforms.Build.0 = Debug|Any CPU
		{BA411E96-4576-4F21-B364-2FC449897C65}.DebugReporting|Win32.ActiveCfg = Debug|Any CPU
		{BA411E96-4576-4F21-B364-2FC449897C65}.Debug-TRIAL|.NET.ActiveCfg = Debug|Any CPU
		{BA411E96-4576-4F21-B364-2FC449897C65}.Debug-TRIAL|Any CPU.ActiveCfg = Debug|Any CPU
		{BA411E96-4576-4F21-B364-2FC449897C65}.Debug-TRIAL|Any CPU.Build.0 = Debug|Any CPU
		{BA411E96-4576-4F21-B364-2FC449897C65}.Debug-TRIAL|Mixed Platforms.ActiveCfg = Debug|Any CPU
		{BA411E96-4576-4F21-B364-2FC449897C65}.Debug-TRIAL|Mixed Platforms.Build.0 = Debug|Any CPU
		{BA411E96-4576-4F21-B364-2FC449897C65}.Debug-TRIAL|Win32.ActiveCfg = Debug|Any CPU
		{BA411E96-4576-4F21-B364-2FC449897C65}.Release|.NET.ActiveCfg = Release|Any CPU
		{BA411E96-4576-4F21-B364-2FC449897C65}.Release|Any CPU.ActiveCfg = Release|Any CPU
		{BA411E96-4576-4F21-B364-2FC449897C65}.Release|Any CPU.Build.0 = Release|Any CPU
		{BA411E96-4576-4F21-B364-2FC449897C65}.Release|Mixed Platforms.ActiveCfg = Release|Any CPU
		{BA411E96-4576-4F21-B364-2FC449897C65}.Release|Mixed Platforms.Build.0 = Release|Any CPU
		{BA411E96-4576-4F21-B364-2FC449897C65}.Release|Win32.ActiveCfg = Release|Any CPU
		{BA411E96-4576-4F21-B364-2FC449897C65}.Release-TRIAL|.NET.ActiveCfg = Release|Any CPU
		{BA411E96-4576-4F21-B364-2FC449897C65}.Release-TRIAL|Any CPU.ActiveCfg = Release|Any CPU
		{BA411E96-4576-4F21-B364-2FC449897C65}.Release-TRIAL|Any CPU.Build.0 = Release|Any CPU
		{BA411E96-4576-4F21-B364-2FC449897C65}.Release-TRIAL|Mixed Platforms.ActiveCfg = Release|Any CPU
		{BA411E96-4576-4F21-B364-2FC449897C65}.Release-TRIAL|Mixed Platforms.Build.0 = Release|Any CPU
		{BA411E96-4576-4F21-B364-2FC449897C65}.Release-TRIAL|Win32.ActiveCfg = Release|Any CPU
		{BA411E96-4576-4F21-B364-2FC449897C65}.Reporting|.NET.ActiveCfg = Release|Any CPU
		{BA411E96-4576-4F21-B364-2FC449897C65}.Reporting|Any CPU.ActiveCfg = Release|Any CPU
		{BA411E96-4576-4F21-B364-2FC449897C65}.Reporting|Any CPU.Build.0 = Release|Any CPU
		{BA411E96-4576-4F21-B364-2FC449897C65}.Reporting|Mixed Platforms.ActiveCfg = Release|Any CPU
		{BA411E96-4576-4F21-B364-2FC449897C65}.Reporting|Mixed Platforms.Build.0 = Release|Any CPU
		{BA411E96-4576-4F21-B364-2FC449897C65}.Reporting|Win32.ActiveCfg = Release|Any CPU
		{75EC0774-2C45-4C7B-BB9E-E2F977D27810}.Atlas|.NET.ActiveCfg = Release|Any CPU
		{75EC0774-2C45-4C7B-BB9E-E2F977D27810}.Atlas|Any CPU.ActiveCfg = Release|Any CPU
		{75EC0774-2C45-4C7B-BB9E-E2F977D27810}.Atlas|Any CPU.Build.0 = Release|Any CPU
		{75EC0774-2C45-4C7B-BB9E-E2F977D27810}.Atlas|Mixed Platforms.ActiveCfg = Release|Any CPU
		{75EC0774-2C45-4C7B-BB9E-E2F977D27810}.Atlas|Mixed Platforms.Build.0 = Release|Any CPU
		{75EC0774-2C45-4C7B-BB9E-E2F977D27810}.Atlas|Win32.ActiveCfg = Release|Any CPU
		{75EC0774-2C45-4C7B-BB9E-E2F977D27810}.CommunityServer2|.NET.ActiveCfg = Release|Any CPU
		{75EC0774-2C45-4C7B-BB9E-E2F977D27810}.CommunityServer2|Any CPU.ActiveCfg = Release|Any CPU
		{75EC0774-2C45-4C7B-BB9E-E2F977D27810}.CommunityServer2|Any CPU.Build.0 = Release|Any CPU
		{75EC0774-2C45-4C7B-BB9E-E2F977D27810}.CommunityServer2|Mixed Platforms.ActiveCfg = Release|Any CPU
		{75EC0774-2C45-4C7B-BB9E-E2F977D27810}.CommunityServer2|Mixed Platforms.Build.0 = Release|Any CPU
		{75EC0774-2C45-4C7B-BB9E-E2F977D27810}.CommunityServer2|Win32.ActiveCfg = Release|Any CPU
		{75EC0774-2C45-4C7B-BB9E-E2F977D27810}.Debug|.NET.ActiveCfg = Debug|Any CPU
		{75EC0774-2C45-4C7B-BB9E-E2F977D27810}.Debug|Any CPU.ActiveCfg = Debug|Any CPU
		{75EC0774-2C45-4C7B-BB9E-E2F977D27810}.Debug|Any CPU.Build.0 = Debug|Any CPU
		{75EC0774-2C45-4C7B-BB9E-E2F977D27810}.Debug|Mixed Platforms.ActiveCfg = Debug|Any CPU
		{75EC0774-2C45-4C7B-BB9E-E2F977D27810}.Debug|Mixed Platforms.Build.0 = Debug|Any CPU
		{75EC0774-2C45-4C7B-BB9E-E2F977D27810}.Debug|Win32.ActiveCfg = Debug|Any CPU
		{75EC0774-2C45-4C7B-BB9E-E2F977D27810}.DebugReporting|.NET.ActiveCfg = Debug|Any CPU
		{75EC0774-2C45-4C7B-BB9E-E2F977D27810}.DebugReporting|Any CPU.ActiveCfg = Debug|Any CPU
		{75EC0774-2C45-4C7B-BB9E-E2F977D27810}.DebugReporting|Any CPU.Build.0 = Debug|Any CPU
		{75EC0774-2C45-4C7B-BB9E-E2F977D27810}.DebugReporting|Mixed Platforms.ActiveCfg = Debug|Any CPU
		{75EC0774-2C45-4C7B-BB9E-E2F977D27810}.DebugReporting|Mixed Platforms.Build.0 = Debug|Any CPU
		{75EC0774-2C45-4C7B-BB9E-E2F977D27810}.DebugReporting|Win32.ActiveCfg = Debug|Any CPU
		{75EC0774-2C45-4C7B-BB9E-E2F977D27810}.Debug-TRIAL|.NET.ActiveCfg = Debug|Any CPU
		{75EC0774-2C45-4C7B-BB9E-E2F977D27810}.Debug-TRIAL|Any CPU.ActiveCfg = Debug|Any CPU
		{75EC0774-2C45-4C7B-BB9E-E2F977D27810}.Debug-TRIAL|Any CPU.Build.0 = Debug|Any CPU
		{75EC0774-2C45-4C7B-BB9E-E2F977D27810}.Debug-TRIAL|Mixed Platforms.ActiveCfg = Debug|Any CPU
		{75EC0774-2C45-4C7B-BB9E-E2F977D27810}.Debug-TRIAL|Mixed Platforms.Build.0 = Debug|Any CPU
		{75EC0774-2C45-4C7B-BB9E-E2F977D27810}.Debug-TRIAL|Win32.ActiveCfg = Debug|Any CPU
		{75EC0774-2C45-4C7B-BB9E-E2F977D27810}.Release|.NET.ActiveCfg = Release|Any CPU
		{75EC0774-2C45-4C7B-BB9E-E2F977D27810}.Release|Any CPU.ActiveCfg = Release|Any CPU
		{75EC0774-2C45-4C7B-BB9E-E2F977D27810}.Release|Any CPU.Build.0 = Release|Any CPU
		{75EC0774-2C45-4C7B-BB9E-E2F977D27810}.Release|Mixed Platforms.ActiveCfg = Release|Any CPU
		{75EC0774-2C45-4C7B-BB9E-E2F977D27810}.Release|Mixed Platforms.Build.0 = Release|Any CPU
		{75EC0774-2C45-4C7B-BB9E-E2F977D27810}.Release|Win32.ActiveCfg = Release|Any CPU
		{75EC0774-2C45-4C7B-BB9E-E2F977D27810}.Release-TRIAL|.NET.ActiveCfg = Release|Any CPU
		{75EC0774-2C45-4C7B-BB9E-E2F977D27810}.Release-TRIAL|Any CPU.ActiveCfg = Release|Any CPU
		{75EC0774-2C45-4C7B-BB9E-E2F977D27810}.Release-TRIAL|Any CPU.Build.0 = Release|Any CPU
		{75EC0774-2C45-4C7B-BB9E-E2F977D27810}.Release-TRIAL|Mixed Platforms.ActiveCfg = Release|Any CPU
		{75EC0774-2C45-4C7B-BB9E-E2F977D27810}.Release-TRIAL|Mixed Platforms.Build.0 = Release|Any CPU
		{75EC0774-2C45-4C7B-BB9E-E2F977D27810}.Release-TRIAL|Win32.ActiveCfg = Release|Any CPU
		{75EC0774-2C45-4C7B-BB9E-E2F977D27810}.Reporting|.NET.ActiveCfg = Release|Any CPU
		{75EC0774-2C45-4C7B-BB9E-E2F977D27810}.Reporting|Any CPU.ActiveCfg = Release|Any CPU
		{75EC0774-2C45-4C7B-BB9E-E2F977D27810}.Reporting|Any CPU.Build.0 = Release|Any CPU
		{75EC0774-2C45-4C7B-BB9E-E2F977D27810}.Reporting|Mixed Platforms.ActiveCfg = Release|Any CPU
		{75EC0774-2C45-4C7B-BB9E-E2F977D27810}.Reporting|Mixed Platforms.Build.0 = Release|Any CPU
		{75EC0774-2C45-4C7B-BB9E-E2F977D27810}.Reporting|Win32.ActiveCfg = Release|Any CPU
		{7694BC70-7631-4AA1-B9C0-A08C14D83622}.Atlas|.NET.ActiveCfg = Release|Any CPU
		{7694BC70-7631-4AA1-B9C0-A08C14D83622}.Atlas|Any CPU.ActiveCfg = Release|Any CPU
		{7694BC70-7631-4AA1-B9C0-A08C14D83622}.Atlas|Any CPU.Build.0 = Release|Any CPU
		{7694BC70-7631-4AA1-B9C0-A08C14D83622}.Atlas|Mixed Platforms.ActiveCfg = Release|Any CPU
		{7694BC70-7631-4AA1-B9C0-A08C14D83622}.Atlas|Mixed Platforms.Build.0 = Release|Any CPU
		{7694BC70-7631-4AA1-B9C0-A08C14D83622}.Atlas|Win32.ActiveCfg = Release|Any CPU
		{7694BC70-7631-4AA1-B9C0-A08C14D83622}.CommunityServer2|.NET.ActiveCfg = Release|Any CPU
		{7694BC70-7631-4AA1-B9C0-A08C14D83622}.CommunityServer2|Any CPU.ActiveCfg = Release|Any CPU
		{7694BC70-7631-4AA1-B9C0-A08C14D83622}.CommunityServer2|Any CPU.Build.0 = Release|Any CPU
		{7694BC70-7631-4AA1-B9C0-A08C14D83622}.CommunityServer2|Mixed Platforms.ActiveCfg = Release|Any CPU
		{7694BC70-7631-4AA1-B9C0-A08C14D83622}.CommunityServer2|Mixed Platforms.Build.0 = Release|Any CPU
		{7694BC70-7631-4AA1-B9C0-A08C14D83622}.CommunityServer2|Win32.ActiveCfg = Release|Any CPU
		{7694BC70-7631-4AA1-B9C0-A08C14D83622}.Debug|.NET.ActiveCfg = Debug|Any CPU
		{7694BC70-7631-4AA1-B9C0-A08C14D83622}.Debug|Any CPU.ActiveCfg = Debug|Any CPU
		{7694BC70-7631-4AA1-B9C0-A08C14D83622}.Debug|Any CPU.Build.0 = Debug|Any CPU
		{7694BC70-7631-4AA1-B9C0-A08C14D83622}.Debug|Mixed Platforms.ActiveCfg = Debug|Any CPU
		{7694BC70-7631-4AA1-B9C0-A08C14D83622}.Debug|Mixed Platforms.Build.0 = Debug|Any CPU
		{7694BC70-7631-4AA1-B9C0-A08C14D83622}.Debug|Win32.ActiveCfg = Debug|Any CPU
		{7694BC70-7631-4AA1-B9C0-A08C14D83622}.DebugReporting|.NET.ActiveCfg = Debug|Any CPU
		{7694BC70-7631-4AA1-B9C0-A08C14D83622}.DebugReporting|Any CPU.ActiveCfg = Debug|Any CPU
		{7694BC70-7631-4AA1-B9C0-A08C14D83622}.DebugReporting|Any CPU.Build.0 = Debug|Any CPU
		{7694BC70-7631-4AA1-B9C0-A08C14D83622}.DebugReporting|Mixed Platforms.ActiveCfg = Debug|Any CPU
		{7694BC70-7631-4AA1-B9C0-A08C14D83622}.DebugReporting|Mixed Platforms.Build.0 = Debug|Any CPU
		{7694BC70-7631-4AA1-B9C0-A08C14D83622}.DebugReporting|Win32.ActiveCfg = Debug|Any CPU
		{7694BC70-7631-4AA1-B9C0-A08C14D83622}.Debug-TRIAL|.NET.ActiveCfg = Debug|Any CPU
		{7694BC70-7631-4AA1-B9C0-A08C14D83622}.Debug-TRIAL|Any CPU.ActiveCfg = Debug|Any CPU
		{7694BC70-7631-4AA1-B9C0-A08C14D83622}.Debug-TRIAL|Any CPU.Build.0 = Debug|Any CPU
		{7694BC70-7631-4AA1-B9C0-A08C14D83622}.Debug-TRIAL|Mixed Platforms.ActiveCfg = Debug|Any CPU
		{7694BC70-7631-4AA1-B9C0-A08C14D83622}.Debug-TRIAL|Mixed Platforms.Build.0 = Debug|Any CPU
		{7694BC70-7631-4AA1-B9C0-A08C14D83622}.Debug-TRIAL|Win32.ActiveCfg = Debug|Any CPU
		{7694BC70-7631-4AA1-B9C0-A08C14D83622}.Release|.NET.ActiveCfg = Release|Any CPU
		{7694BC70-7631-4AA1-B9C0-A08C14D83622}.Release|Any CPU.ActiveCfg = Release|Any CPU
		{7694BC70-7631-4AA1-B9C0-A08C14D83622}.Release|Any CPU.Build.0 = Release|Any CPU
		{7694BC70-7631-4AA1-B9C0-A08C14D83622}.Release|Mixed Platforms.ActiveCfg = Release|Any CPU
		{7694BC70-7631-4AA1-B9C0-A08C14D83622}.Release|Mixed Platforms.Build.0 = Release|Any CPU
		{7694BC70-7631-4AA1-B9C0-A08C14D83622}.Release|Win32.ActiveCfg = Release|Any CPU
		{7694BC70-7631-4AA1-B9C0-A08C14D83622}.Release-TRIAL|.NET.ActiveCfg = Release|Any CPU
		{7694BC70-7631-4AA1-B9C0-A08C14D83622}.Release-TRIAL|Any CPU.ActiveCfg = Release|Any CPU
		{7694BC70-7631-4AA1-B9C0-A08C14D83622}.Release-TRIAL|Any CPU.Build.0 = Release|Any CPU
		{7694BC70-7631-4AA1-B9C0-A08C14D83622}.Release-TRIAL|Mixed Platforms.ActiveCfg = Release|Any CPU
		{7694BC70-7631-4AA1-B9C0-A08C14D83622}.Release-TRIAL|Mixed Platforms.Build.0 = Release|Any CPU
		{7694BC70-7631-4AA1-B9C0-A08C14D83622}.Release-TRIAL|Win32.ActiveCfg = Release|Any CPU
		{7694BC70-7631-4AA1-B9C0-A08C14D83622}.Reporting|.NET.ActiveCfg = Release|Any CPU
		{7694BC70-7631-4AA1-B9C0-A08C14D83622}.Reporting|Any CPU.ActiveCfg = Release|Any CPU
		{7694BC70-7631-4AA1-B9C0-A08C14D83622}.Reporting|Any CPU.Build.0 = Release|Any CPU
		{7694BC70-7631-4AA1-B9C0-A08C14D83622}.Reporting|Mixed Platforms.ActiveCfg = Release|Any CPU
		{7694BC70-7631-4AA1-B9C0-A08C14D83622}.Reporting|Mixed Platforms.Build.0 = Release|Any CPU
		{7694BC70-7631-4AA1-B9C0-A08C14D83622}.Reporting|Win32.ActiveCfg = Release|Any CPU
		{B96B35B6-8249-411F-9CCF-8B468CEFB042}.Atlas|.NET.ActiveCfg = Release|Any CPU
		{B96B35B6-8249-411F-9CCF-8B468CEFB042}.Atlas|Any CPU.ActiveCfg = Release|Any CPU
		{B96B35B6-8249-411F-9CCF-8B468CEFB042}.Atlas|Any CPU.Build.0 = Release|Any CPU
		{B96B35B6-8249-411F-9CCF-8B468CEFB042}.Atlas|Mixed Platforms.ActiveCfg = Release|Any CPU
		{B96B35B6-8249-411F-9CCF-8B468CEFB042}.Atlas|Mixed Platforms.Build.0 = Release|Any CPU
		{B96B35B6-8249-411F-9CCF-8B468CEFB042}.Atlas|Win32.ActiveCfg = Release|Any CPU
		{B96B35B6-8249-411F-9CCF-8B468CEFB042}.CommunityServer2|.NET.ActiveCfg = Release|Any CPU
		{B96B35B6-8249-411F-9CCF-8B468CEFB042}.CommunityServer2|Any CPU.ActiveCfg = Release|Any CPU
		{B96B35B6-8249-411F-9CCF-8B468CEFB042}.CommunityServer2|Any CPU.Build.0 = Release|Any CPU
		{B96B35B6-8249-411F-9CCF-8B468CEFB042}.CommunityServer2|Mixed Platforms.ActiveCfg = Release|Any CPU
		{B96B35B6-8249-411F-9CCF-8B468CEFB042}.CommunityServer2|Mixed Platforms.Build.0 = Release|Any CPU
		{B96B35B6-8249-411F-9CCF-8B468CEFB042}.CommunityServer2|Win32.ActiveCfg = Release|Any CPU
		{B96B35B6-8249-411F-9CCF-8B468CEFB042}.Debug|.NET.ActiveCfg = Debug|Any CPU
		{B96B35B6-8249-411F-9CCF-8B468CEFB042}.Debug|Any CPU.ActiveCfg = Debug|Any CPU
		{B96B35B6-8249-411F-9CCF-8B468CEFB042}.Debug|Any CPU.Build.0 = Debug|Any CPU
		{B96B35B6-8249-411F-9CCF-8B468CEFB042}.Debug|Mixed Platforms.ActiveCfg = Debug|Any CPU
		{B96B35B6-8249-411F-9CCF-8B468CEFB042}.Debug|Mixed Platforms.Build.0 = Debug|Any CPU
		{B96B35B6-8249-411F-9CCF-8B468CEFB042}.Debug|Win32.ActiveCfg = Debug|Any CPU
		{B96B35B6-8249-411F-9CCF-8B468CEFB042}.DebugReporting|.NET.ActiveCfg = Debug|Any CPU
		{B96B35B6-8249-411F-9CCF-8B468CEFB042}.DebugReporting|Any CPU.ActiveCfg = Debug|Any CPU
		{B96B35B6-8249-411F-9CCF-8B468CEFB042}.DebugReporting|Any CPU.Build.0 = Debug|Any CPU
		{B96B35B6-8249-411F-9CCF-8B468CEFB042}.DebugReporting|Mixed Platforms.ActiveCfg = Debug|Any CPU
		{B96B35B6-8249-411F-9CCF-8B468CEFB042}.DebugReporting|Mixed Platforms.Build.0 = Debug|Any CPU
		{B96B35B6-8249-411F-9CCF-8B468CEFB042}.DebugReporting|Win32.ActiveCfg = Debug|Any CPU
		{B96B35B6-8249-411F-9CCF-8B468CEFB042}.Debug-TRIAL|.NET.ActiveCfg = Debug|Any CPU
		{B96B35B6-8249-411F-9CCF-8B468CEFB042}.Debug-TRIAL|Any CPU.ActiveCfg = Debug|Any CPU
		{B96B35B6-8249-411F-9CCF-8B468CEFB042}.Debug-TRIAL|Any CPU.Build.0 = Debug|Any CPU
		{B96B35B6-8249-411F-9CCF-8B468CEFB042}.Debug-TRIAL|Mixed Platforms.ActiveCfg = Debug|Any CPU
		{B96B35B6-8249-411F-9CCF-8B468CEFB042}.Debug-TRIAL|Mixed Platforms.Build.0 = Debug|Any CPU
		{B96B35B6-8249-411F-9CCF-8B468CEFB042}.Debug-TRIAL|Win32.ActiveCfg = Debug|Any CPU
		{B96B35B6-8249-411F-9CCF-8B468CEFB042}.Release|.NET.ActiveCfg = Release|Any CPU
		{B96B35B6-8249-411F-9CCF-8B468CEFB042}.Release|Any CPU.ActiveCfg = Release|Any CPU
		{B96B35B6-8249-411F-9CCF-8B468CEFB042}.Release|Any CPU.Build.0 = Release|Any CPU
		{B96B35B6-8249-411F-9CCF-8B468CEFB042}.Release|Mixed Platforms.ActiveCfg = Release|Any CPU
		{B96B35B6-8249-411F-9CCF-8B468CEFB042}.Release|Mixed Platforms.Build.0 = Release|Any CPU
		{B96B35B6-8249-411F-9CCF-8B468CEFB042}.Release|Win32.ActiveCfg = Release|Any CPU
		{B96B35B6-8249-411F-9CCF-8B468CEFB042}.Release-TRIAL|.NET.ActiveCfg = Release|Any CPU
		{B96B35B6-8249-411F-9CCF-8B468CEFB042}.Release-TRIAL|Any CPU.ActiveCfg = Release|Any CPU
		{B96B35B6-8249-411F-9CCF-8B468CEFB042}.Release-TRIAL|Any CPU.Build.0 = Release|Any CPU
		{B96B35B6-8249-411F-9CCF-8B468CEFB042}.Release-TRIAL|Mixed Platforms.ActiveCfg = Release|Any CPU
		{B96B35B6-8249-411F-9CCF-8B468CEFB042}.Release-TRIAL|Mixed Platforms.Build.0 = Release|Any CPU
		{B96B35B6-8249-411F-9CCF-8B468CEFB042}.Release-TRIAL|Win32.ActiveCfg = Release|Any CPU
		{B96B35B6-8249-411F-9CCF-8B468CEFB042}.Reporting|.NET.ActiveCfg = Release|Any CPU
		{B96B35B6-8249-411F-9CCF-8B468CEFB042}.Reporting|Any CPU.ActiveCfg = Release|Any CPU
		{B96B35B6-8249-411F-9CCF-8B468CEFB042}.Reporting|Any CPU.Build.0 = Release|Any CPU
		{B96B35B6-8249-411F-9CCF-8B468CEFB042}.Reporting|Mixed Platforms.ActiveCfg = Release|Any CPU
		{B96B35B6-8249-411F-9CCF-8B468CEFB042}.Reporting|Mixed Platforms.Build.0 = Release|Any CPU
		{B96B35B6-8249-411F-9CCF-8B468CEFB042}.Reporting|Win32.ActiveCfg = Release|Any CPU
		{776D27D3-5DAD-42BD-82AA-5B8F7E56023E}.Atlas|.NET.ActiveCfg = Debug|Any CPU
		{776D27D3-5DAD-42BD-82AA-5B8F7E56023E}.Atlas|Any CPU.ActiveCfg = Debug|Any CPU
		{776D27D3-5DAD-42BD-82AA-5B8F7E56023E}.Atlas|Any CPU.Build.0 = Debug|Any CPU
		{776D27D3-5DAD-42BD-82AA-5B8F7E56023E}.Atlas|Mixed Platforms.ActiveCfg = Debug|Any CPU
		{776D27D3-5DAD-42BD-82AA-5B8F7E56023E}.Atlas|Mixed Platforms.Build.0 = Debug|Any CPU
		{776D27D3-5DAD-42BD-82AA-5B8F7E56023E}.Atlas|Win32.ActiveCfg = Debug|Any CPU
		{776D27D3-5DAD-42BD-82AA-5B8F7E56023E}.CommunityServer2|.NET.ActiveCfg = Debug|Any CPU
		{776D27D3-5DAD-42BD-82AA-5B8F7E56023E}.CommunityServer2|Any CPU.ActiveCfg = Debug|Any CPU
		{776D27D3-5DAD-42BD-82AA-5B8F7E56023E}.CommunityServer2|Any CPU.Build.0 = Debug|Any CPU
		{776D27D3-5DAD-42BD-82AA-5B8F7E56023E}.CommunityServer2|Mixed Platforms.ActiveCfg = Debug|Any CPU
		{776D27D3-5DAD-42BD-82AA-5B8F7E56023E}.CommunityServer2|Mixed Platforms.Build.0 = Debug|Any CPU
		{776D27D3-5DAD-42BD-82AA-5B8F7E56023E}.CommunityServer2|Win32.ActiveCfg = Debug|Any CPU
		{776D27D3-5DAD-42BD-82AA-5B8F7E56023E}.Debug|.NET.ActiveCfg = Debug|Any CPU
		{776D27D3-5DAD-42BD-82AA-5B8F7E56023E}.Debug|Any CPU.ActiveCfg = Debug|Any CPU
		{776D27D3-5DAD-42BD-82AA-5B8F7E56023E}.Debug|Any CPU.Build.0 = Debug|Any CPU
		{776D27D3-5DAD-42BD-82AA-5B8F7E56023E}.Debug|Mixed Platforms.ActiveCfg = Debug|Any CPU
		{776D27D3-5DAD-42BD-82AA-5B8F7E56023E}.Debug|Mixed Platforms.Build.0 = Debug|Any CPU
		{776D27D3-5DAD-42BD-82AA-5B8F7E56023E}.Debug|Win32.ActiveCfg = Debug|Any CPU
		{776D27D3-5DAD-42BD-82AA-5B8F7E56023E}.DebugReporting|.NET.ActiveCfg = Debug|Any CPU
		{776D27D3-5DAD-42BD-82AA-5B8F7E56023E}.DebugReporting|Any CPU.ActiveCfg = Debug|Any CPU
		{776D27D3-5DAD-42BD-82AA-5B8F7E56023E}.DebugReporting|Any CPU.Build.0 = Debug|Any CPU
		{776D27D3-5DAD-42BD-82AA-5B8F7E56023E}.DebugReporting|Mixed Platforms.ActiveCfg = Debug|Any CPU
		{776D27D3-5DAD-42BD-82AA-5B8F7E56023E}.DebugReporting|Mixed Platforms.Build.0 = Debug|Any CPU
		{776D27D3-5DAD-42BD-82AA-5B8F7E56023E}.DebugReporting|Win32.ActiveCfg = Debug|Any CPU
		{776D27D3-5DAD-42BD-82AA-5B8F7E56023E}.Debug-TRIAL|.NET.ActiveCfg = Debug|Any CPU
		{776D27D3-5DAD-42BD-82AA-5B8F7E56023E}.Debug-TRIAL|Any CPU.ActiveCfg = Debug|Any CPU
		{776D27D3-5DAD-42BD-82AA-5B8F7E56023E}.Debug-TRIAL|Any CPU.Build.0 = Debug|Any CPU
		{776D27D3-5DAD-42BD-82AA-5B8F7E56023E}.Debug-TRIAL|Mixed Platforms.ActiveCfg = Debug|Any CPU
		{776D27D3-5DAD-42BD-82AA-5B8F7E56023E}.Debug-TRIAL|Mixed Platforms.Build.0 = Debug|Any CPU
		{776D27D3-5DAD-42BD-82AA-5B8F7E56023E}.Debug-TRIAL|Win32.ActiveCfg = Debug|Any CPU
		{776D27D3-5DAD-42BD-82AA-5B8F7E56023E}.Release|.NET.ActiveCfg = Debug|Any CPU
		{776D27D3-5DAD-42BD-82AA-5B8F7E56023E}.Release|Any CPU.ActiveCfg = Debug|Any CPU
		{776D27D3-5DAD-42BD-82AA-5B8F7E56023E}.Release|Any CPU.Build.0 = Debug|Any CPU
		{776D27D3-5DAD-42BD-82AA-5B8F7E56023E}.Release|Mixed Platforms.ActiveCfg = Debug|Any CPU
		{776D27D3-5DAD-42BD-82AA-5B8F7E56023E}.Release|Mixed Platforms.Build.0 = Debug|Any CPU
		{776D27D3-5DAD-42BD-82AA-5B8F7E56023E}.Release|Win32.ActiveCfg = Debug|Any CPU
		{776D27D3-5DAD-42BD-82AA-5B8F7E56023E}.Release-TRIAL|.NET.ActiveCfg = Debug|Any CPU
		{776D27D3-5DAD-42BD-82AA-5B8F7E56023E}.Release-TRIAL|Any CPU.ActiveCfg = Debug|Any CPU
		{776D27D3-5DAD-42BD-82AA-5B8F7E56023E}.Release-TRIAL|Any CPU.Build.0 = Debug|Any CPU
		{776D27D3-5DAD-42BD-82AA-5B8F7E56023E}.Release-TRIAL|Mixed Platforms.ActiveCfg = Debug|Any CPU
		{776D27D3-5DAD-42BD-82AA-5B8F7E56023E}.Release-TRIAL|Mixed Platforms.Build.0 = Debug|Any CPU
		{776D27D3-5DAD-42BD-82AA-5B8F7E56023E}.Release-TRIAL|Win32.ActiveCfg = Debug|Any CPU
		{776D27D3-5DAD-42BD-82AA-5B8F7E56023E}.Reporting|.NET.ActiveCfg = Debug|Any CPU
		{776D27D3-5DAD-42BD-82AA-5B8F7E56023E}.Reporting|Any CPU.ActiveCfg = Debug|Any CPU
		{776D27D3-5DAD-42BD-82AA-5B8F7E56023E}.Reporting|Any CPU.Build.0 = Debug|Any CPU
		{776D27D3-5DAD-42BD-82AA-5B8F7E56023E}.Reporting|Mixed Platforms.ActiveCfg = Debug|Any CPU
		{776D27D3-5DAD-42BD-82AA-5B8F7E56023E}.Reporting|Mixed Platforms.Build.0 = Debug|Any CPU
		{776D27D3-5DAD-42BD-82AA-5B8F7E56023E}.Reporting|Win32.ActiveCfg = Debug|Any CPU
	EndGlobalSection
	GlobalSection(SolutionProperties) = preSolution
		HideSolutionNode = FALSE
	EndGlobalSection
	GlobalSection(NestedProjects) = preSolution
		{EE041BD8-EBAC-48DF-982F-53BC96C8AD46} = {8468F83B-6650-47B2-A950-3A3ACADE8BEF}
		{66C57DA7-2DFF-499E-A6BA-6C684047E715} = {8468F83B-6650-47B2-A950-3A3ACADE8BEF}
		{75EC0774-2C45-4C7B-BB9E-E2F977D27810} = {8468F83B-6650-47B2-A950-3A3ACADE8BEF}
	EndGlobalSection
EndGlobal
