
Microsoft Visual Studio Solution File, Format Version 10.00
# Visual Studio 2008
Project("{FAE04EC0-301F-11D3-BF4B-00C04F79EFBC}") = "NbtSchemaUpdateAutoTest", "NbtSchemaUpdateAutoTest\NbtSchemaUpdateAutoTest.csproj", "{EE041BD8-EBAC-48DF-982F-53BC96C8AD46}"
EndProject
Project("{FAE04EC0-301F-11D3-BF4B-00C04F79EFBC}") = "CswAppCore", "..\..\..\CswAppCore\CswAppCore\CswAppCore.csproj", "{688421CB-66EA-4B4B-88E3-764B4DC3AA39}"
EndProject
Project("{FAE04EC0-301F-11D3-BF4B-00C04F79EFBC}") = "CswAppBase", "..\..\..\CswAppBase\CswAppBase\CswAppBase.csproj", "{B4C8DA8D-D10A-4044-9DEA-AD757D7B4FEF}"
EndProject
Project("{FAE04EC0-301F-11D3-BF4B-00C04F79EFBC}") = "NbtBase", "..\NbtBase\NbtBase.csproj", "{7C47298A-61FE-48F4-BD2F-5F3870D0E020}"
EndProject
Project("{FAE04EC0-301F-11D3-BF4B-00C04F79EFBC}") = "NbtConfig", "..\NbtConfig\NbtConfig.csproj", "{600062EA-970D-4D9E-B216-C767EA9DB0DB}"
EndProject
Project("{FAE04EC0-301F-11D3-BF4B-00C04F79EFBC}") = "NbtLogic", "..\NbtLogic\NbtLogic.csproj", "{666C22F0-FBD7-44A7-8C2F-320C1C238BBB}"
EndProject
Project("{FAE04EC0-301F-11D3-BF4B-00C04F79EFBC}") = "CswConfigBase", "..\..\..\CswConfig\CswConfig\CswConfigBase\CswConfigBase.csproj", "{C211E526-C875-4071-BA3B-DCB774C7F222}"
EndProject
Global
	GlobalSection(SolutionConfigurationPlatforms) = preSolution
		Atlas|.NET = Atlas|.NET
		Atlas|Any CPU = Atlas|Any CPU
		Atlas|Mixed Platforms = Atlas|Mixed Platforms
		CommunityServer2|.NET = CommunityServer2|.NET
		CommunityServer2|Any CPU = CommunityServer2|Any CPU
		CommunityServer2|Mixed Platforms = CommunityServer2|Mixed Platforms
		Debug|.NET = Debug|.NET
		Debug|Any CPU = Debug|Any CPU
		Debug|Mixed Platforms = Debug|Mixed Platforms
		DebugReporting|.NET = DebugReporting|.NET
		DebugReporting|Any CPU = DebugReporting|Any CPU
		DebugReporting|Mixed Platforms = DebugReporting|Mixed Platforms
		Debug-TRIAL|.NET = Debug-TRIAL|.NET
		Debug-TRIAL|Any CPU = Debug-TRIAL|Any CPU
		Debug-TRIAL|Mixed Platforms = Debug-TRIAL|Mixed Platforms
		Release|.NET = Release|.NET
		Release|Any CPU = Release|Any CPU
		Release|Mixed Platforms = Release|Mixed Platforms
		Release-TRIAL|.NET = Release-TRIAL|.NET
		Release-TRIAL|Any CPU = Release-TRIAL|Any CPU
		Release-TRIAL|Mixed Platforms = Release-TRIAL|Mixed Platforms
		Reporting|.NET = Reporting|.NET
		Reporting|Any CPU = Reporting|Any CPU
		Reporting|Mixed Platforms = Reporting|Mixed Platforms
	EndGlobalSection
	GlobalSection(ProjectConfigurationPlatforms) = postSolution
		{EE041BD8-EBAC-48DF-982F-53BC96C8AD46}.Atlas|.NET.ActiveCfg = Release|Any CPU
		{EE041BD8-EBAC-48DF-982F-53BC96C8AD46}.Atlas|Any CPU.ActiveCfg = Release|Any CPU
		{EE041BD8-EBAC-48DF-982F-53BC96C8AD46}.Atlas|Any CPU.Build.0 = Release|Any CPU
		{EE041BD8-EBAC-48DF-982F-53BC96C8AD46}.Atlas|Mixed Platforms.ActiveCfg = Release|Any CPU
		{EE041BD8-EBAC-48DF-982F-53BC96C8AD46}.Atlas|Mixed Platforms.Build.0 = Release|Any CPU
		{EE041BD8-EBAC-48DF-982F-53BC96C8AD46}.CommunityServer2|.NET.ActiveCfg = Release|Any CPU
		{EE041BD8-EBAC-48DF-982F-53BC96C8AD46}.CommunityServer2|Any CPU.ActiveCfg = Release|Any CPU
		{EE041BD8-EBAC-48DF-982F-53BC96C8AD46}.CommunityServer2|Any CPU.Build.0 = Release|Any CPU
		{EE041BD8-EBAC-48DF-982F-53BC96C8AD46}.CommunityServer2|Mixed Platforms.ActiveCfg = Release|Any CPU
		{EE041BD8-EBAC-48DF-982F-53BC96C8AD46}.CommunityServer2|Mixed Platforms.Build.0 = Release|Any CPU
		{EE041BD8-EBAC-48DF-982F-53BC96C8AD46}.Debug|.NET.ActiveCfg = Debug|Any CPU
		{EE041BD8-EBAC-48DF-982F-53BC96C8AD46}.Debug|Any CPU.ActiveCfg = Debug|Any CPU
		{EE041BD8-EBAC-48DF-982F-53BC96C8AD46}.Debug|Any CPU.Build.0 = Debug|Any CPU
		{EE041BD8-EBAC-48DF-982F-53BC96C8AD46}.Debug|Mixed Platforms.ActiveCfg = Debug|Any CPU
		{EE041BD8-EBAC-48DF-982F-53BC96C8AD46}.Debug|Mixed Platforms.Build.0 = Debug|Any CPU
		{EE041BD8-EBAC-48DF-982F-53BC96C8AD46}.DebugReporting|.NET.ActiveCfg = Debug|Any CPU
		{EE041BD8-EBAC-48DF-982F-53BC96C8AD46}.DebugReporting|Any CPU.ActiveCfg = Debug|Any CPU
		{EE041BD8-EBAC-48DF-982F-53BC96C8AD46}.DebugReporting|Any CPU.Build.0 = Debug|Any CPU
		{EE041BD8-EBAC-48DF-982F-53BC96C8AD46}.DebugReporting|Mixed Platforms.ActiveCfg = Debug|Any CPU
		{EE041BD8-EBAC-48DF-982F-53BC96C8AD46}.DebugReporting|Mixed Platforms.Build.0 = Debug|Any CPU
		{EE041BD8-EBAC-48DF-982F-53BC96C8AD46}.Debug-TRIAL|.NET.ActiveCfg = Debug|Any CPU
		{EE041BD8-EBAC-48DF-982F-53BC96C8AD46}.Debug-TRIAL|Any CPU.ActiveCfg = Debug|Any CPU
		{EE041BD8-EBAC-48DF-982F-53BC96C8AD46}.Debug-TRIAL|Any CPU.Build.0 = Debug|Any CPU
		{EE041BD8-EBAC-48DF-982F-53BC96C8AD46}.Debug-TRIAL|Mixed Platforms.ActiveCfg = Debug|Any CPU
		{EE041BD8-EBAC-48DF-982F-53BC96C8AD46}.Debug-TRIAL|Mixed Platforms.Build.0 = Debug|Any CPU
		{EE041BD8-EBAC-48DF-982F-53BC96C8AD46}.Release|.NET.ActiveCfg = Release|Any CPU
		{EE041BD8-EBAC-48DF-982F-53BC96C8AD46}.Release|Any CPU.ActiveCfg = Release|Any CPU
		{EE041BD8-EBAC-48DF-982F-53BC96C8AD46}.Release|Any CPU.Build.0 = Release|Any CPU
		{EE041BD8-EBAC-48DF-982F-53BC96C8AD46}.Release|Mixed Platforms.ActiveCfg = Release|Any CPU
		{EE041BD8-EBAC-48DF-982F-53BC96C8AD46}.Release|Mixed Platforms.Build.0 = Release|Any CPU
		{EE041BD8-EBAC-48DF-982F-53BC96C8AD46}.Release-TRIAL|.NET.ActiveCfg = Release|Any CPU
		{EE041BD8-EBAC-48DF-982F-53BC96C8AD46}.Release-TRIAL|Any CPU.ActiveCfg = Release|Any CPU
		{EE041BD8-EBAC-48DF-982F-53BC96C8AD46}.Release-TRIAL|Any CPU.Build.0 = Release|Any CPU
		{EE041BD8-EBAC-48DF-982F-53BC96C8AD46}.Release-TRIAL|Mixed Platforms.ActiveCfg = Release|Any CPU
		{EE041BD8-EBAC-48DF-982F-53BC96C8AD46}.Release-TRIAL|Mixed Platforms.Build.0 = Release|Any CPU
		{EE041BD8-EBAC-48DF-982F-53BC96C8AD46}.Reporting|.NET.ActiveCfg = Release|Any CPU
		{EE041BD8-EBAC-48DF-982F-53BC96C8AD46}.Reporting|Any CPU.ActiveCfg = Release|Any CPU
		{EE041BD8-EBAC-48DF-982F-53BC96C8AD46}.Reporting|Any CPU.Build.0 = Release|Any CPU
		{EE041BD8-EBAC-48DF-982F-53BC96C8AD46}.Reporting|Mixed Platforms.ActiveCfg = Release|Any CPU
		{EE041BD8-EBAC-48DF-982F-53BC96C8AD46}.Reporting|Mixed Platforms.Build.0 = Release|Any CPU
		{688421CB-66EA-4B4B-88E3-764B4DC3AA39}.Atlas|.NET.ActiveCfg = Release|Any CPU
		{688421CB-66EA-4B4B-88E3-764B4DC3AA39}.Atlas|Any CPU.ActiveCfg = Release|Any CPU
		{688421CB-66EA-4B4B-88E3-764B4DC3AA39}.Atlas|Any CPU.Build.0 = Release|Any CPU
		{688421CB-66EA-4B4B-88E3-764B4DC3AA39}.Atlas|Mixed Platforms.ActiveCfg = Release|Any CPU
		{688421CB-66EA-4B4B-88E3-764B4DC3AA39}.Atlas|Mixed Platforms.Build.0 = Release|Any CPU
		{688421CB-66EA-4B4B-88E3-764B4DC3AA39}.CommunityServer2|.NET.ActiveCfg = Release|Any CPU
		{688421CB-66EA-4B4B-88E3-764B4DC3AA39}.CommunityServer2|Any CPU.ActiveCfg = Release|Any CPU
		{688421CB-66EA-4B4B-88E3-764B4DC3AA39}.CommunityServer2|Any CPU.Build.0 = Release|Any CPU
		{688421CB-66EA-4B4B-88E3-764B4DC3AA39}.CommunityServer2|Mixed Platforms.ActiveCfg = Release|Any CPU
		{688421CB-66EA-4B4B-88E3-764B4DC3AA39}.CommunityServer2|Mixed Platforms.Build.0 = Release|Any CPU
		{688421CB-66EA-4B4B-88E3-764B4DC3AA39}.Debug|.NET.ActiveCfg = Debug|Any CPU
		{688421CB-66EA-4B4B-88E3-764B4DC3AA39}.Debug|Any CPU.ActiveCfg = Debug|Any CPU
		{688421CB-66EA-4B4B-88E3-764B4DC3AA39}.Debug|Any CPU.Build.0 = Debug|Any CPU
		{688421CB-66EA-4B4B-88E3-764B4DC3AA39}.Debug|Mixed Platforms.ActiveCfg = Debug|Any CPU
		{688421CB-66EA-4B4B-88E3-764B4DC3AA39}.Debug|Mixed Platforms.Build.0 = Debug|Any CPU
		{688421CB-66EA-4B4B-88E3-764B4DC3AA39}.DebugReporting|.NET.ActiveCfg = Debug|Any CPU
		{688421CB-66EA-4B4B-88E3-764B4DC3AA39}.DebugReporting|Any CPU.ActiveCfg = Debug|Any CPU
		{688421CB-66EA-4B4B-88E3-764B4DC3AA39}.DebugReporting|Any CPU.Build.0 = Debug|Any CPU
		{688421CB-66EA-4B4B-88E3-764B4DC3AA39}.DebugReporting|Mixed Platforms.ActiveCfg = Debug|Any CPU
		{688421CB-66EA-4B4B-88E3-764B4DC3AA39}.DebugReporting|Mixed Platforms.Build.0 = Debug|Any CPU
		{688421CB-66EA-4B4B-88E3-764B4DC3AA39}.Debug-TRIAL|.NET.ActiveCfg = Debug|Any CPU
		{688421CB-66EA-4B4B-88E3-764B4DC3AA39}.Debug-TRIAL|Any CPU.ActiveCfg = Debug|Any CPU
		{688421CB-66EA-4B4B-88E3-764B4DC3AA39}.Debug-TRIAL|Any CPU.Build.0 = Debug|Any CPU
		{688421CB-66EA-4B4B-88E3-764B4DC3AA39}.Debug-TRIAL|Mixed Platforms.ActiveCfg = Debug|Any CPU
		{688421CB-66EA-4B4B-88E3-764B4DC3AA39}.Debug-TRIAL|Mixed Platforms.Build.0 = Debug|Any CPU
		{688421CB-66EA-4B4B-88E3-764B4DC3AA39}.Release|.NET.ActiveCfg = Release|Any CPU
		{688421CB-66EA-4B4B-88E3-764B4DC3AA39}.Release|Any CPU.ActiveCfg = Release|Any CPU
		{688421CB-66EA-4B4B-88E3-764B4DC3AA39}.Release|Any CPU.Build.0 = Release|Any CPU
		{688421CB-66EA-4B4B-88E3-764B4DC3AA39}.Release|Mixed Platforms.ActiveCfg = Release|Any CPU
		{688421CB-66EA-4B4B-88E3-764B4DC3AA39}.Release|Mixed Platforms.Build.0 = Release|Any CPU
		{688421CB-66EA-4B4B-88E3-764B4DC3AA39}.Release-TRIAL|.NET.ActiveCfg = Release|Any CPU
		{688421CB-66EA-4B4B-88E3-764B4DC3AA39}.Release-TRIAL|Any CPU.ActiveCfg = Release|Any CPU
		{688421CB-66EA-4B4B-88E3-764B4DC3AA39}.Release-TRIAL|Any CPU.Build.0 = Release|Any CPU
		{688421CB-66EA-4B4B-88E3-764B4DC3AA39}.Release-TRIAL|Mixed Platforms.ActiveCfg = Release|Any CPU
		{688421CB-66EA-4B4B-88E3-764B4DC3AA39}.Release-TRIAL|Mixed Platforms.Build.0 = Release|Any CPU
		{688421CB-66EA-4B4B-88E3-764B4DC3AA39}.Reporting|.NET.ActiveCfg = Release|Any CPU
		{688421CB-66EA-4B4B-88E3-764B4DC3AA39}.Reporting|Any CPU.ActiveCfg = Release|Any CPU
		{688421CB-66EA-4B4B-88E3-764B4DC3AA39}.Reporting|Any CPU.Build.0 = Release|Any CPU
		{688421CB-66EA-4B4B-88E3-764B4DC3AA39}.Reporting|Mixed Platforms.ActiveCfg = Release|Any CPU
		{688421CB-66EA-4B4B-88E3-764B4DC3AA39}.Reporting|Mixed Platforms.Build.0 = Release|Any CPU
		{B4C8DA8D-D10A-4044-9DEA-AD757D7B4FEF}.Atlas|.NET.ActiveCfg = Release|Any CPU
		{B4C8DA8D-D10A-4044-9DEA-AD757D7B4FEF}.Atlas|Any CPU.ActiveCfg = Release|Any CPU
		{B4C8DA8D-D10A-4044-9DEA-AD757D7B4FEF}.Atlas|Any CPU.Build.0 = Release|Any CPU
		{B4C8DA8D-D10A-4044-9DEA-AD757D7B4FEF}.Atlas|Mixed Platforms.ActiveCfg = Release|Any CPU
		{B4C8DA8D-D10A-4044-9DEA-AD757D7B4FEF}.Atlas|Mixed Platforms.Build.0 = Release|Any CPU
		{B4C8DA8D-D10A-4044-9DEA-AD757D7B4FEF}.CommunityServer2|.NET.ActiveCfg = Release|Any CPU
		{B4C8DA8D-D10A-4044-9DEA-AD757D7B4FEF}.CommunityServer2|Any CPU.ActiveCfg = Release|Any CPU
		{B4C8DA8D-D10A-4044-9DEA-AD757D7B4FEF}.CommunityServer2|Any CPU.Build.0 = Release|Any CPU
		{B4C8DA8D-D10A-4044-9DEA-AD757D7B4FEF}.CommunityServer2|Mixed Platforms.ActiveCfg = Release|Any CPU
		{B4C8DA8D-D10A-4044-9DEA-AD757D7B4FEF}.CommunityServer2|Mixed Platforms.Build.0 = Release|Any CPU
		{B4C8DA8D-D10A-4044-9DEA-AD757D7B4FEF}.Debug|.NET.ActiveCfg = Debug|Any CPU
		{B4C8DA8D-D10A-4044-9DEA-AD757D7B4FEF}.Debug|Any CPU.ActiveCfg = Debug|Any CPU
		{B4C8DA8D-D10A-4044-9DEA-AD757D7B4FEF}.Debug|Any CPU.Build.0 = Debug|Any CPU
		{B4C8DA8D-D10A-4044-9DEA-AD757D7B4FEF}.Debug|Mixed Platforms.ActiveCfg = Debug|Any CPU
		{B4C8DA8D-D10A-4044-9DEA-AD757D7B4FEF}.Debug|Mixed Platforms.Build.0 = Debug|Any CPU
		{B4C8DA8D-D10A-4044-9DEA-AD757D7B4FEF}.DebugReporting|.NET.ActiveCfg = Debug|Any CPU
		{B4C8DA8D-D10A-4044-9DEA-AD757D7B4FEF}.DebugReporting|Any CPU.ActiveCfg = Debug|Any CPU
		{B4C8DA8D-D10A-4044-9DEA-AD757D7B4FEF}.DebugReporting|Any CPU.Build.0 = Debug|Any CPU
		{B4C8DA8D-D10A-4044-9DEA-AD757D7B4FEF}.DebugReporting|Mixed Platforms.ActiveCfg = Debug|Any CPU
		{B4C8DA8D-D10A-4044-9DEA-AD757D7B4FEF}.DebugReporting|Mixed Platforms.Build.0 = Debug|Any CPU
		{B4C8DA8D-D10A-4044-9DEA-AD757D7B4FEF}.Debug-TRIAL|.NET.ActiveCfg = Debug|Any CPU
		{B4C8DA8D-D10A-4044-9DEA-AD757D7B4FEF}.Debug-TRIAL|Any CPU.ActiveCfg = Debug|Any CPU
		{B4C8DA8D-D10A-4044-9DEA-AD757D7B4FEF}.Debug-TRIAL|Any CPU.Build.0 = Debug|Any CPU
		{B4C8DA8D-D10A-4044-9DEA-AD757D7B4FEF}.Debug-TRIAL|Mixed Platforms.ActiveCfg = Debug|Any CPU
		{B4C8DA8D-D10A-4044-9DEA-AD757D7B4FEF}.Debug-TRIAL|Mixed Platforms.Build.0 = Debug|Any CPU
		{B4C8DA8D-D10A-4044-9DEA-AD757D7B4FEF}.Release|.NET.ActiveCfg = Release|Any CPU
		{B4C8DA8D-D10A-4044-9DEA-AD757D7B4FEF}.Release|Any CPU.ActiveCfg = Release|Any CPU
		{B4C8DA8D-D10A-4044-9DEA-AD757D7B4FEF}.Release|Any CPU.Build.0 = Release|Any CPU
		{B4C8DA8D-D10A-4044-9DEA-AD757D7B4FEF}.Release|Mixed Platforms.ActiveCfg = Release|Any CPU
		{B4C8DA8D-D10A-4044-9DEA-AD757D7B4FEF}.Release|Mixed Platforms.Build.0 = Release|Any CPU
		{B4C8DA8D-D10A-4044-9DEA-AD757D7B4FEF}.Release-TRIAL|.NET.ActiveCfg = Release|Any CPU
		{B4C8DA8D-D10A-4044-9DEA-AD757D7B4FEF}.Release-TRIAL|Any CPU.ActiveCfg = Release|Any CPU
		{B4C8DA8D-D10A-4044-9DEA-AD757D7B4FEF}.Release-TRIAL|Any CPU.Build.0 = Release|Any CPU
		{B4C8DA8D-D10A-4044-9DEA-AD757D7B4FEF}.Release-TRIAL|Mixed Platforms.ActiveCfg = Release|Any CPU
		{B4C8DA8D-D10A-4044-9DEA-AD757D7B4FEF}.Release-TRIAL|Mixed Platforms.Build.0 = Release|Any CPU
		{B4C8DA8D-D10A-4044-9DEA-AD757D7B4FEF}.Reporting|.NET.ActiveCfg = Release|Any CPU
		{B4C8DA8D-D10A-4044-9DEA-AD757D7B4FEF}.Reporting|Any CPU.ActiveCfg = Release|Any CPU
		{B4C8DA8D-D10A-4044-9DEA-AD757D7B4FEF}.Reporting|Any CPU.Build.0 = Release|Any CPU
		{B4C8DA8D-D10A-4044-9DEA-AD757D7B4FEF}.Reporting|Mixed Platforms.ActiveCfg = Release|Any CPU
		{B4C8DA8D-D10A-4044-9DEA-AD757D7B4FEF}.Reporting|Mixed Platforms.Build.0 = Release|Any CPU
		{7C47298A-61FE-48F4-BD2F-5F3870D0E020}.Atlas|.NET.ActiveCfg = Release|Any CPU
		{7C47298A-61FE-48F4-BD2F-5F3870D0E020}.Atlas|Any CPU.ActiveCfg = Release|Any CPU
		{7C47298A-61FE-48F4-BD2F-5F3870D0E020}.Atlas|Any CPU.Build.0 = Release|Any CPU
		{7C47298A-61FE-48F4-BD2F-5F3870D0E020}.Atlas|Mixed Platforms.ActiveCfg = Release|Any CPU
		{7C47298A-61FE-48F4-BD2F-5F3870D0E020}.Atlas|Mixed Platforms.Build.0 = Release|Any CPU
		{7C47298A-61FE-48F4-BD2F-5F3870D0E020}.CommunityServer2|.NET.ActiveCfg = Release|Any CPU
		{7C47298A-61FE-48F4-BD2F-5F3870D0E020}.CommunityServer2|Any CPU.ActiveCfg = Release|Any CPU
		{7C47298A-61FE-48F4-BD2F-5F3870D0E020}.CommunityServer2|Any CPU.Build.0 = Release|Any CPU
		{7C47298A-61FE-48F4-BD2F-5F3870D0E020}.CommunityServer2|Mixed Platforms.ActiveCfg = Release|Any CPU
		{7C47298A-61FE-48F4-BD2F-5F3870D0E020}.CommunityServer2|Mixed Platforms.Build.0 = Release|Any CPU
		{7C47298A-61FE-48F4-BD2F-5F3870D0E020}.Debug|.NET.ActiveCfg = Debug|Any CPU
		{7C47298A-61FE-48F4-BD2F-5F3870D0E020}.Debug|Any CPU.ActiveCfg = Debug|Any CPU
		{7C47298A-61FE-48F4-BD2F-5F3870D0E020}.Debug|Any CPU.Build.0 = Debug|Any CPU
		{7C47298A-61FE-48F4-BD2F-5F3870D0E020}.Debug|Mixed Platforms.ActiveCfg = Debug|Any CPU
		{7C47298A-61FE-48F4-BD2F-5F3870D0E020}.Debug|Mixed Platforms.Build.0 = Debug|Any CPU
		{7C47298A-61FE-48F4-BD2F-5F3870D0E020}.DebugReporting|.NET.ActiveCfg = Debug|Any CPU
		{7C47298A-61FE-48F4-BD2F-5F3870D0E020}.DebugReporting|Any CPU.ActiveCfg = Debug|Any CPU
		{7C47298A-61FE-48F4-BD2F-5F3870D0E020}.DebugReporting|Any CPU.Build.0 = Debug|Any CPU
		{7C47298A-61FE-48F4-BD2F-5F3870D0E020}.DebugReporting|Mixed Platforms.ActiveCfg = Debug|Any CPU
		{7C47298A-61FE-48F4-BD2F-5F3870D0E020}.DebugReporting|Mixed Platforms.Build.0 = Debug|Any CPU
		{7C47298A-61FE-48F4-BD2F-5F3870D0E020}.Debug-TRIAL|.NET.ActiveCfg = Debug|Any CPU
		{7C47298A-61FE-48F4-BD2F-5F3870D0E020}.Debug-TRIAL|Any CPU.ActiveCfg = Debug|Any CPU
		{7C47298A-61FE-48F4-BD2F-5F3870D0E020}.Debug-TRIAL|Any CPU.Build.0 = Debug|Any CPU
		{7C47298A-61FE-48F4-BD2F-5F3870D0E020}.Debug-TRIAL|Mixed Platforms.ActiveCfg = Debug|Any CPU
		{7C47298A-61FE-48F4-BD2F-5F3870D0E020}.Debug-TRIAL|Mixed Platforms.Build.0 = Debug|Any CPU
		{7C47298A-61FE-48F4-BD2F-5F3870D0E020}.Release|.NET.ActiveCfg = Release|Any CPU
		{7C47298A-61FE-48F4-BD2F-5F3870D0E020}.Release|Any CPU.ActiveCfg = Release|Any CPU
		{7C47298A-61FE-48F4-BD2F-5F3870D0E020}.Release|Any CPU.Build.0 = Release|Any CPU
		{7C47298A-61FE-48F4-BD2F-5F3870D0E020}.Release|Mixed Platforms.ActiveCfg = Release|Any CPU
		{7C47298A-61FE-48F4-BD2F-5F3870D0E020}.Release|Mixed Platforms.Build.0 = Release|Any CPU
		{7C47298A-61FE-48F4-BD2F-5F3870D0E020}.Release-TRIAL|.NET.ActiveCfg = Release|Any CPU
		{7C47298A-61FE-48F4-BD2F-5F3870D0E020}.Release-TRIAL|Any CPU.ActiveCfg = Release|Any CPU
		{7C47298A-61FE-48F4-BD2F-5F3870D0E020}.Release-TRIAL|Any CPU.Build.0 = Release|Any CPU
		{7C47298A-61FE-48F4-BD2F-5F3870D0E020}.Release-TRIAL|Mixed Platforms.ActiveCfg = Release|Any CPU
		{7C47298A-61FE-48F4-BD2F-5F3870D0E020}.Release-TRIAL|Mixed Platforms.Build.0 = Release|Any CPU
		{7C47298A-61FE-48F4-BD2F-5F3870D0E020}.Reporting|.NET.ActiveCfg = Release|Any CPU
		{7C47298A-61FE-48F4-BD2F-5F3870D0E020}.Reporting|Any CPU.ActiveCfg = Release|Any CPU
		{7C47298A-61FE-48F4-BD2F-5F3870D0E020}.Reporting|Any CPU.Build.0 = Release|Any CPU
		{7C47298A-61FE-48F4-BD2F-5F3870D0E020}.Reporting|Mixed Platforms.ActiveCfg = Release|Any CPU
		{7C47298A-61FE-48F4-BD2F-5F3870D0E020}.Reporting|Mixed Platforms.Build.0 = Release|Any CPU
		{600062EA-970D-4D9E-B216-C767EA9DB0DB}.Atlas|.NET.ActiveCfg = Release|Any CPU
		{600062EA-970D-4D9E-B216-C767EA9DB0DB}.Atlas|Any CPU.ActiveCfg = Release|Any CPU
		{600062EA-970D-4D9E-B216-C767EA9DB0DB}.Atlas|Any CPU.Build.0 = Release|Any CPU
		{600062EA-970D-4D9E-B216-C767EA9DB0DB}.Atlas|Mixed Platforms.ActiveCfg = Release|Any CPU
		{600062EA-970D-4D9E-B216-C767EA9DB0DB}.Atlas|Mixed Platforms.Build.0 = Release|Any CPU
		{600062EA-970D-4D9E-B216-C767EA9DB0DB}.CommunityServer2|.NET.ActiveCfg = Release|Any CPU
		{600062EA-970D-4D9E-B216-C767EA9DB0DB}.CommunityServer2|Any CPU.ActiveCfg = Release|Any CPU
		{600062EA-970D-4D9E-B216-C767EA9DB0DB}.CommunityServer2|Any CPU.Build.0 = Release|Any CPU
		{600062EA-970D-4D9E-B216-C767EA9DB0DB}.CommunityServer2|Mixed Platforms.ActiveCfg = Release|Any CPU
		{600062EA-970D-4D9E-B216-C767EA9DB0DB}.CommunityServer2|Mixed Platforms.Build.0 = Release|Any CPU
		{600062EA-970D-4D9E-B216-C767EA9DB0DB}.Debug|.NET.ActiveCfg = Debug|Any CPU
		{600062EA-970D-4D9E-B216-C767EA9DB0DB}.Debug|Any CPU.ActiveCfg = Debug|Any CPU
		{600062EA-970D-4D9E-B216-C767EA9DB0DB}.Debug|Any CPU.Build.0 = Debug|Any CPU
		{600062EA-970D-4D9E-B216-C767EA9DB0DB}.Debug|Mixed Platforms.ActiveCfg = Debug|Any CPU
		{600062EA-970D-4D9E-B216-C767EA9DB0DB}.Debug|Mixed Platforms.Build.0 = Debug|Any CPU
		{600062EA-970D-4D9E-B216-C767EA9DB0DB}.DebugReporting|.NET.ActiveCfg = Debug|Any CPU
		{600062EA-970D-4D9E-B216-C767EA9DB0DB}.DebugReporting|Any CPU.ActiveCfg = Debug|Any CPU
		{600062EA-970D-4D9E-B216-C767EA9DB0DB}.DebugReporting|Any CPU.Build.0 = Debug|Any CPU
		{600062EA-970D-4D9E-B216-C767EA9DB0DB}.DebugReporting|Mixed Platforms.ActiveCfg = Debug|Any CPU
		{600062EA-970D-4D9E-B216-C767EA9DB0DB}.DebugReporting|Mixed Platforms.Build.0 = Debug|Any CPU
		{600062EA-970D-4D9E-B216-C767EA9DB0DB}.Debug-TRIAL|.NET.ActiveCfg = Debug|Any CPU
		{600062EA-970D-4D9E-B216-C767EA9DB0DB}.Debug-TRIAL|Any CPU.ActiveCfg = Debug|Any CPU
		{600062EA-970D-4D9E-B216-C767EA9DB0DB}.Debug-TRIAL|Any CPU.Build.0 = Debug|Any CPU
		{600062EA-970D-4D9E-B216-C767EA9DB0DB}.Debug-TRIAL|Mixed Platforms.ActiveCfg = Debug|Any CPU
		{600062EA-970D-4D9E-B216-C767EA9DB0DB}.Debug-TRIAL|Mixed Platforms.Build.0 = Debug|Any CPU
		{600062EA-970D-4D9E-B216-C767EA9DB0DB}.Release|.NET.ActiveCfg = Release|Any CPU
		{600062EA-970D-4D9E-B216-C767EA9DB0DB}.Release|Any CPU.ActiveCfg = Release|Any CPU
		{600062EA-970D-4D9E-B216-C767EA9DB0DB}.Release|Any CPU.Build.0 = Release|Any CPU
		{600062EA-970D-4D9E-B216-C767EA9DB0DB}.Release|Mixed Platforms.ActiveCfg = Release|Any CPU
		{600062EA-970D-4D9E-B216-C767EA9DB0DB}.Release|Mixed Platforms.Build.0 = Release|Any CPU
		{600062EA-970D-4D9E-B216-C767EA9DB0DB}.Release-TRIAL|.NET.ActiveCfg = Release|Any CPU
		{600062EA-970D-4D9E-B216-C767EA9DB0DB}.Release-TRIAL|Any CPU.ActiveCfg = Release|Any CPU
		{600062EA-970D-4D9E-B216-C767EA9DB0DB}.Release-TRIAL|Any CPU.Build.0 = Release|Any CPU
		{600062EA-970D-4D9E-B216-C767EA9DB0DB}.Release-TRIAL|Mixed Platforms.ActiveCfg = Release|Any CPU
		{600062EA-970D-4D9E-B216-C767EA9DB0DB}.Release-TRIAL|Mixed Platforms.Build.0 = Release|Any CPU
		{600062EA-970D-4D9E-B216-C767EA9DB0DB}.Reporting|.NET.ActiveCfg = Release|Any CPU
		{600062EA-970D-4D9E-B216-C767EA9DB0DB}.Reporting|Any CPU.ActiveCfg = Release|Any CPU
		{600062EA-970D-4D9E-B216-C767EA9DB0DB}.Reporting|Any CPU.Build.0 = Release|Any CPU
		{600062EA-970D-4D9E-B216-C767EA9DB0DB}.Reporting|Mixed Platforms.ActiveCfg = Release|Any CPU
		{600062EA-970D-4D9E-B216-C767EA9DB0DB}.Reporting|Mixed Platforms.Build.0 = Release|Any CPU
		{666C22F0-FBD7-44A7-8C2F-320C1C238BBB}.Atlas|.NET.ActiveCfg = Release|Any CPU
		{666C22F0-FBD7-44A7-8C2F-320C1C238BBB}.Atlas|Any CPU.ActiveCfg = Release|Any CPU
		{666C22F0-FBD7-44A7-8C2F-320C1C238BBB}.Atlas|Any CPU.Build.0 = Release|Any CPU
		{666C22F0-FBD7-44A7-8C2F-320C1C238BBB}.Atlas|Mixed Platforms.ActiveCfg = Release|Any CPU
		{666C22F0-FBD7-44A7-8C2F-320C1C238BBB}.Atlas|Mixed Platforms.Build.0 = Release|Any CPU
		{666C22F0-FBD7-44A7-8C2F-320C1C238BBB}.CommunityServer2|.NET.ActiveCfg = Release|Any CPU
		{666C22F0-FBD7-44A7-8C2F-320C1C238BBB}.CommunityServer2|Any CPU.ActiveCfg = Release|Any CPU
		{666C22F0-FBD7-44A7-8C2F-320C1C238BBB}.CommunityServer2|Any CPU.Build.0 = Release|Any CPU
		{666C22F0-FBD7-44A7-8C2F-320C1C238BBB}.CommunityServer2|Mixed Platforms.ActiveCfg = Release|Any CPU
		{666C22F0-FBD7-44A7-8C2F-320C1C238BBB}.CommunityServer2|Mixed Platforms.Build.0 = Release|Any CPU
		{666C22F0-FBD7-44A7-8C2F-320C1C238BBB}.Debug|.NET.ActiveCfg = Debug|Any CPU
		{666C22F0-FBD7-44A7-8C2F-320C1C238BBB}.Debug|Any CPU.ActiveCfg = Debug|Any CPU
		{666C22F0-FBD7-44A7-8C2F-320C1C238BBB}.Debug|Any CPU.Build.0 = Debug|Any CPU
		{666C22F0-FBD7-44A7-8C2F-320C1C238BBB}.Debug|Mixed Platforms.ActiveCfg = Debug|Any CPU
		{666C22F0-FBD7-44A7-8C2F-320C1C238BBB}.Debug|Mixed Platforms.Build.0 = Debug|Any CPU
		{666C22F0-FBD7-44A7-8C2F-320C1C238BBB}.DebugReporting|.NET.ActiveCfg = Debug|Any CPU
		{666C22F0-FBD7-44A7-8C2F-320C1C238BBB}.DebugReporting|Any CPU.ActiveCfg = Debug|Any CPU
		{666C22F0-FBD7-44A7-8C2F-320C1C238BBB}.DebugReporting|Any CPU.Build.0 = Debug|Any CPU
		{666C22F0-FBD7-44A7-8C2F-320C1C238BBB}.DebugReporting|Mixed Platforms.ActiveCfg = Debug|Any CPU
		{666C22F0-FBD7-44A7-8C2F-320C1C238BBB}.DebugReporting|Mixed Platforms.Build.0 = Debug|Any CPU
		{666C22F0-FBD7-44A7-8C2F-320C1C238BBB}.Debug-TRIAL|.NET.ActiveCfg = Debug|Any CPU
		{666C22F0-FBD7-44A7-8C2F-320C1C238BBB}.Debug-TRIAL|Any CPU.ActiveCfg = Debug|Any CPU
		{666C22F0-FBD7-44A7-8C2F-320C1C238BBB}.Debug-TRIAL|Any CPU.Build.0 = Debug|Any CPU
		{666C22F0-FBD7-44A7-8C2F-320C1C238BBB}.Debug-TRIAL|Mixed Platforms.ActiveCfg = Debug|Any CPU
		{666C22F0-FBD7-44A7-8C2F-320C1C238BBB}.Debug-TRIAL|Mixed Platforms.Build.0 = Debug|Any CPU
		{666C22F0-FBD7-44A7-8C2F-320C1C238BBB}.Release|.NET.ActiveCfg = Release|Any CPU
		{666C22F0-FBD7-44A7-8C2F-320C1C238BBB}.Release|Any CPU.ActiveCfg = Release|Any CPU
		{666C22F0-FBD7-44A7-8C2F-320C1C238BBB}.Release|Any CPU.Build.0 = Release|Any CPU
		{666C22F0-FBD7-44A7-8C2F-320C1C238BBB}.Release|Mixed Platforms.ActiveCfg = Release|Any CPU
		{666C22F0-FBD7-44A7-8C2F-320C1C238BBB}.Release|Mixed Platforms.Build.0 = Release|Any CPU
		{666C22F0-FBD7-44A7-8C2F-320C1C238BBB}.Release-TRIAL|.NET.ActiveCfg = Release|Any CPU
		{666C22F0-FBD7-44A7-8C2F-320C1C238BBB}.Release-TRIAL|Any CPU.ActiveCfg = Release|Any CPU
		{666C22F0-FBD7-44A7-8C2F-320C1C238BBB}.Release-TRIAL|Any CPU.Build.0 = Release|Any CPU
		{666C22F0-FBD7-44A7-8C2F-320C1C238BBB}.Release-TRIAL|Mixed Platforms.ActiveCfg = Release|Any CPU
		{666C22F0-FBD7-44A7-8C2F-320C1C238BBB}.Release-TRIAL|Mixed Platforms.Build.0 = Release|Any CPU
		{666C22F0-FBD7-44A7-8C2F-320C1C238BBB}.Reporting|.NET.ActiveCfg = Release|Any CPU
		{666C22F0-FBD7-44A7-8C2F-320C1C238BBB}.Reporting|Any CPU.ActiveCfg = Release|Any CPU
		{666C22F0-FBD7-44A7-8C2F-320C1C238BBB}.Reporting|Any CPU.Build.0 = Release|Any CPU
		{666C22F0-FBD7-44A7-8C2F-320C1C238BBB}.Reporting|Mixed Platforms.ActiveCfg = Release|Any CPU
		{666C22F0-FBD7-44A7-8C2F-320C1C238BBB}.Reporting|Mixed Platforms.Build.0 = Release|Any CPU
		{C211E526-C875-4071-BA3B-DCB774C7F222}.Atlas|.NET.ActiveCfg = Release|Any CPU
		{C211E526-C875-4071-BA3B-DCB774C7F222}.Atlas|Any CPU.ActiveCfg = Release|Any CPU
		{C211E526-C875-4071-BA3B-DCB774C7F222}.Atlas|Any CPU.Build.0 = Release|Any CPU
		{C211E526-C875-4071-BA3B-DCB774C7F222}.Atlas|Mixed Platforms.ActiveCfg = Release|Any CPU
		{C211E526-C875-4071-BA3B-DCB774C7F222}.Atlas|Mixed Platforms.Build.0 = Release|Any CPU
		{C211E526-C875-4071-BA3B-DCB774C7F222}.CommunityServer2|.NET.ActiveCfg = Release|Any CPU
		{C211E526-C875-4071-BA3B-DCB774C7F222}.CommunityServer2|Any CPU.ActiveCfg = Release|Any CPU
		{C211E526-C875-4071-BA3B-DCB774C7F222}.CommunityServer2|Any CPU.Build.0 = Release|Any CPU
		{C211E526-C875-4071-BA3B-DCB774C7F222}.CommunityServer2|Mixed Platforms.ActiveCfg = Release|Any CPU
		{C211E526-C875-4071-BA3B-DCB774C7F222}.CommunityServer2|Mixed Platforms.Build.0 = Release|Any CPU
		{C211E526-C875-4071-BA3B-DCB774C7F222}.Debug|.NET.ActiveCfg = Debug|Any CPU
		{C211E526-C875-4071-BA3B-DCB774C7F222}.Debug|Any CPU.ActiveCfg = Debug|Any CPU
		{C211E526-C875-4071-BA3B-DCB774C7F222}.Debug|Any CPU.Build.0 = Debug|Any CPU
		{C211E526-C875-4071-BA3B-DCB774C7F222}.Debug|Mixed Platforms.ActiveCfg = Debug|Any CPU
		{C211E526-C875-4071-BA3B-DCB774C7F222}.Debug|Mixed Platforms.Build.0 = Debug|Any CPU
		{C211E526-C875-4071-BA3B-DCB774C7F222}.DebugReporting|.NET.ActiveCfg = Debug|Any CPU
		{C211E526-C875-4071-BA3B-DCB774C7F222}.DebugReporting|Any CPU.ActiveCfg = Debug|Any CPU
		{C211E526-C875-4071-BA3B-DCB774C7F222}.DebugReporting|Any CPU.Build.0 = Debug|Any CPU
		{C211E526-C875-4071-BA3B-DCB774C7F222}.DebugReporting|Mixed Platforms.ActiveCfg = Debug|Any CPU
		{C211E526-C875-4071-BA3B-DCB774C7F222}.DebugReporting|Mixed Platforms.Build.0 = Debug|Any CPU
		{C211E526-C875-4071-BA3B-DCB774C7F222}.Debug-TRIAL|.NET.ActiveCfg = Debug|Any CPU
		{C211E526-C875-4071-BA3B-DCB774C7F222}.Debug-TRIAL|Any CPU.ActiveCfg = Debug|Any CPU
		{C211E526-C875-4071-BA3B-DCB774C7F222}.Debug-TRIAL|Any CPU.Build.0 = Debug|Any CPU
		{C211E526-C875-4071-BA3B-DCB774C7F222}.Debug-TRIAL|Mixed Platforms.ActiveCfg = Debug|Any CPU
		{C211E526-C875-4071-BA3B-DCB774C7F222}.Debug-TRIAL|Mixed Platforms.Build.0 = Debug|Any CPU
		{C211E526-C875-4071-BA3B-DCB774C7F222}.Release|.NET.ActiveCfg = Release|Any CPU
		{C211E526-C875-4071-BA3B-DCB774C7F222}.Release|Any CPU.ActiveCfg = Release|Any CPU
		{C211E526-C875-4071-BA3B-DCB774C7F222}.Release|Any CPU.Build.0 = Release|Any CPU
		{C211E526-C875-4071-BA3B-DCB774C7F222}.Release|Mixed Platforms.ActiveCfg = Release|Any CPU
		{C211E526-C875-4071-BA3B-DCB774C7F222}.Release|Mixed Platforms.Build.0 = Release|Any CPU
		{C211E526-C875-4071-BA3B-DCB774C7F222}.Release-TRIAL|.NET.ActiveCfg = Release|Any CPU
		{C211E526-C875-4071-BA3B-DCB774C7F222}.Release-TRIAL|Any CPU.ActiveCfg = Release|Any CPU
		{C211E526-C875-4071-BA3B-DCB774C7F222}.Release-TRIAL|Any CPU.Build.0 = Release|Any CPU
		{C211E526-C875-4071-BA3B-DCB774C7F222}.Release-TRIAL|Mixed Platforms.ActiveCfg = Release|Any CPU
		{C211E526-C875-4071-BA3B-DCB774C7F222}.Release-TRIAL|Mixed Platforms.Build.0 = Release|Any CPU
		{C211E526-C875-4071-BA3B-DCB774C7F222}.Reporting|.NET.ActiveCfg = Release|Any CPU
		{C211E526-C875-4071-BA3B-DCB774C7F222}.Reporting|Any CPU.ActiveCfg = Release|Any CPU
		{C211E526-C875-4071-BA3B-DCB774C7F222}.Reporting|Any CPU.Build.0 = Release|Any CPU
		{C211E526-C875-4071-BA3B-DCB774C7F222}.Reporting|Mixed Platforms.ActiveCfg = Release|Any CPU
		{C211E526-C875-4071-BA3B-DCB774C7F222}.Reporting|Mixed Platforms.Build.0 = Release|Any CPU
	EndGlobalSection
	GlobalSection(SolutionProperties) = preSolution
		HideSolutionNode = FALSE
	EndGlobalSection
EndGlobal
