
Microsoft Visual Studio Solution File, Format Version 12.00
# Visual Studio 2012
Project("{FAE04EC0-301F-11D3-BF4B-00C04F79EFBC}") = "BalanceReaderClient", "BalanceReaderClient\BalanceReaderClient.csproj", "{45CA3286-792A-4EF3-AC24-B68C4065BAC4}"
EndProject
Project("{930C7802-8A8C-48F9-8165-68863BCCD9DD}") = "BalanceReaderClientSetup", "BalanceReaderClientSetup\BalanceReaderClientSetup.wixproj", "{2B3924E3-FC0D-47FF-854A-5C5850D58D14}"
EndProject
Global
	GlobalSection(SolutionConfigurationPlatforms) = preSolution
		Debug|Any CPU = Debug|Any CPU
		Debug|Mixed Platforms = Debug|Mixed Platforms
		Debug|x86 = Debug|x86
		Release|Any CPU = Release|Any CPU
		Release|Mixed Platforms = Release|Mixed Platforms
		Release|x86 = Release|x86
	EndGlobalSection
	GlobalSection(ProjectConfigurationPlatforms) = postSolution
		{45CA3286-792A-4EF3-AC24-B68C4065BAC4}.Debug|Any CPU.ActiveCfg = Debug|Any CPU
		{45CA3286-792A-4EF3-AC24-B68C4065BAC4}.Debug|Any CPU.Build.0 = Debug|Any CPU
		{45CA3286-792A-4EF3-AC24-B68C4065BAC4}.Debug|Mixed Platforms.ActiveCfg = Debug|Any CPU
		{45CA3286-792A-4EF3-AC24-B68C4065BAC4}.Debug|Mixed Platforms.Build.0 = Debug|Any CPU
		{45CA3286-792A-4EF3-AC24-B68C4065BAC4}.Debug|x86.ActiveCfg = Debug|Any CPU
		{45CA3286-792A-4EF3-AC24-B68C4065BAC4}.Release|Any CPU.ActiveCfg = Release|Any CPU
		{45CA3286-792A-4EF3-AC24-B68C4065BAC4}.Release|Any CPU.Build.0 = Release|Any CPU
		{45CA3286-792A-4EF3-AC24-B68C4065BAC4}.Release|Mixed Platforms.ActiveCfg = Release|Any CPU
		{45CA3286-792A-4EF3-AC24-B68C4065BAC4}.Release|Mixed Platforms.Build.0 = Release|Any CPU
		{45CA3286-792A-4EF3-AC24-B68C4065BAC4}.Release|x86.ActiveCfg = Release|Any CPU
		{2B3924E3-FC0D-47FF-854A-5C5850D58D14}.Debug|Any CPU.ActiveCfg = Debug|x86
		{2B3924E3-FC0D-47FF-854A-5C5850D58D14}.Debug|Mixed Platforms.ActiveCfg = Debug|x86
		{2B3924E3-FC0D-47FF-854A-5C5850D58D14}.Debug|Mixed Platforms.Build.0 = Debug|x86
		{2B3924E3-FC0D-47FF-854A-5C5850D58D14}.Debug|x86.ActiveCfg = Debug|x86
		{2B3924E3-FC0D-47FF-854A-5C5850D58D14}.Debug|x86.Build.0 = Debug|x86
		{2B3924E3-FC0D-47FF-854A-5C5850D58D14}.Release|Any CPU.ActiveCfg = Release|x86
		{2B3924E3-FC0D-47FF-854A-5C5850D58D14}.Release|Mixed Platforms.ActiveCfg = Release|x86
		{2B3924E3-FC0D-47FF-854A-5C5850D58D14}.Release|Mixed Platforms.Build.0 = Release|x86
		{2B3924E3-FC0D-47FF-854A-5C5850D58D14}.Release|x86.ActiveCfg = Release|x86
		{2B3924E3-FC0D-47FF-854A-5C5850D58D14}.Release|x86.Build.0 = Release|x86
	EndGlobalSection
	GlobalSection(SolutionProperties) = preSolution
		HideSolutionNode = FALSE
	EndGlobalSection
EndGlobal
